{
  "version": 4,
  "terraform_version": "1.0.9",
  "serial": 635,
  "lineage": "c1fcc1ca-9519-20e9-6f03-39729e4b9ee2",
  "outputs": {
    "unit_name": {
      "value": {
        "a": "20.108.247.140",
        "b": "20.108.242.129",
        "c": "20.108.247.86",
        "d": "20.108.241.163",
        "e": "20.108.247.100",
        "f": "20.108.247.151",
        "g": "20.108.247.91",
        "h": "20.108.247.136",
        "i": "20.108.247.111",
        "j": "20.108.247.96"
      },
      "type": [
        "map",
        "string"
      ]
    }
  },
  "resources": [
    {
      "module": "module.main[\"a\"]",
      "mode": "data",
      "type": "azurerm_resource_group",
      "name": "main",
      "provider": "provider[\"registry.terraform.io/hashicorp/azurerm\"]",
      "instances": [
        {
          "schema_version": 0,
          "attributes": {
            "id": "/subscriptions/6a1c9c00-ef6b-4bbf-a3f1-ca2c019f31e9/resourceGroups/krishangs_resource",
            "location": "uksouth",
            "name": "krishangs_resource",
            "tags": {},
            "timeouts": null
          },
          "sensitive_attributes": []
        }
      ]
    },
    {
      "module": "module.main[\"a\"]",
      "mode": "managed",
      "type": "azurerm_network_interface",
      "name": "main",
      "provider": "provider[\"registry.terraform.io/hashicorp/azurerm\"]",
      "instances": [
        {
          "schema_version": 0,
          "attributes": {
            "applied_dns_servers": [],
            "dns_servers": [],
            "enable_accelerated_networking": false,
            "enable_ip_forwarding": false,
            "id": "/subscriptions/6a1c9c00-ef6b-4bbf-a3f1-ca2c019f31e9/resourceGroups/krishangs_resource/providers/Microsoft.Network/networkInterfaces/pinetest-a-network",
            "internal_dns_name_label": "",
            "internal_domain_name_suffix": "narsdisk1z3edcljagbhr5w2xd.zx.internal.cloudapp.net",
            "ip_configuration": [
              {
                "gateway_load_balancer_frontend_ip_configuration_id": "",
                "name": "pinetest-a-ipconfig",
                "primary": true,
                "private_ip_address": "10.0.0.4",
                "private_ip_address_allocation": "Dynamic",
                "private_ip_address_version": "IPv4",
                "public_ip_address_id": "/subscriptions/6a1c9c00-ef6b-4bbf-a3f1-ca2c019f31e9/resourceGroups/krishangs_resource/providers/Microsoft.Network/publicIPAddresses/pinetest-a-ip",
                "subnet_id": "/subscriptions/6a1c9c00-ef6b-4bbf-a3f1-ca2c019f31e9/resourceGroups/krishangs_resource/providers/Microsoft.Network/virtualNetworks/pinetest-a-vnet/subnets/pinetest-a-subnet"
              }
            ],
            "location": "uksouth",
            "mac_address": "",
            "name": "pinetest-a-network",
            "private_ip_address": "10.0.0.4",
            "private_ip_addresses": [
              "10.0.0.4"
            ],
            "resource_group_name": "krishangs_resource",
            "tags": null,
            "timeouts": null,
            "virtual_machine_id": ""
          },
          "sensitive_attributes": [],
          "private": "eyJlMmJmYjczMC1lY2FhLTExZTYtOGY4OC0zNDM2M2JjN2M0YzAiOnsiY3JlYXRlIjoxODAwMDAwMDAwMDAwLCJkZWxldGUiOjE4MDAwMDAwMDAwMDAsInJlYWQiOjMwMDAwMDAwMDAwMCwidXBkYXRlIjoxODAwMDAwMDAwMDAwfX0=",
          "dependencies": [
            "module.main.azurerm_public_ip.main",
            "module.main.azurerm_subnet.subnet",
            "module.main.azurerm_virtual_network.main"
          ]
        }
      ]
    },
    {
      "module": "module.main[\"a\"]",
      "mode": "managed",
      "type": "azurerm_network_security_group",
      "name": "main",
      "provider": "provider[\"registry.terraform.io/hashicorp/azurerm\"]",
      "instances": [
        {
          "schema_version": 0,
          "attributes": {
            "id": "/subscriptions/6a1c9c00-ef6b-4bbf-a3f1-ca2c019f31e9/resourceGroups/krishangs_resource/providers/Microsoft.Network/networkSecurityGroups/pinetest-a",
            "location": "uksouth",
            "name": "pinetest-a",
            "resource_group_name": "krishangs_resource",
            "security_rule": [
              {
                "access": "Allow",
                "description": "",
                "destination_address_prefix": "*",
                "destination_address_prefixes": [],
                "destination_application_security_group_ids": [],
                "destination_port_range": "22",
                "destination_port_ranges": [],
                "direction": "Inbound",
                "name": "SSH",
                "priority": 101,
                "protocol": "Tcp",
                "source_address_prefix": "*",
                "source_address_prefixes": [],
                "source_application_security_group_ids": [],
                "source_port_range": "*",
                "source_port_ranges": []
              },
              {
                "access": "Allow",
                "description": "",
                "destination_address_prefix": "*",
                "destination_address_prefixes": [],
                "destination_application_security_group_ids": [],
                "destination_port_range": "80",
                "destination_port_ranges": [],
                "direction": "Inbound",
                "name": "HTTP",
                "priority": 100,
                "protocol": "Tcp",
                "source_address_prefix": "*",
                "source_address_prefixes": [],
                "source_application_security_group_ids": [],
                "source_port_range": "*",
                "source_port_ranges": []
              }
            ],
            "tags": null,
            "timeouts": null
          },
          "sensitive_attributes": [],
          "private": "eyJlMmJmYjczMC1lY2FhLTExZTYtOGY4OC0zNDM2M2JjN2M0YzAiOnsiY3JlYXRlIjoxODAwMDAwMDAwMDAwLCJkZWxldGUiOjE4MDAwMDAwMDAwMDAsInJlYWQiOjMwMDAwMDAwMDAwMCwidXBkYXRlIjoxODAwMDAwMDAwMDAwfX0="
        }
      ]
    },
    {
      "module": "module.main[\"a\"]",
      "mode": "managed",
      "type": "azurerm_public_ip",
      "name": "main",
      "provider": "provider[\"registry.terraform.io/hashicorp/azurerm\"]",
      "instances": [
        {
          "schema_version": 0,
          "attributes": {
            "allocation_method": "Static",
            "availability_zone": "No-Zone",
            "domain_name_label": "pinetest-a",
            "fqdn": "pinetest-a.uksouth.cloudapp.azure.com",
            "id": "/subscriptions/6a1c9c00-ef6b-4bbf-a3f1-ca2c019f31e9/resourceGroups/krishangs_resource/providers/Microsoft.Network/publicIPAddresses/pinetest-a-ip",
            "idle_timeout_in_minutes": 4,
            "ip_address": "20.117.85.43",
            "ip_tags": null,
            "ip_version": "IPv4",
            "location": "uksouth",
            "name": "pinetest-a-ip",
            "public_ip_prefix_id": null,
            "resource_group_name": "krishangs_resource",
            "reverse_fqdn": "",
            "sku": "Basic",
            "sku_tier": "Regional",
            "tags": null,
            "timeouts": null,
            "zones": []
          },
          "sensitive_attributes": [],
          "private": "eyJlMmJmYjczMC1lY2FhLTExZTYtOGY4OC0zNDM2M2JjN2M0YzAiOnsiY3JlYXRlIjoxODAwMDAwMDAwMDAwLCJkZWxldGUiOjE4MDAwMDAwMDAwMDAsInJlYWQiOjMwMDAwMDAwMDAwMCwidXBkYXRlIjoxODAwMDAwMDAwMDAwfX0="
        }
      ]
    },
    {
      "module": "module.main[\"a\"]",
      "mode": "managed",
      "type": "azurerm_subnet",
      "name": "subnet",
      "provider": "provider[\"registry.terraform.io/hashicorp/azurerm\"]",
      "instances": [
        {
          "schema_version": 0,
          "attributes": {
            "address_prefix": "10.0.0.0/24",
            "address_prefixes": [
              "10.0.0.0/24"
            ],
            "delegation": [],
            "enforce_private_link_endpoint_network_policies": false,
            "enforce_private_link_service_network_policies": false,
            "id": "/subscriptions/6a1c9c00-ef6b-4bbf-a3f1-ca2c019f31e9/resourceGroups/krishangs_resource/providers/Microsoft.Network/virtualNetworks/pinetest-a-vnet/subnets/pinetest-a-subnet",
            "name": "pinetest-a-subnet",
            "resource_group_name": "krishangs_resource",
            "service_endpoint_policy_ids": null,
            "service_endpoints": null,
            "timeouts": null,
            "virtual_network_name": "pinetest-a-vnet"
          },
          "sensitive_attributes": [],
          "private": "eyJlMmJmYjczMC1lY2FhLTExZTYtOGY4OC0zNDM2M2JjN2M0YzAiOnsiY3JlYXRlIjoxODAwMDAwMDAwMDAwLCJkZWxldGUiOjE4MDAwMDAwMDAwMDAsInJlYWQiOjMwMDAwMDAwMDAwMCwidXBkYXRlIjoxODAwMDAwMDAwMDAwfX0=",
          "dependencies": [
            "module.main.azurerm_virtual_network.main"
          ]
        }
      ]
    },
    {
      "module": "module.main[\"a\"]",
      "mode": "managed",
      "type": "azurerm_virtual_machine",
      "name": "site",
      "provider": "provider[\"registry.terraform.io/hashicorp/azurerm\"]",
      "instances": [
        {
          "schema_version": 0,
          "attributes": {
            "additional_capabilities": [],
            "availability_set_id": null,
            "boot_diagnostics": [],
            "delete_data_disks_on_termination": false,
            "delete_os_disk_on_termination": true,
            "id": "/subscriptions/6a1c9c00-ef6b-4bbf-a3f1-ca2c019f31e9/resourceGroups/krishangs_resource/providers/Microsoft.Compute/virtualMachines/pinetest-a-site",
            "identity": [],
            "license_type": null,
            "location": "uksouth",
            "name": "pinetest-a-site",
            "network_interface_ids": [
              "/subscriptions/6a1c9c00-ef6b-4bbf-a3f1-ca2c019f31e9/resourceGroups/krishangs_resource/providers/Microsoft.Network/networkInterfaces/pinetest-a-network"
            ],
            "os_profile": [
              {
                "admin_password": "",
                "admin_username": "testuser",
                "computer_name": "pinetest",
                "custom_data": ""
              }
            ],
            "os_profile_linux_config": [
              {
                "disable_password_authentication": false,
                "ssh_keys": []
              }
            ],
            "os_profile_secrets": [],
            "os_profile_windows_config": [],
            "plan": [],
            "primary_network_interface_id": null,
            "proximity_placement_group_id": null,
            "resource_group_name": "krishangs_resource",
            "storage_data_disk": [],
            "storage_image_reference": [
              {
                "id": "",
                "offer": "UbuntuServer",
                "publisher": "Canonical",
                "sku": "18.04-LTS",
                "version": "latest"
              }
            ],
            "storage_os_disk": [
              {
                "caching": "ReadWrite",
                "create_option": "FromImage",
                "disk_size_gb": 30,
                "image_uri": "",
                "managed_disk_id": "/subscriptions/6a1c9c00-ef6b-4bbf-a3f1-ca2c019f31e9/resourceGroups/krishangs_resource/providers/Microsoft.Compute/disks/pinetest-a-osdisk",
                "managed_disk_type": "Standard_LRS",
                "name": "pinetest-a-osdisk",
                "os_type": "Linux",
                "vhd_uri": "",
                "write_accelerator_enabled": false
              }
            ],
            "tags": null,
            "timeouts": null,
            "vm_size": "Standard_A2_v2",
            "zones": null
          },
          "sensitive_attributes": [],
          "private": "eyJlMmJmYjczMC1lY2FhLTExZTYtOGY4OC0zNDM2M2JjN2M0YzAiOnsiY3JlYXRlIjozNjAwMDAwMDAwMDAwLCJkZWxldGUiOjM2MDAwMDAwMDAwMDAsInJlYWQiOjMwMDAwMDAwMDAwMCwidXBkYXRlIjozNjAwMDAwMDAwMDAwfX0=",
          "dependencies": [
            "module.main.azurerm_network_interface.main",
            "module.main.azurerm_public_ip.main",
            "module.main.azurerm_subnet.subnet",
            "module.main.azurerm_virtual_network.main"
          ]
        }
      ]
    },
    {
      "module": "module.main[\"a\"]",
      "mode": "managed",
      "type": "azurerm_virtual_network",
      "name": "main",
      "provider": "provider[\"registry.terraform.io/hashicorp/azurerm\"]",
      "instances": [
        {
          "schema_version": 0,
          "attributes": {
            "address_space": [
              "10.0.0.0/16"
            ],
            "bgp_community": "",
            "ddos_protection_plan": [],
            "dns_servers": [],
            "flow_timeout_in_minutes": 0,
            "guid": "a2212368-de4a-417a-8969-018278fedcbb",
            "id": "/subscriptions/6a1c9c00-ef6b-4bbf-a3f1-ca2c019f31e9/resourceGroups/krishangs_resource/providers/Microsoft.Network/virtualNetworks/pinetest-a-vnet",
            "location": "uksouth",
            "name": "pinetest-a-vnet",
            "resource_group_name": "krishangs_resource",
            "subnet": [],
            "tags": null,
            "timeouts": null,
            "vm_protection_enabled": false
          },
          "sensitive_attributes": [],
          "private": "eyJlMmJmYjczMC1lY2FhLTExZTYtOGY4OC0zNDM2M2JjN2M0YzAiOnsiY3JlYXRlIjoxODAwMDAwMDAwMDAwLCJkZWxldGUiOjE4MDAwMDAwMDAwMDAsInJlYWQiOjMwMDAwMDAwMDAwMCwidXBkYXRlIjoxODAwMDAwMDAwMDAwfX0="
        }
      ]
    },
    {
      "module": "module.main[\"b\"]",
      "mode": "data",
      "type": "azurerm_resource_group",
      "name": "main",
      "provider": "provider[\"registry.terraform.io/hashicorp/azurerm\"]",
      "instances": [
        {
          "schema_version": 0,
          "attributes": {
            "id": "/subscriptions/6a1c9c00-ef6b-4bbf-a3f1-ca2c019f31e9/resourceGroups/krishangs_resource",
            "location": "uksouth",
            "name": "krishangs_resource",
            "tags": {},
            "timeouts": null
          },
          "sensitive_attributes": []
        }
      ]
    },
    {
      "module": "module.main[\"b\"]",
      "mode": "managed",
      "type": "azurerm_network_interface",
      "name": "main",
      "provider": "provider[\"registry.terraform.io/hashicorp/azurerm\"]",
      "instances": [
        {
          "schema_version": 0,
          "attributes": {
            "applied_dns_servers": [],
            "dns_servers": [],
            "enable_accelerated_networking": false,
            "enable_ip_forwarding": false,
            "id": "/subscriptions/6a1c9c00-ef6b-4bbf-a3f1-ca2c019f31e9/resourceGroups/krishangs_resource/providers/Microsoft.Network/networkInterfaces/pinetest-b-network",
            "internal_dns_name_label": "",
            "internal_domain_name_suffix": "0ywebcxoj3jetiunz14syk1kpa.zx.internal.cloudapp.net",
            "ip_configuration": [
              {
                "gateway_load_balancer_frontend_ip_configuration_id": "",
                "name": "pinetest-b-ipconfig",
                "primary": true,
                "private_ip_address": "10.0.0.4",
                "private_ip_address_allocation": "Dynamic",
                "private_ip_address_version": "IPv4",
                "public_ip_address_id": "/subscriptions/6a1c9c00-ef6b-4bbf-a3f1-ca2c019f31e9/resourceGroups/krishangs_resource/providers/Microsoft.Network/publicIPAddresses/pinetest-b-ip",
                "subnet_id": "/subscriptions/6a1c9c00-ef6b-4bbf-a3f1-ca2c019f31e9/resourceGroups/krishangs_resource/providers/Microsoft.Network/virtualNetworks/pinetest-b-vnet/subnets/pinetest-b-subnet"
              }
            ],
            "location": "uksouth",
            "mac_address": "",
            "name": "pinetest-b-network",
            "private_ip_address": "10.0.0.4",
            "private_ip_addresses": [
              "10.0.0.4"
            ],
            "resource_group_name": "krishangs_resource",
            "tags": null,
            "timeouts": null,
            "virtual_machine_id": ""
          },
          "sensitive_attributes": [],
          "private": "eyJlMmJmYjczMC1lY2FhLTExZTYtOGY4OC0zNDM2M2JjN2M0YzAiOnsiY3JlYXRlIjoxODAwMDAwMDAwMDAwLCJkZWxldGUiOjE4MDAwMDAwMDAwMDAsInJlYWQiOjMwMDAwMDAwMDAwMCwidXBkYXRlIjoxODAwMDAwMDAwMDAwfX0=",
          "dependencies": [
            "module.main.azurerm_public_ip.main",
            "module.main.azurerm_subnet.subnet",
            "module.main.azurerm_virtual_network.main"
          ]
        }
      ]
    },
    {
      "module": "module.main[\"b\"]",
      "mode": "managed",
      "type": "azurerm_network_security_group",
      "name": "main",
      "provider": "provider[\"registry.terraform.io/hashicorp/azurerm\"]",
      "instances": [
        {
          "schema_version": 0,
          "attributes": {
            "id": "/subscriptions/6a1c9c00-ef6b-4bbf-a3f1-ca2c019f31e9/resourceGroups/krishangs_resource/providers/Microsoft.Network/networkSecurityGroups/pinetest-b",
            "location": "uksouth",
            "name": "pinetest-b",
            "resource_group_name": "krishangs_resource",
            "security_rule": [
              {
                "access": "Allow",
                "description": "",
                "destination_address_prefix": "*",
                "destination_address_prefixes": [],
                "destination_application_security_group_ids": [],
                "destination_port_range": "22",
                "destination_port_ranges": [],
                "direction": "Inbound",
                "name": "SSH",
                "priority": 101,
                "protocol": "Tcp",
                "source_address_prefix": "*",
                "source_address_prefixes": [],
                "source_application_security_group_ids": [],
                "source_port_range": "*",
                "source_port_ranges": []
              },
              {
                "access": "Allow",
                "description": "",
                "destination_address_prefix": "*",
                "destination_address_prefixes": [],
                "destination_application_security_group_ids": [],
                "destination_port_range": "80",
                "destination_port_ranges": [],
                "direction": "Inbound",
                "name": "HTTP",
                "priority": 100,
                "protocol": "Tcp",
                "source_address_prefix": "*",
                "source_address_prefixes": [],
                "source_application_security_group_ids": [],
                "source_port_range": "*",
                "source_port_ranges": []
              }
            ],
            "tags": null,
            "timeouts": null
          },
          "sensitive_attributes": [],
          "private": "eyJlMmJmYjczMC1lY2FhLTExZTYtOGY4OC0zNDM2M2JjN2M0YzAiOnsiY3JlYXRlIjoxODAwMDAwMDAwMDAwLCJkZWxldGUiOjE4MDAwMDAwMDAwMDAsInJlYWQiOjMwMDAwMDAwMDAwMCwidXBkYXRlIjoxODAwMDAwMDAwMDAwfX0="
        }
      ]
    },
    {
      "module": "module.main[\"b\"]",
      "mode": "managed",
      "type": "azurerm_public_ip",
      "name": "main",
      "provider": "provider[\"registry.terraform.io/hashicorp/azurerm\"]",
      "instances": [
        {
          "schema_version": 0,
          "attributes": {
            "allocation_method": "Static",
            "availability_zone": "No-Zone",
            "domain_name_label": "pinetest-b",
            "fqdn": "pinetest-b.uksouth.cloudapp.azure.com",
            "id": "/subscriptions/6a1c9c00-ef6b-4bbf-a3f1-ca2c019f31e9/resourceGroups/krishangs_resource/providers/Microsoft.Network/publicIPAddresses/pinetest-b-ip",
            "idle_timeout_in_minutes": 4,
            "ip_address": "20.117.87.4",
            "ip_tags": null,
            "ip_version": "IPv4",
            "location": "uksouth",
            "name": "pinetest-b-ip",
            "public_ip_prefix_id": null,
            "resource_group_name": "krishangs_resource",
            "reverse_fqdn": "",
            "sku": "Basic",
            "sku_tier": "Regional",
            "tags": null,
            "timeouts": null,
            "zones": []
          },
          "sensitive_attributes": [],
          "private": "eyJlMmJmYjczMC1lY2FhLTExZTYtOGY4OC0zNDM2M2JjN2M0YzAiOnsiY3JlYXRlIjoxODAwMDAwMDAwMDAwLCJkZWxldGUiOjE4MDAwMDAwMDAwMDAsInJlYWQiOjMwMDAwMDAwMDAwMCwidXBkYXRlIjoxODAwMDAwMDAwMDAwfX0="
        }
      ]
    },
    {
      "module": "module.main[\"b\"]",
      "mode": "managed",
      "type": "azurerm_subnet",
      "name": "subnet",
      "provider": "provider[\"registry.terraform.io/hashicorp/azurerm\"]",
      "instances": [
        {
          "schema_version": 0,
          "attributes": {
            "address_prefix": "10.0.0.0/24",
            "address_prefixes": [
              "10.0.0.0/24"
            ],
            "delegation": [],
            "enforce_private_link_endpoint_network_policies": false,
            "enforce_private_link_service_network_policies": false,
            "id": "/subscriptions/6a1c9c00-ef6b-4bbf-a3f1-ca2c019f31e9/resourceGroups/krishangs_resource/providers/Microsoft.Network/virtualNetworks/pinetest-b-vnet/subnets/pinetest-b-subnet",
            "name": "pinetest-b-subnet",
            "resource_group_name": "krishangs_resource",
            "service_endpoint_policy_ids": null,
            "service_endpoints": null,
            "timeouts": null,
            "virtual_network_name": "pinetest-b-vnet"
          },
          "sensitive_attributes": [],
          "private": "eyJlMmJmYjczMC1lY2FhLTExZTYtOGY4OC0zNDM2M2JjN2M0YzAiOnsiY3JlYXRlIjoxODAwMDAwMDAwMDAwLCJkZWxldGUiOjE4MDAwMDAwMDAwMDAsInJlYWQiOjMwMDAwMDAwMDAwMCwidXBkYXRlIjoxODAwMDAwMDAwMDAwfX0=",
          "dependencies": [
            "module.main.azurerm_virtual_network.main"
          ]
        }
      ]
    },
    {
      "module": "module.main[\"b\"]",
      "mode": "managed",
      "type": "azurerm_virtual_machine",
      "name": "site",
      "provider": "provider[\"registry.terraform.io/hashicorp/azurerm\"]",
      "instances": [
        {
          "schema_version": 0,
          "attributes": {
            "additional_capabilities": [],
            "availability_set_id": null,
            "boot_diagnostics": [],
            "delete_data_disks_on_termination": false,
            "delete_os_disk_on_termination": true,
            "id": "/subscriptions/6a1c9c00-ef6b-4bbf-a3f1-ca2c019f31e9/resourceGroups/krishangs_resource/providers/Microsoft.Compute/virtualMachines/pinetest-b-site",
            "identity": [],
            "license_type": null,
            "location": "uksouth",
            "name": "pinetest-b-site",
            "network_interface_ids": [
              "/subscriptions/6a1c9c00-ef6b-4bbf-a3f1-ca2c019f31e9/resourceGroups/krishangs_resource/providers/Microsoft.Network/networkInterfaces/pinetest-b-network"
            ],
            "os_profile": [
              {
                "admin_password": "",
                "admin_username": "testuser",
                "computer_name": "pinetest",
                "custom_data": ""
              }
            ],
            "os_profile_linux_config": [
              {
                "disable_password_authentication": false,
                "ssh_keys": []
              }
            ],
            "os_profile_secrets": [],
            "os_profile_windows_config": [],
            "plan": [],
            "primary_network_interface_id": null,
            "proximity_placement_group_id": null,
            "resource_group_name": "krishangs_resource",
            "storage_data_disk": [],
            "storage_image_reference": [
              {
                "id": "",
                "offer": "UbuntuServer",
                "publisher": "Canonical",
                "sku": "18.04-LTS",
                "version": "latest"
              }
            ],
            "storage_os_disk": [
              {
                "caching": "ReadWrite",
                "create_option": "FromImage",
                "disk_size_gb": 30,
                "image_uri": "",
                "managed_disk_id": "/subscriptions/6a1c9c00-ef6b-4bbf-a3f1-ca2c019f31e9/resourceGroups/krishangs_resource/providers/Microsoft.Compute/disks/pinetest-b-osdisk",
                "managed_disk_type": "Standard_LRS",
                "name": "pinetest-b-osdisk",
                "os_type": "Linux",
                "vhd_uri": "",
                "write_accelerator_enabled": false
              }
            ],
            "tags": null,
            "timeouts": null,
            "vm_size": "Standard_A2_v2",
            "zones": null
          },
          "sensitive_attributes": [],
          "private": "eyJlMmJmYjczMC1lY2FhLTExZTYtOGY4OC0zNDM2M2JjN2M0YzAiOnsiY3JlYXRlIjozNjAwMDAwMDAwMDAwLCJkZWxldGUiOjM2MDAwMDAwMDAwMDAsInJlYWQiOjMwMDAwMDAwMDAwMCwidXBkYXRlIjozNjAwMDAwMDAwMDAwfX0=",
          "dependencies": [
            "module.main.azurerm_network_interface.main",
            "module.main.azurerm_public_ip.main",
            "module.main.azurerm_subnet.subnet",
            "module.main.azurerm_virtual_network.main"
          ]
        }
      ]
    },
    {
      "module": "module.main[\"b\"]",
      "mode": "managed",
      "type": "azurerm_virtual_network",
      "name": "main",
      "provider": "provider[\"registry.terraform.io/hashicorp/azurerm\"]",
      "instances": [
        {
          "schema_version": 0,
          "attributes": {
            "address_space": [
              "10.0.0.0/16"
            ],
            "bgp_community": "",
            "ddos_protection_plan": [],
            "dns_servers": [],
            "flow_timeout_in_minutes": 0,
            "guid": "8a402cd6-4fee-4952-a28d-cefd2c2b6a78",
            "id": "/subscriptions/6a1c9c00-ef6b-4bbf-a3f1-ca2c019f31e9/resourceGroups/krishangs_resource/providers/Microsoft.Network/virtualNetworks/pinetest-b-vnet",
            "location": "uksouth",
            "name": "pinetest-b-vnet",
            "resource_group_name": "krishangs_resource",
            "subnet": [],
            "tags": null,
            "timeouts": null,
            "vm_protection_enabled": false
          },
          "sensitive_attributes": [],
          "private": "eyJlMmJmYjczMC1lY2FhLTExZTYtOGY4OC0zNDM2M2JjN2M0YzAiOnsiY3JlYXRlIjoxODAwMDAwMDAwMDAwLCJkZWxldGUiOjE4MDAwMDAwMDAwMDAsInJlYWQiOjMwMDAwMDAwMDAwMCwidXBkYXRlIjoxODAwMDAwMDAwMDAwfX0="
        }
      ]
    },
    {
      "module": "module.main[\"c\"]",
      "mode": "data",
      "type": "azurerm_resource_group",
      "name": "main",
      "provider": "provider[\"registry.terraform.io/hashicorp/azurerm\"]",
      "instances": [
        {
          "schema_version": 0,
          "attributes": {
            "id": "/subscriptions/6a1c9c00-ef6b-4bbf-a3f1-ca2c019f31e9/resourceGroups/krishangs_resource",
            "location": "uksouth",
            "name": "krishangs_resource",
            "tags": {},
            "timeouts": null
          },
          "sensitive_attributes": []
        }
      ]
    },
    {
      "module": "module.main[\"c\"]",
      "mode": "managed",
      "type": "azurerm_network_interface",
      "name": "main",
      "provider": "provider[\"registry.terraform.io/hashicorp/azurerm\"]",
      "instances": [
        {
          "schema_version": 0,
          "attributes": {
            "applied_dns_servers": [],
            "dns_servers": [],
            "enable_accelerated_networking": false,
            "enable_ip_forwarding": false,
            "id": "/subscriptions/6a1c9c00-ef6b-4bbf-a3f1-ca2c019f31e9/resourceGroups/krishangs_resource/providers/Microsoft.Network/networkInterfaces/pinetest-c-network",
            "internal_dns_name_label": "",
            "internal_domain_name_suffix": "uamq5aiz3bhefick12auibwrgh.zx.internal.cloudapp.net",
            "ip_configuration": [
              {
                "gateway_load_balancer_frontend_ip_configuration_id": "",
                "name": "pinetest-c-ipconfig",
                "primary": true,
                "private_ip_address": "10.0.0.4",
                "private_ip_address_allocation": "Dynamic",
                "private_ip_address_version": "IPv4",
                "public_ip_address_id": "/subscriptions/6a1c9c00-ef6b-4bbf-a3f1-ca2c019f31e9/resourceGroups/krishangs_resource/providers/Microsoft.Network/publicIPAddresses/pinetest-c-ip",
                "subnet_id": "/subscriptions/6a1c9c00-ef6b-4bbf-a3f1-ca2c019f31e9/resourceGroups/krishangs_resource/providers/Microsoft.Network/virtualNetworks/pinetest-c-vnet/subnets/pinetest-c-subnet"
              }
            ],
            "location": "uksouth",
            "mac_address": "",
            "name": "pinetest-c-network",
            "private_ip_address": "10.0.0.4",
            "private_ip_addresses": [
              "10.0.0.4"
            ],
            "resource_group_name": "krishangs_resource",
            "tags": null,
            "timeouts": null,
            "virtual_machine_id": ""
          },
          "sensitive_attributes": [],
          "private": "eyJlMmJmYjczMC1lY2FhLTExZTYtOGY4OC0zNDM2M2JjN2M0YzAiOnsiY3JlYXRlIjoxODAwMDAwMDAwMDAwLCJkZWxldGUiOjE4MDAwMDAwMDAwMDAsInJlYWQiOjMwMDAwMDAwMDAwMCwidXBkYXRlIjoxODAwMDAwMDAwMDAwfX0=",
          "dependencies": [
            "module.main.azurerm_public_ip.main",
            "module.main.azurerm_subnet.subnet",
            "module.main.azurerm_virtual_network.main"
          ]
        }
      ]
    },
    {
      "module": "module.main[\"c\"]",
      "mode": "managed",
      "type": "azurerm_network_security_group",
      "name": "main",
      "provider": "provider[\"registry.terraform.io/hashicorp/azurerm\"]",
      "instances": [
        {
          "schema_version": 0,
          "attributes": {
            "id": "/subscriptions/6a1c9c00-ef6b-4bbf-a3f1-ca2c019f31e9/resourceGroups/krishangs_resource/providers/Microsoft.Network/networkSecurityGroups/pinetest-c",
            "location": "uksouth",
            "name": "pinetest-c",
            "resource_group_name": "krishangs_resource",
            "security_rule": [
              {
                "access": "Allow",
                "description": "",
                "destination_address_prefix": "*",
                "destination_address_prefixes": [],
                "destination_application_security_group_ids": [],
                "destination_port_range": "22",
                "destination_port_ranges": [],
                "direction": "Inbound",
                "name": "SSH",
                "priority": 101,
                "protocol": "Tcp",
                "source_address_prefix": "*",
                "source_address_prefixes": [],
                "source_application_security_group_ids": [],
                "source_port_range": "*",
                "source_port_ranges": []
              },
              {
                "access": "Allow",
                "description": "",
                "destination_address_prefix": "*",
                "destination_address_prefixes": [],
                "destination_application_security_group_ids": [],
                "destination_port_range": "80",
                "destination_port_ranges": [],
                "direction": "Inbound",
                "name": "HTTP",
                "priority": 100,
                "protocol": "Tcp",
                "source_address_prefix": "*",
                "source_address_prefixes": [],
                "source_application_security_group_ids": [],
                "source_port_range": "*",
                "source_port_ranges": []
              }
            ],
            "tags": null,
            "timeouts": null
          },
          "sensitive_attributes": [],
          "private": "eyJlMmJmYjczMC1lY2FhLTExZTYtOGY4OC0zNDM2M2JjN2M0YzAiOnsiY3JlYXRlIjoxODAwMDAwMDAwMDAwLCJkZWxldGUiOjE4MDAwMDAwMDAwMDAsInJlYWQiOjMwMDAwMDAwMDAwMCwidXBkYXRlIjoxODAwMDAwMDAwMDAwfX0="
        }
      ]
    },
    {
      "module": "module.main[\"c\"]",
      "mode": "managed",
      "type": "azurerm_public_ip",
      "name": "main",
      "provider": "provider[\"registry.terraform.io/hashicorp/azurerm\"]",
      "instances": [
        {
          "schema_version": 0,
          "attributes": {
            "allocation_method": "Static",
            "availability_zone": "No-Zone",
            "domain_name_label": "pinetest-c",
            "fqdn": "pinetest-c.uksouth.cloudapp.azure.com",
            "id": "/subscriptions/6a1c9c00-ef6b-4bbf-a3f1-ca2c019f31e9/resourceGroups/krishangs_resource/providers/Microsoft.Network/publicIPAddresses/pinetest-c-ip",
            "idle_timeout_in_minutes": 4,
            "ip_address": "20.117.85.119",
            "ip_tags": null,
            "ip_version": "IPv4",
            "location": "uksouth",
            "name": "pinetest-c-ip",
            "public_ip_prefix_id": null,
            "resource_group_name": "krishangs_resource",
            "reverse_fqdn": "",
            "sku": "Basic",
            "sku_tier": "Regional",
            "tags": null,
            "timeouts": null,
            "zones": []
          },
          "sensitive_attributes": [],
          "private": "eyJlMmJmYjczMC1lY2FhLTExZTYtOGY4OC0zNDM2M2JjN2M0YzAiOnsiY3JlYXRlIjoxODAwMDAwMDAwMDAwLCJkZWxldGUiOjE4MDAwMDAwMDAwMDAsInJlYWQiOjMwMDAwMDAwMDAwMCwidXBkYXRlIjoxODAwMDAwMDAwMDAwfX0="
        }
      ]
    },
    {
      "module": "module.main[\"c\"]",
      "mode": "managed",
      "type": "azurerm_subnet",
      "name": "subnet",
      "provider": "provider[\"registry.terraform.io/hashicorp/azurerm\"]",
      "instances": [
        {
          "schema_version": 0,
          "attributes": {
            "address_prefix": "10.0.0.0/24",
            "address_prefixes": [
              "10.0.0.0/24"
            ],
            "delegation": [],
            "enforce_private_link_endpoint_network_policies": false,
            "enforce_private_link_service_network_policies": false,
            "id": "/subscriptions/6a1c9c00-ef6b-4bbf-a3f1-ca2c019f31e9/resourceGroups/krishangs_resource/providers/Microsoft.Network/virtualNetworks/pinetest-c-vnet/subnets/pinetest-c-subnet",
            "name": "pinetest-c-subnet",
            "resource_group_name": "krishangs_resource",
            "service_endpoint_policy_ids": null,
            "service_endpoints": null,
            "timeouts": null,
            "virtual_network_name": "pinetest-c-vnet"
          },
          "sensitive_attributes": [],
          "private": "eyJlMmJmYjczMC1lY2FhLTExZTYtOGY4OC0zNDM2M2JjN2M0YzAiOnsiY3JlYXRlIjoxODAwMDAwMDAwMDAwLCJkZWxldGUiOjE4MDAwMDAwMDAwMDAsInJlYWQiOjMwMDAwMDAwMDAwMCwidXBkYXRlIjoxODAwMDAwMDAwMDAwfX0=",
          "dependencies": [
            "module.main.azurerm_virtual_network.main"
          ]
        }
      ]
    },
    {
      "module": "module.main[\"c\"]",
      "mode": "managed",
      "type": "azurerm_virtual_machine",
      "name": "site",
      "provider": "provider[\"registry.terraform.io/hashicorp/azurerm\"]",
      "instances": [
        {
          "schema_version": 0,
          "attributes": {
            "additional_capabilities": [],
            "availability_set_id": null,
            "boot_diagnostics": [],
            "delete_data_disks_on_termination": false,
            "delete_os_disk_on_termination": true,
            "id": "/subscriptions/6a1c9c00-ef6b-4bbf-a3f1-ca2c019f31e9/resourceGroups/krishangs_resource/providers/Microsoft.Compute/virtualMachines/pinetest-c-site",
            "identity": [],
            "license_type": null,
            "location": "uksouth",
            "name": "pinetest-c-site",
            "network_interface_ids": [
              "/subscriptions/6a1c9c00-ef6b-4bbf-a3f1-ca2c019f31e9/resourceGroups/krishangs_resource/providers/Microsoft.Network/networkInterfaces/pinetest-c-network"
            ],
            "os_profile": [
              {
                "admin_password": "",
                "admin_username": "testuser",
                "computer_name": "pinetest",
                "custom_data": ""
              }
            ],
            "os_profile_linux_config": [
              {
                "disable_password_authentication": false,
                "ssh_keys": []
              }
            ],
            "os_profile_secrets": [],
            "os_profile_windows_config": [],
            "plan": [],
            "primary_network_interface_id": null,
            "proximity_placement_group_id": null,
            "resource_group_name": "krishangs_resource",
            "storage_data_disk": [],
            "storage_image_reference": [
              {
                "id": "",
                "offer": "UbuntuServer",
                "publisher": "Canonical",
                "sku": "18.04-LTS",
                "version": "latest"
              }
            ],
            "storage_os_disk": [
              {
                "caching": "ReadWrite",
                "create_option": "FromImage",
                "disk_size_gb": 30,
                "image_uri": "",
                "managed_disk_id": "/subscriptions/6a1c9c00-ef6b-4bbf-a3f1-ca2c019f31e9/resourceGroups/krishangs_resource/providers/Microsoft.Compute/disks/pinetest-c-osdisk",
                "managed_disk_type": "Standard_LRS",
                "name": "pinetest-c-osdisk",
                "os_type": "Linux",
                "vhd_uri": "",
                "write_accelerator_enabled": false
              }
            ],
            "tags": null,
            "timeouts": null,
            "vm_size": "Standard_A2_v2",
            "zones": null
          },
          "sensitive_attributes": [],
          "private": "eyJlMmJmYjczMC1lY2FhLTExZTYtOGY4OC0zNDM2M2JjN2M0YzAiOnsiY3JlYXRlIjozNjAwMDAwMDAwMDAwLCJkZWxldGUiOjM2MDAwMDAwMDAwMDAsInJlYWQiOjMwMDAwMDAwMDAwMCwidXBkYXRlIjozNjAwMDAwMDAwMDAwfX0=",
          "dependencies": [
            "module.main.azurerm_network_interface.main",
            "module.main.azurerm_public_ip.main",
            "module.main.azurerm_subnet.subnet",
            "module.main.azurerm_virtual_network.main"
          ]
        }
      ]
    },
    {
      "module": "module.main[\"c\"]",
      "mode": "managed",
      "type": "azurerm_virtual_network",
      "name": "main",
      "provider": "provider[\"registry.terraform.io/hashicorp/azurerm\"]",
      "instances": [
        {
          "schema_version": 0,
          "attributes": {
            "address_space": [
              "10.0.0.0/16"
            ],
            "bgp_community": "",
            "ddos_protection_plan": [],
            "dns_servers": [],
            "flow_timeout_in_minutes": 0,
            "guid": "810f19a0-e819-424e-a04a-df014406d137",
            "id": "/subscriptions/6a1c9c00-ef6b-4bbf-a3f1-ca2c019f31e9/resourceGroups/krishangs_resource/providers/Microsoft.Network/virtualNetworks/pinetest-c-vnet",
            "location": "uksouth",
            "name": "pinetest-c-vnet",
            "resource_group_name": "krishangs_resource",
            "subnet": [],
            "tags": null,
            "timeouts": null,
            "vm_protection_enabled": false
          },
          "sensitive_attributes": [],
          "private": "eyJlMmJmYjczMC1lY2FhLTExZTYtOGY4OC0zNDM2M2JjN2M0YzAiOnsiY3JlYXRlIjoxODAwMDAwMDAwMDAwLCJkZWxldGUiOjE4MDAwMDAwMDAwMDAsInJlYWQiOjMwMDAwMDAwMDAwMCwidXBkYXRlIjoxODAwMDAwMDAwMDAwfX0="
        }
      ]
    },
    {
      "module": "module.main[\"d\"]",
      "mode": "data",
      "type": "azurerm_resource_group",
      "name": "main",
      "provider": "provider[\"registry.terraform.io/hashicorp/azurerm\"]",
      "instances": [
        {
          "schema_version": 0,
          "attributes": {
            "id": "/subscriptions/6a1c9c00-ef6b-4bbf-a3f1-ca2c019f31e9/resourceGroups/krishangs_resource",
            "location": "uksouth",
            "name": "krishangs_resource",
            "tags": {},
            "timeouts": null
          },
          "sensitive_attributes": []
        }
      ]
    },
    {
      "module": "module.main[\"d\"]",
      "mode": "managed",
      "type": "azurerm_network_interface",
      "name": "main",
      "provider": "provider[\"registry.terraform.io/hashicorp/azurerm\"]",
      "instances": [
        {
          "schema_version": 0,
          "attributes": {
            "applied_dns_servers": [],
            "dns_servers": [],
            "enable_accelerated_networking": false,
            "enable_ip_forwarding": false,
            "id": "/subscriptions/6a1c9c00-ef6b-4bbf-a3f1-ca2c019f31e9/resourceGroups/krishangs_resource/providers/Microsoft.Network/networkInterfaces/pinetest-d-network",
            "internal_dns_name_label": "",
            "internal_domain_name_suffix": "yw0yksim4gfutplug5eko5y0be.zx.internal.cloudapp.net",
            "ip_configuration": [
              {
                "gateway_load_balancer_frontend_ip_configuration_id": "",
                "name": "pinetest-d-ipconfig",
                "primary": true,
                "private_ip_address": "10.0.0.4",
                "private_ip_address_allocation": "Dynamic",
                "private_ip_address_version": "IPv4",
                "public_ip_address_id": "/subscriptions/6a1c9c00-ef6b-4bbf-a3f1-ca2c019f31e9/resourceGroups/krishangs_resource/providers/Microsoft.Network/publicIPAddresses/pinetest-d-ip",
                "subnet_id": "/subscriptions/6a1c9c00-ef6b-4bbf-a3f1-ca2c019f31e9/resourceGroups/krishangs_resource/providers/Microsoft.Network/virtualNetworks/pinetest-d-vnet/subnets/pinetest-d-subnet"
              }
            ],
            "location": "uksouth",
            "mac_address": "",
            "name": "pinetest-d-network",
            "private_ip_address": "10.0.0.4",
            "private_ip_addresses": [
              "10.0.0.4"
            ],
            "resource_group_name": "krishangs_resource",
            "tags": null,
            "timeouts": null,
            "virtual_machine_id": ""
          },
          "sensitive_attributes": [],
          "private": "eyJlMmJmYjczMC1lY2FhLTExZTYtOGY4OC0zNDM2M2JjN2M0YzAiOnsiY3JlYXRlIjoxODAwMDAwMDAwMDAwLCJkZWxldGUiOjE4MDAwMDAwMDAwMDAsInJlYWQiOjMwMDAwMDAwMDAwMCwidXBkYXRlIjoxODAwMDAwMDAwMDAwfX0=",
          "dependencies": [
            "module.main.azurerm_public_ip.main",
            "module.main.azurerm_subnet.subnet",
            "module.main.azurerm_virtual_network.main"
          ]
        }
      ]
    },
    {
      "module": "module.main[\"d\"]",
      "mode": "managed",
      "type": "azurerm_network_security_group",
      "name": "main",
      "provider": "provider[\"registry.terraform.io/hashicorp/azurerm\"]",
      "instances": [
        {
          "schema_version": 0,
          "attributes": {
            "id": "/subscriptions/6a1c9c00-ef6b-4bbf-a3f1-ca2c019f31e9/resourceGroups/krishangs_resource/providers/Microsoft.Network/networkSecurityGroups/pinetest-d",
            "location": "uksouth",
            "name": "pinetest-d",
            "resource_group_name": "krishangs_resource",
            "security_rule": [
              {
                "access": "Allow",
                "description": "",
                "destination_address_prefix": "*",
                "destination_address_prefixes": [],
                "destination_application_security_group_ids": [],
                "destination_port_range": "22",
                "destination_port_ranges": [],
                "direction": "Inbound",
                "name": "SSH",
                "priority": 101,
                "protocol": "Tcp",
                "source_address_prefix": "*",
                "source_address_prefixes": [],
                "source_application_security_group_ids": [],
                "source_port_range": "*",
                "source_port_ranges": []
              },
              {
                "access": "Allow",
                "description": "",
                "destination_address_prefix": "*",
                "destination_address_prefixes": [],
                "destination_application_security_group_ids": [],
                "destination_port_range": "80",
                "destination_port_ranges": [],
                "direction": "Inbound",
                "name": "HTTP",
                "priority": 100,
                "protocol": "Tcp",
                "source_address_prefix": "*",
                "source_address_prefixes": [],
                "source_application_security_group_ids": [],
                "source_port_range": "*",
                "source_port_ranges": []
              }
            ],
            "tags": null,
            "timeouts": null
          },
          "sensitive_attributes": [],
          "private": "eyJlMmJmYjczMC1lY2FhLTExZTYtOGY4OC0zNDM2M2JjN2M0YzAiOnsiY3JlYXRlIjoxODAwMDAwMDAwMDAwLCJkZWxldGUiOjE4MDAwMDAwMDAwMDAsInJlYWQiOjMwMDAwMDAwMDAwMCwidXBkYXRlIjoxODAwMDAwMDAwMDAwfX0="
        }
      ]
    },
    {
      "module": "module.main[\"d\"]",
      "mode": "managed",
      "type": "azurerm_public_ip",
      "name": "main",
      "provider": "provider[\"registry.terraform.io/hashicorp/azurerm\"]",
      "instances": [
        {
          "schema_version": 0,
          "attributes": {
            "allocation_method": "Static",
            "availability_zone": "No-Zone",
            "domain_name_label": "pinetest-d",
            "fqdn": "pinetest-d.uksouth.cloudapp.azure.com",
            "id": "/subscriptions/6a1c9c00-ef6b-4bbf-a3f1-ca2c019f31e9/resourceGroups/krishangs_resource/providers/Microsoft.Network/publicIPAddresses/pinetest-d-ip",
            "idle_timeout_in_minutes": 4,
            "ip_address": "20.117.87.11",
            "ip_tags": null,
            "ip_version": "IPv4",
            "location": "uksouth",
            "name": "pinetest-d-ip",
            "public_ip_prefix_id": null,
            "resource_group_name": "krishangs_resource",
            "reverse_fqdn": "",
            "sku": "Basic",
            "sku_tier": "Regional",
            "tags": null,
            "timeouts": null,
            "zones": []
          },
          "sensitive_attributes": [],
          "private": "eyJlMmJmYjczMC1lY2FhLTExZTYtOGY4OC0zNDM2M2JjN2M0YzAiOnsiY3JlYXRlIjoxODAwMDAwMDAwMDAwLCJkZWxldGUiOjE4MDAwMDAwMDAwMDAsInJlYWQiOjMwMDAwMDAwMDAwMCwidXBkYXRlIjoxODAwMDAwMDAwMDAwfX0="
        }
      ]
    },
    {
      "module": "module.main[\"d\"]",
      "mode": "managed",
      "type": "azurerm_subnet",
      "name": "subnet",
      "provider": "provider[\"registry.terraform.io/hashicorp/azurerm\"]",
      "instances": [
        {
          "schema_version": 0,
          "attributes": {
            "address_prefix": "10.0.0.0/24",
            "address_prefixes": [
              "10.0.0.0/24"
            ],
            "delegation": [],
            "enforce_private_link_endpoint_network_policies": false,
            "enforce_private_link_service_network_policies": false,
            "id": "/subscriptions/6a1c9c00-ef6b-4bbf-a3f1-ca2c019f31e9/resourceGroups/krishangs_resource/providers/Microsoft.Network/virtualNetworks/pinetest-d-vnet/subnets/pinetest-d-subnet",
            "name": "pinetest-d-subnet",
            "resource_group_name": "krishangs_resource",
            "service_endpoint_policy_ids": null,
            "service_endpoints": null,
            "timeouts": null,
            "virtual_network_name": "pinetest-d-vnet"
          },
          "sensitive_attributes": [],
          "private": "eyJlMmJmYjczMC1lY2FhLTExZTYtOGY4OC0zNDM2M2JjN2M0YzAiOnsiY3JlYXRlIjoxODAwMDAwMDAwMDAwLCJkZWxldGUiOjE4MDAwMDAwMDAwMDAsInJlYWQiOjMwMDAwMDAwMDAwMCwidXBkYXRlIjoxODAwMDAwMDAwMDAwfX0=",
          "dependencies": [
            "module.main.azurerm_virtual_network.main"
          ]
        }
      ]
    },
    {
      "module": "module.main[\"d\"]",
      "mode": "managed",
      "type": "azurerm_virtual_machine",
      "name": "site",
      "provider": "provider[\"registry.terraform.io/hashicorp/azurerm\"]",
      "instances": [
        {
          "schema_version": 0,
          "attributes": {
            "additional_capabilities": [],
            "availability_set_id": null,
            "boot_diagnostics": [],
            "delete_data_disks_on_termination": false,
            "delete_os_disk_on_termination": true,
            "id": "/subscriptions/6a1c9c00-ef6b-4bbf-a3f1-ca2c019f31e9/resourceGroups/krishangs_resource/providers/Microsoft.Compute/virtualMachines/pinetest-d-site",
            "identity": [],
            "license_type": null,
            "location": "uksouth",
            "name": "pinetest-d-site",
            "network_interface_ids": [
              "/subscriptions/6a1c9c00-ef6b-4bbf-a3f1-ca2c019f31e9/resourceGroups/krishangs_resource/providers/Microsoft.Network/networkInterfaces/pinetest-d-network"
            ],
            "os_profile": [
              {
                "admin_password": "",
                "admin_username": "testuser",
                "computer_name": "pinetest",
                "custom_data": ""
              }
            ],
            "os_profile_linux_config": [
              {
                "disable_password_authentication": false,
                "ssh_keys": []
              }
            ],
            "os_profile_secrets": [],
            "os_profile_windows_config": [],
            "plan": [],
            "primary_network_interface_id": null,
            "proximity_placement_group_id": null,
            "resource_group_name": "krishangs_resource",
            "storage_data_disk": [],
            "storage_image_reference": [
              {
                "id": "",
                "offer": "UbuntuServer",
                "publisher": "Canonical",
                "sku": "18.04-LTS",
                "version": "latest"
              }
            ],
            "storage_os_disk": [
              {
                "caching": "ReadWrite",
                "create_option": "FromImage",
                "disk_size_gb": 30,
                "image_uri": "",
                "managed_disk_id": "/subscriptions/6a1c9c00-ef6b-4bbf-a3f1-ca2c019f31e9/resourceGroups/krishangs_resource/providers/Microsoft.Compute/disks/pinetest-d-osdisk",
                "managed_disk_type": "Standard_LRS",
                "name": "pinetest-d-osdisk",
                "os_type": "Linux",
                "vhd_uri": "",
                "write_accelerator_enabled": false
              }
            ],
            "tags": null,
            "timeouts": null,
            "vm_size": "Standard_A2_v2",
            "zones": null
          },
          "sensitive_attributes": [],
          "private": "eyJlMmJmYjczMC1lY2FhLTExZTYtOGY4OC0zNDM2M2JjN2M0YzAiOnsiY3JlYXRlIjozNjAwMDAwMDAwMDAwLCJkZWxldGUiOjM2MDAwMDAwMDAwMDAsInJlYWQiOjMwMDAwMDAwMDAwMCwidXBkYXRlIjozNjAwMDAwMDAwMDAwfX0=",
          "dependencies": [
            "module.main.azurerm_network_interface.main",
            "module.main.azurerm_public_ip.main",
            "module.main.azurerm_subnet.subnet",
            "module.main.azurerm_virtual_network.main"
          ]
        }
      ]
    },
    {
      "module": "module.main[\"d\"]",
      "mode": "managed",
      "type": "azurerm_virtual_network",
      "name": "main",
      "provider": "provider[\"registry.terraform.io/hashicorp/azurerm\"]",
      "instances": [
        {
          "schema_version": 0,
          "attributes": {
            "address_space": [
              "10.0.0.0/16"
            ],
            "bgp_community": "",
            "ddos_protection_plan": [],
            "dns_servers": [],
            "flow_timeout_in_minutes": 0,
            "guid": "4985b5c5-f10c-498b-bd74-37c8a77f1a0c",
            "id": "/subscriptions/6a1c9c00-ef6b-4bbf-a3f1-ca2c019f31e9/resourceGroups/krishangs_resource/providers/Microsoft.Network/virtualNetworks/pinetest-d-vnet",
            "location": "uksouth",
            "name": "pinetest-d-vnet",
            "resource_group_name": "krishangs_resource",
            "subnet": [],
            "tags": null,
            "timeouts": null,
            "vm_protection_enabled": false
          },
          "sensitive_attributes": [],
          "private": "eyJlMmJmYjczMC1lY2FhLTExZTYtOGY4OC0zNDM2M2JjN2M0YzAiOnsiY3JlYXRlIjoxODAwMDAwMDAwMDAwLCJkZWxldGUiOjE4MDAwMDAwMDAwMDAsInJlYWQiOjMwMDAwMDAwMDAwMCwidXBkYXRlIjoxODAwMDAwMDAwMDAwfX0="
        }
      ]
    },
    {
      "module": "module.main[\"e\"]",
      "mode": "data",
      "type": "azurerm_resource_group",
      "name": "main",
      "provider": "provider[\"registry.terraform.io/hashicorp/azurerm\"]",
      "instances": [
        {
          "schema_version": 0,
          "attributes": {
            "id": "/subscriptions/6a1c9c00-ef6b-4bbf-a3f1-ca2c019f31e9/resourceGroups/krishangs_resource",
            "location": "uksouth",
            "name": "krishangs_resource",
            "tags": {},
            "timeouts": null
          },
          "sensitive_attributes": []
        }
      ]
    },
    {
      "module": "module.main[\"e\"]",
      "mode": "managed",
      "type": "azurerm_network_interface",
      "name": "main",
      "provider": "provider[\"registry.terraform.io/hashicorp/azurerm\"]",
      "instances": [
        {
          "schema_version": 0,
          "attributes": {
            "applied_dns_servers": [],
            "dns_servers": [],
            "enable_accelerated_networking": false,
            "enable_ip_forwarding": false,
            "id": "/subscriptions/6a1c9c00-ef6b-4bbf-a3f1-ca2c019f31e9/resourceGroups/krishangs_resource/providers/Microsoft.Network/networkInterfaces/pinetest-e-network",
            "internal_dns_name_label": "",
            "internal_domain_name_suffix": "hb0zq5n50tfe3hfmvtf02c3uva.zx.internal.cloudapp.net",
            "ip_configuration": [
              {
                "gateway_load_balancer_frontend_ip_configuration_id": "",
                "name": "pinetest-e-ipconfig",
                "primary": true,
                "private_ip_address": "10.0.0.4",
                "private_ip_address_allocation": "Dynamic",
                "private_ip_address_version": "IPv4",
                "public_ip_address_id": "/subscriptions/6a1c9c00-ef6b-4bbf-a3f1-ca2c019f31e9/resourceGroups/krishangs_resource/providers/Microsoft.Network/publicIPAddresses/pinetest-e-ip",
                "subnet_id": "/subscriptions/6a1c9c00-ef6b-4bbf-a3f1-ca2c019f31e9/resourceGroups/krishangs_resource/providers/Microsoft.Network/virtualNetworks/pinetest-e-vnet/subnets/pinetest-e-subnet"
              }
            ],
            "location": "uksouth",
            "mac_address": "",
            "name": "pinetest-e-network",
            "private_ip_address": "10.0.0.4",
            "private_ip_addresses": [
              "10.0.0.4"
            ],
            "resource_group_name": "krishangs_resource",
            "tags": null,
            "timeouts": null,
            "virtual_machine_id": ""
          },
          "sensitive_attributes": [],
          "private": "eyJlMmJmYjczMC1lY2FhLTExZTYtOGY4OC0zNDM2M2JjN2M0YzAiOnsiY3JlYXRlIjoxODAwMDAwMDAwMDAwLCJkZWxldGUiOjE4MDAwMDAwMDAwMDAsInJlYWQiOjMwMDAwMDAwMDAwMCwidXBkYXRlIjoxODAwMDAwMDAwMDAwfX0=",
          "dependencies": [
            "module.main.azurerm_public_ip.main",
            "module.main.azurerm_subnet.subnet",
            "module.main.azurerm_virtual_network.main"
          ]
        }
      ]
    },
    {
      "module": "module.main[\"e\"]",
      "mode": "managed",
      "type": "azurerm_network_security_group",
      "name": "main",
      "provider": "provider[\"registry.terraform.io/hashicorp/azurerm\"]",
      "instances": [
        {
          "schema_version": 0,
          "attributes": {
            "id": "/subscriptions/6a1c9c00-ef6b-4bbf-a3f1-ca2c019f31e9/resourceGroups/krishangs_resource/providers/Microsoft.Network/networkSecurityGroups/pinetest-e",
            "location": "uksouth",
            "name": "pinetest-e",
            "resource_group_name": "krishangs_resource",
            "security_rule": [
              {
                "access": "Allow",
                "description": "",
                "destination_address_prefix": "*",
                "destination_address_prefixes": [],
                "destination_application_security_group_ids": [],
                "destination_port_range": "22",
                "destination_port_ranges": [],
                "direction": "Inbound",
                "name": "SSH",
                "priority": 101,
                "protocol": "Tcp",
                "source_address_prefix": "*",
                "source_address_prefixes": [],
                "source_application_security_group_ids": [],
                "source_port_range": "*",
                "source_port_ranges": []
              },
              {
                "access": "Allow",
                "description": "",
                "destination_address_prefix": "*",
                "destination_address_prefixes": [],
                "destination_application_security_group_ids": [],
                "destination_port_range": "80",
                "destination_port_ranges": [],
                "direction": "Inbound",
                "name": "HTTP",
                "priority": 100,
                "protocol": "Tcp",
                "source_address_prefix": "*",
                "source_address_prefixes": [],
                "source_application_security_group_ids": [],
                "source_port_range": "*",
                "source_port_ranges": []
              }
            ],
            "tags": null,
            "timeouts": null
          },
          "sensitive_attributes": [],
          "private": "eyJlMmJmYjczMC1lY2FhLTExZTYtOGY4OC0zNDM2M2JjN2M0YzAiOnsiY3JlYXRlIjoxODAwMDAwMDAwMDAwLCJkZWxldGUiOjE4MDAwMDAwMDAwMDAsInJlYWQiOjMwMDAwMDAwMDAwMCwidXBkYXRlIjoxODAwMDAwMDAwMDAwfX0="
        }
      ]
    },
    {
      "module": "module.main[\"e\"]",
      "mode": "managed",
      "type": "azurerm_public_ip",
      "name": "main",
      "provider": "provider[\"registry.terraform.io/hashicorp/azurerm\"]",
      "instances": [
        {
          "schema_version": 0,
          "attributes": {
            "allocation_method": "Static",
            "availability_zone": "No-Zone",
            "domain_name_label": "pinetest-e",
            "fqdn": "pinetest-e.uksouth.cloudapp.azure.com",
            "id": "/subscriptions/6a1c9c00-ef6b-4bbf-a3f1-ca2c019f31e9/resourceGroups/krishangs_resource/providers/Microsoft.Network/publicIPAddresses/pinetest-e-ip",
            "idle_timeout_in_minutes": 4,
            "ip_address": "20.117.86.121",
            "ip_tags": null,
            "ip_version": "IPv4",
            "location": "uksouth",
            "name": "pinetest-e-ip",
            "public_ip_prefix_id": null,
            "resource_group_name": "krishangs_resource",
            "reverse_fqdn": "",
            "sku": "Basic",
            "sku_tier": "Regional",
            "tags": null,
            "timeouts": null,
            "zones": []
          },
          "sensitive_attributes": [],
          "private": "eyJlMmJmYjczMC1lY2FhLTExZTYtOGY4OC0zNDM2M2JjN2M0YzAiOnsiY3JlYXRlIjoxODAwMDAwMDAwMDAwLCJkZWxldGUiOjE4MDAwMDAwMDAwMDAsInJlYWQiOjMwMDAwMDAwMDAwMCwidXBkYXRlIjoxODAwMDAwMDAwMDAwfX0="
        }
      ]
    },
    {
      "module": "module.main[\"e\"]",
      "mode": "managed",
      "type": "azurerm_subnet",
      "name": "subnet",
      "provider": "provider[\"registry.terraform.io/hashicorp/azurerm\"]",
      "instances": [
        {
          "schema_version": 0,
          "attributes": {
            "address_prefix": "10.0.0.0/24",
            "address_prefixes": [
              "10.0.0.0/24"
            ],
            "delegation": [],
            "enforce_private_link_endpoint_network_policies": false,
            "enforce_private_link_service_network_policies": false,
            "id": "/subscriptions/6a1c9c00-ef6b-4bbf-a3f1-ca2c019f31e9/resourceGroups/krishangs_resource/providers/Microsoft.Network/virtualNetworks/pinetest-e-vnet/subnets/pinetest-e-subnet",
            "name": "pinetest-e-subnet",
            "resource_group_name": "krishangs_resource",
            "service_endpoint_policy_ids": null,
            "service_endpoints": null,
            "timeouts": null,
            "virtual_network_name": "pinetest-e-vnet"
          },
          "sensitive_attributes": [],
          "private": "eyJlMmJmYjczMC1lY2FhLTExZTYtOGY4OC0zNDM2M2JjN2M0YzAiOnsiY3JlYXRlIjoxODAwMDAwMDAwMDAwLCJkZWxldGUiOjE4MDAwMDAwMDAwMDAsInJlYWQiOjMwMDAwMDAwMDAwMCwidXBkYXRlIjoxODAwMDAwMDAwMDAwfX0=",
          "dependencies": [
            "module.main.azurerm_virtual_network.main"
          ]
        }
      ]
    },
    {
      "module": "module.main[\"e\"]",
      "mode": "managed",
      "type": "azurerm_virtual_machine",
      "name": "site",
      "provider": "provider[\"registry.terraform.io/hashicorp/azurerm\"]",
      "instances": [
        {
          "schema_version": 0,
          "attributes": {
            "additional_capabilities": [],
            "availability_set_id": null,
            "boot_diagnostics": [],
            "delete_data_disks_on_termination": false,
            "delete_os_disk_on_termination": true,
            "id": "/subscriptions/6a1c9c00-ef6b-4bbf-a3f1-ca2c019f31e9/resourceGroups/krishangs_resource/providers/Microsoft.Compute/virtualMachines/pinetest-e-site",
            "identity": [],
            "license_type": null,
            "location": "uksouth",
            "name": "pinetest-e-site",
            "network_interface_ids": [
              "/subscriptions/6a1c9c00-ef6b-4bbf-a3f1-ca2c019f31e9/resourceGroups/krishangs_resource/providers/Microsoft.Network/networkInterfaces/pinetest-e-network"
            ],
            "os_profile": [
              {
                "admin_password": "",
                "admin_username": "testuser",
                "computer_name": "pinetest",
                "custom_data": ""
              }
            ],
            "os_profile_linux_config": [
              {
                "disable_password_authentication": false,
                "ssh_keys": []
              }
            ],
            "os_profile_secrets": [],
            "os_profile_windows_config": [],
            "plan": [],
            "primary_network_interface_id": null,
            "proximity_placement_group_id": null,
            "resource_group_name": "krishangs_resource",
            "storage_data_disk": [],
            "storage_image_reference": [
              {
                "id": "",
                "offer": "UbuntuServer",
                "publisher": "Canonical",
                "sku": "18.04-LTS",
                "version": "latest"
              }
            ],
            "storage_os_disk": [
              {
                "caching": "ReadWrite",
                "create_option": "FromImage",
                "disk_size_gb": 30,
                "image_uri": "",
                "managed_disk_id": "/subscriptions/6a1c9c00-ef6b-4bbf-a3f1-ca2c019f31e9/resourceGroups/krishangs_resource/providers/Microsoft.Compute/disks/pinetest-e-osdisk",
                "managed_disk_type": "Standard_LRS",
                "name": "pinetest-e-osdisk",
                "os_type": "Linux",
                "vhd_uri": "",
                "write_accelerator_enabled": false
              }
            ],
            "tags": null,
            "timeouts": null,
            "vm_size": "Standard_A2_v2",
            "zones": null
          },
          "sensitive_attributes": [],
          "private": "eyJlMmJmYjczMC1lY2FhLTExZTYtOGY4OC0zNDM2M2JjN2M0YzAiOnsiY3JlYXRlIjozNjAwMDAwMDAwMDAwLCJkZWxldGUiOjM2MDAwMDAwMDAwMDAsInJlYWQiOjMwMDAwMDAwMDAwMCwidXBkYXRlIjozNjAwMDAwMDAwMDAwfX0=",
          "dependencies": [
            "module.main.azurerm_network_interface.main",
            "module.main.azurerm_public_ip.main",
            "module.main.azurerm_subnet.subnet",
            "module.main.azurerm_virtual_network.main"
          ]
        }
      ]
    },
    {
      "module": "module.main[\"e\"]",
      "mode": "managed",
      "type": "azurerm_virtual_network",
      "name": "main",
      "provider": "provider[\"registry.terraform.io/hashicorp/azurerm\"]",
      "instances": [
        {
          "schema_version": 0,
          "attributes": {
            "address_space": [
              "10.0.0.0/16"
            ],
            "bgp_community": "",
            "ddos_protection_plan": [],
            "dns_servers": [],
            "flow_timeout_in_minutes": 0,
            "guid": "7d987538-d4bf-4eca-9cac-accbae0bb4a8",
            "id": "/subscriptions/6a1c9c00-ef6b-4bbf-a3f1-ca2c019f31e9/resourceGroups/krishangs_resource/providers/Microsoft.Network/virtualNetworks/pinetest-e-vnet",
            "location": "uksouth",
            "name": "pinetest-e-vnet",
            "resource_group_name": "krishangs_resource",
            "subnet": [],
            "tags": null,
            "timeouts": null,
            "vm_protection_enabled": false
          },
          "sensitive_attributes": [],
          "private": "eyJlMmJmYjczMC1lY2FhLTExZTYtOGY4OC0zNDM2M2JjN2M0YzAiOnsiY3JlYXRlIjoxODAwMDAwMDAwMDAwLCJkZWxldGUiOjE4MDAwMDAwMDAwMDAsInJlYWQiOjMwMDAwMDAwMDAwMCwidXBkYXRlIjoxODAwMDAwMDAwMDAwfX0="
        }
      ]
    },
    {
      "module": "module.main[\"f\"]",
      "mode": "data",
      "type": "azurerm_resource_group",
      "name": "main",
      "provider": "provider[\"registry.terraform.io/hashicorp/azurerm\"]",
      "instances": [
        {
          "schema_version": 0,
          "attributes": {
            "id": "/subscriptions/6a1c9c00-ef6b-4bbf-a3f1-ca2c019f31e9/resourceGroups/krishangs_resource",
            "location": "uksouth",
            "name": "krishangs_resource",
            "tags": {},
            "timeouts": null
          },
          "sensitive_attributes": []
        }
      ]
    },
    {
      "module": "module.main[\"f\"]",
      "mode": "managed",
      "type": "azurerm_network_interface",
      "name": "main",
      "provider": "provider[\"registry.terraform.io/hashicorp/azurerm\"]",
      "instances": [
        {
          "schema_version": 0,
          "attributes": {
            "applied_dns_servers": [],
            "dns_servers": [],
            "enable_accelerated_networking": false,
            "enable_ip_forwarding": false,
            "id": "/subscriptions/6a1c9c00-ef6b-4bbf-a3f1-ca2c019f31e9/resourceGroups/krishangs_resource/providers/Microsoft.Network/networkInterfaces/pinetest-f-network",
            "internal_dns_name_label": "",
            "internal_domain_name_suffix": "xwgp2mtkzevuxltcz3gzxn2ifg.zx.internal.cloudapp.net",
            "ip_configuration": [
              {
                "gateway_load_balancer_frontend_ip_configuration_id": "",
                "name": "pinetest-f-ipconfig",
                "primary": true,
                "private_ip_address": "10.0.0.4",
                "private_ip_address_allocation": "Dynamic",
                "private_ip_address_version": "IPv4",
                "public_ip_address_id": "/subscriptions/6a1c9c00-ef6b-4bbf-a3f1-ca2c019f31e9/resourceGroups/krishangs_resource/providers/Microsoft.Network/publicIPAddresses/pinetest-f-ip",
                "subnet_id": "/subscriptions/6a1c9c00-ef6b-4bbf-a3f1-ca2c019f31e9/resourceGroups/krishangs_resource/providers/Microsoft.Network/virtualNetworks/pinetest-f-vnet/subnets/pinetest-f-subnet"
              }
            ],
            "location": "uksouth",
            "mac_address": "",
            "name": "pinetest-f-network",
            "private_ip_address": "10.0.0.4",
            "private_ip_addresses": [
              "10.0.0.4"
            ],
            "resource_group_name": "krishangs_resource",
            "tags": null,
            "timeouts": null,
            "virtual_machine_id": ""
          },
          "sensitive_attributes": [],
          "private": "eyJlMmJmYjczMC1lY2FhLTExZTYtOGY4OC0zNDM2M2JjN2M0YzAiOnsiY3JlYXRlIjoxODAwMDAwMDAwMDAwLCJkZWxldGUiOjE4MDAwMDAwMDAwMDAsInJlYWQiOjMwMDAwMDAwMDAwMCwidXBkYXRlIjoxODAwMDAwMDAwMDAwfX0=",
          "dependencies": [
            "module.main.azurerm_public_ip.main",
            "module.main.azurerm_subnet.subnet",
            "module.main.azurerm_virtual_network.main"
          ]
        }
      ]
    },
    {
      "module": "module.main[\"f\"]",
      "mode": "managed",
      "type": "azurerm_network_security_group",
      "name": "main",
      "provider": "provider[\"registry.terraform.io/hashicorp/azurerm\"]",
      "instances": [
        {
          "schema_version": 0,
          "attributes": {
            "id": "/subscriptions/6a1c9c00-ef6b-4bbf-a3f1-ca2c019f31e9/resourceGroups/krishangs_resource/providers/Microsoft.Network/networkSecurityGroups/pinetest-f",
            "location": "uksouth",
            "name": "pinetest-f",
            "resource_group_name": "krishangs_resource",
            "security_rule": [
              {
                "access": "Allow",
                "description": "",
                "destination_address_prefix": "*",
                "destination_address_prefixes": [],
                "destination_application_security_group_ids": [],
                "destination_port_range": "22",
                "destination_port_ranges": [],
                "direction": "Inbound",
                "name": "SSH",
                "priority": 101,
                "protocol": "Tcp",
                "source_address_prefix": "*",
                "source_address_prefixes": [],
                "source_application_security_group_ids": [],
                "source_port_range": "*",
                "source_port_ranges": []
              },
              {
                "access": "Allow",
                "description": "",
                "destination_address_prefix": "*",
                "destination_address_prefixes": [],
                "destination_application_security_group_ids": [],
                "destination_port_range": "80",
                "destination_port_ranges": [],
                "direction": "Inbound",
                "name": "HTTP",
                "priority": 100,
                "protocol": "Tcp",
                "source_address_prefix": "*",
                "source_address_prefixes": [],
                "source_application_security_group_ids": [],
                "source_port_range": "*",
                "source_port_ranges": []
              }
            ],
            "tags": null,
            "timeouts": null
          },
          "sensitive_attributes": [],
          "private": "eyJlMmJmYjczMC1lY2FhLTExZTYtOGY4OC0zNDM2M2JjN2M0YzAiOnsiY3JlYXRlIjoxODAwMDAwMDAwMDAwLCJkZWxldGUiOjE4MDAwMDAwMDAwMDAsInJlYWQiOjMwMDAwMDAwMDAwMCwidXBkYXRlIjoxODAwMDAwMDAwMDAwfX0="
        }
      ]
    },
    {
      "module": "module.main[\"f\"]",
      "mode": "managed",
      "type": "azurerm_public_ip",
      "name": "main",
      "provider": "provider[\"registry.terraform.io/hashicorp/azurerm\"]",
      "instances": [
        {
          "schema_version": 0,
          "attributes": {
            "allocation_method": "Static",
            "availability_zone": "No-Zone",
            "domain_name_label": "pinetest-f",
            "fqdn": "pinetest-f.uksouth.cloudapp.azure.com",
            "id": "/subscriptions/6a1c9c00-ef6b-4bbf-a3f1-ca2c019f31e9/resourceGroups/krishangs_resource/providers/Microsoft.Network/publicIPAddresses/pinetest-f-ip",
            "idle_timeout_in_minutes": 4,
            "ip_address": "20.117.81.107",
            "ip_tags": null,
            "ip_version": "IPv4",
            "location": "uksouth",
            "name": "pinetest-f-ip",
            "public_ip_prefix_id": null,
            "resource_group_name": "krishangs_resource",
            "reverse_fqdn": "",
            "sku": "Basic",
            "sku_tier": "Regional",
            "tags": null,
            "timeouts": null,
            "zones": []
          },
          "sensitive_attributes": [],
          "private": "eyJlMmJmYjczMC1lY2FhLTExZTYtOGY4OC0zNDM2M2JjN2M0YzAiOnsiY3JlYXRlIjoxODAwMDAwMDAwMDAwLCJkZWxldGUiOjE4MDAwMDAwMDAwMDAsInJlYWQiOjMwMDAwMDAwMDAwMCwidXBkYXRlIjoxODAwMDAwMDAwMDAwfX0="
        }
      ]
    },
    {
      "module": "module.main[\"f\"]",
      "mode": "managed",
      "type": "azurerm_subnet",
      "name": "subnet",
      "provider": "provider[\"registry.terraform.io/hashicorp/azurerm\"]",
      "instances": [
        {
          "schema_version": 0,
          "attributes": {
            "address_prefix": "10.0.0.0/24",
            "address_prefixes": [
              "10.0.0.0/24"
            ],
            "delegation": [],
            "enforce_private_link_endpoint_network_policies": false,
            "enforce_private_link_service_network_policies": false,
            "id": "/subscriptions/6a1c9c00-ef6b-4bbf-a3f1-ca2c019f31e9/resourceGroups/krishangs_resource/providers/Microsoft.Network/virtualNetworks/pinetest-f-vnet/subnets/pinetest-f-subnet",
            "name": "pinetest-f-subnet",
            "resource_group_name": "krishangs_resource",
            "service_endpoint_policy_ids": null,
            "service_endpoints": null,
            "timeouts": null,
            "virtual_network_name": "pinetest-f-vnet"
          },
          "sensitive_attributes": [],
          "private": "eyJlMmJmYjczMC1lY2FhLTExZTYtOGY4OC0zNDM2M2JjN2M0YzAiOnsiY3JlYXRlIjoxODAwMDAwMDAwMDAwLCJkZWxldGUiOjE4MDAwMDAwMDAwMDAsInJlYWQiOjMwMDAwMDAwMDAwMCwidXBkYXRlIjoxODAwMDAwMDAwMDAwfX0=",
          "dependencies": [
            "module.main.azurerm_virtual_network.main"
          ]
        }
      ]
    },
    {
      "module": "module.main[\"f\"]",
      "mode": "managed",
      "type": "azurerm_virtual_machine",
      "name": "site",
      "provider": "provider[\"registry.terraform.io/hashicorp/azurerm\"]",
      "instances": [
        {
          "schema_version": 0,
          "attributes": {
            "additional_capabilities": [],
            "availability_set_id": null,
            "boot_diagnostics": [],
            "delete_data_disks_on_termination": false,
            "delete_os_disk_on_termination": true,
            "id": "/subscriptions/6a1c9c00-ef6b-4bbf-a3f1-ca2c019f31e9/resourceGroups/krishangs_resource/providers/Microsoft.Compute/virtualMachines/pinetest-f-site",
            "identity": [],
            "license_type": null,
            "location": "uksouth",
            "name": "pinetest-f-site",
            "network_interface_ids": [
              "/subscriptions/6a1c9c00-ef6b-4bbf-a3f1-ca2c019f31e9/resourceGroups/krishangs_resource/providers/Microsoft.Network/networkInterfaces/pinetest-f-network"
            ],
            "os_profile": [
              {
                "admin_password": "",
                "admin_username": "testuser",
                "computer_name": "pinetest",
                "custom_data": ""
              }
            ],
            "os_profile_linux_config": [
              {
                "disable_password_authentication": false,
                "ssh_keys": []
              }
            ],
            "os_profile_secrets": [],
            "os_profile_windows_config": [],
            "plan": [],
            "primary_network_interface_id": null,
            "proximity_placement_group_id": null,
            "resource_group_name": "krishangs_resource",
            "storage_data_disk": [],
            "storage_image_reference": [
              {
                "id": "",
                "offer": "UbuntuServer",
                "publisher": "Canonical",
                "sku": "18.04-LTS",
                "version": "latest"
              }
            ],
            "storage_os_disk": [
              {
                "caching": "ReadWrite",
                "create_option": "FromImage",
                "disk_size_gb": 30,
                "image_uri": "",
                "managed_disk_id": "/subscriptions/6a1c9c00-ef6b-4bbf-a3f1-ca2c019f31e9/resourceGroups/krishangs_resource/providers/Microsoft.Compute/disks/pinetest-f-osdisk",
                "managed_disk_type": "Standard_LRS",
                "name": "pinetest-f-osdisk",
                "os_type": "Linux",
                "vhd_uri": "",
                "write_accelerator_enabled": false
              }
            ],
            "tags": null,
            "timeouts": null,
            "vm_size": "Standard_A2_v2",
            "zones": null
          },
          "sensitive_attributes": [],
          "private": "eyJlMmJmYjczMC1lY2FhLTExZTYtOGY4OC0zNDM2M2JjN2M0YzAiOnsiY3JlYXRlIjozNjAwMDAwMDAwMDAwLCJkZWxldGUiOjM2MDAwMDAwMDAwMDAsInJlYWQiOjMwMDAwMDAwMDAwMCwidXBkYXRlIjozNjAwMDAwMDAwMDAwfX0=",
          "dependencies": [
            "module.main.azurerm_network_interface.main",
            "module.main.azurerm_public_ip.main",
            "module.main.azurerm_subnet.subnet",
            "module.main.azurerm_virtual_network.main"
          ]
        }
      ]
    },
    {
      "module": "module.main[\"f\"]",
      "mode": "managed",
      "type": "azurerm_virtual_network",
      "name": "main",
      "provider": "provider[\"registry.terraform.io/hashicorp/azurerm\"]",
      "instances": [
        {
          "schema_version": 0,
          "attributes": {
            "address_space": [
              "10.0.0.0/16"
            ],
            "bgp_community": "",
            "ddos_protection_plan": [],
            "dns_servers": [],
            "flow_timeout_in_minutes": 0,
            "guid": "32fe8cbd-c96a-4b2b-ae62-cf4d9bb7882e",
            "id": "/subscriptions/6a1c9c00-ef6b-4bbf-a3f1-ca2c019f31e9/resourceGroups/krishangs_resource/providers/Microsoft.Network/virtualNetworks/pinetest-f-vnet",
            "location": "uksouth",
            "name": "pinetest-f-vnet",
            "resource_group_name": "krishangs_resource",
            "subnet": [],
            "tags": null,
            "timeouts": null,
            "vm_protection_enabled": false
          },
          "sensitive_attributes": [],
          "private": "eyJlMmJmYjczMC1lY2FhLTExZTYtOGY4OC0zNDM2M2JjN2M0YzAiOnsiY3JlYXRlIjoxODAwMDAwMDAwMDAwLCJkZWxldGUiOjE4MDAwMDAwMDAwMDAsInJlYWQiOjMwMDAwMDAwMDAwMCwidXBkYXRlIjoxODAwMDAwMDAwMDAwfX0="
        }
      ]
    },
    {
      "module": "module.main[\"g\"]",
      "mode": "data",
      "type": "azurerm_resource_group",
      "name": "main",
      "provider": "provider[\"registry.terraform.io/hashicorp/azurerm\"]",
      "instances": [
        {
          "schema_version": 0,
          "attributes": {
            "id": "/subscriptions/6a1c9c00-ef6b-4bbf-a3f1-ca2c019f31e9/resourceGroups/krishangs_resource",
            "location": "uksouth",
            "name": "krishangs_resource",
            "tags": {},
            "timeouts": null
          },
          "sensitive_attributes": []
        }
      ]
    },
    {
      "module": "module.main[\"g\"]",
      "mode": "managed",
      "type": "azurerm_network_interface",
      "name": "main",
      "provider": "provider[\"registry.terraform.io/hashicorp/azurerm\"]",
      "instances": [
        {
          "schema_version": 0,
          "attributes": {
            "applied_dns_servers": [],
            "dns_servers": [],
            "enable_accelerated_networking": false,
            "enable_ip_forwarding": false,
            "id": "/subscriptions/6a1c9c00-ef6b-4bbf-a3f1-ca2c019f31e9/resourceGroups/krishangs_resource/providers/Microsoft.Network/networkInterfaces/pinetest-g-network",
            "internal_dns_name_label": "",
            "internal_domain_name_suffix": "3o141sdwjpsu3fmjwzsdqlkvyf.zx.internal.cloudapp.net",
            "ip_configuration": [
              {
                "gateway_load_balancer_frontend_ip_configuration_id": "",
                "name": "pinetest-g-ipconfig",
                "primary": true,
                "private_ip_address": "10.0.0.4",
                "private_ip_address_allocation": "Dynamic",
                "private_ip_address_version": "IPv4",
                "public_ip_address_id": "/subscriptions/6a1c9c00-ef6b-4bbf-a3f1-ca2c019f31e9/resourceGroups/krishangs_resource/providers/Microsoft.Network/publicIPAddresses/pinetest-g-ip",
                "subnet_id": "/subscriptions/6a1c9c00-ef6b-4bbf-a3f1-ca2c019f31e9/resourceGroups/krishangs_resource/providers/Microsoft.Network/virtualNetworks/pinetest-g-vnet/subnets/pinetest-g-subnet"
              }
            ],
            "location": "uksouth",
            "mac_address": "",
            "name": "pinetest-g-network",
            "private_ip_address": "10.0.0.4",
            "private_ip_addresses": [
              "10.0.0.4"
            ],
            "resource_group_name": "krishangs_resource",
            "tags": null,
            "timeouts": null,
            "virtual_machine_id": ""
          },
          "sensitive_attributes": [],
          "private": "eyJlMmJmYjczMC1lY2FhLTExZTYtOGY4OC0zNDM2M2JjN2M0YzAiOnsiY3JlYXRlIjoxODAwMDAwMDAwMDAwLCJkZWxldGUiOjE4MDAwMDAwMDAwMDAsInJlYWQiOjMwMDAwMDAwMDAwMCwidXBkYXRlIjoxODAwMDAwMDAwMDAwfX0=",
          "dependencies": [
            "module.main.azurerm_public_ip.main",
            "module.main.azurerm_subnet.subnet",
            "module.main.azurerm_virtual_network.main"
          ]
        }
      ]
    },
    {
      "module": "module.main[\"g\"]",
      "mode": "managed",
      "type": "azurerm_network_security_group",
      "name": "main",
      "provider": "provider[\"registry.terraform.io/hashicorp/azurerm\"]",
      "instances": [
        {
          "schema_version": 0,
          "attributes": {
            "id": "/subscriptions/6a1c9c00-ef6b-4bbf-a3f1-ca2c019f31e9/resourceGroups/krishangs_resource/providers/Microsoft.Network/networkSecurityGroups/pinetest-g",
            "location": "uksouth",
            "name": "pinetest-g",
            "resource_group_name": "krishangs_resource",
            "security_rule": [
              {
                "access": "Allow",
                "description": "",
                "destination_address_prefix": "*",
                "destination_address_prefixes": [],
                "destination_application_security_group_ids": [],
                "destination_port_range": "22",
                "destination_port_ranges": [],
                "direction": "Inbound",
                "name": "SSH",
                "priority": 101,
                "protocol": "Tcp",
                "source_address_prefix": "*",
                "source_address_prefixes": [],
                "source_application_security_group_ids": [],
                "source_port_range": "*",
                "source_port_ranges": []
              },
              {
                "access": "Allow",
                "description": "",
                "destination_address_prefix": "*",
                "destination_address_prefixes": [],
                "destination_application_security_group_ids": [],
                "destination_port_range": "80",
                "destination_port_ranges": [],
                "direction": "Inbound",
                "name": "HTTP",
                "priority": 100,
                "protocol": "Tcp",
                "source_address_prefix": "*",
                "source_address_prefixes": [],
                "source_application_security_group_ids": [],
                "source_port_range": "*",
                "source_port_ranges": []
              }
            ],
            "tags": null,
            "timeouts": null
          },
          "sensitive_attributes": [],
          "private": "eyJlMmJmYjczMC1lY2FhLTExZTYtOGY4OC0zNDM2M2JjN2M0YzAiOnsiY3JlYXRlIjoxODAwMDAwMDAwMDAwLCJkZWxldGUiOjE4MDAwMDAwMDAwMDAsInJlYWQiOjMwMDAwMDAwMDAwMCwidXBkYXRlIjoxODAwMDAwMDAwMDAwfX0="
        }
      ]
    },
    {
      "module": "module.main[\"g\"]",
      "mode": "managed",
      "type": "azurerm_public_ip",
      "name": "main",
      "provider": "provider[\"registry.terraform.io/hashicorp/azurerm\"]",
      "instances": [
        {
          "schema_version": 0,
          "attributes": {
            "allocation_method": "Static",
            "availability_zone": "No-Zone",
            "domain_name_label": "pinetest-g",
            "fqdn": "pinetest-g.uksouth.cloudapp.azure.com",
            "id": "/subscriptions/6a1c9c00-ef6b-4bbf-a3f1-ca2c019f31e9/resourceGroups/krishangs_resource/providers/Microsoft.Network/publicIPAddresses/pinetest-g-ip",
            "idle_timeout_in_minutes": 4,
            "ip_address": "20.117.83.205",
            "ip_tags": null,
            "ip_version": "IPv4",
            "location": "uksouth",
            "name": "pinetest-g-ip",
            "public_ip_prefix_id": null,
            "resource_group_name": "krishangs_resource",
            "reverse_fqdn": "",
            "sku": "Basic",
            "sku_tier": "Regional",
            "tags": null,
            "timeouts": null,
            "zones": []
          },
          "sensitive_attributes": [],
          "private": "eyJlMmJmYjczMC1lY2FhLTExZTYtOGY4OC0zNDM2M2JjN2M0YzAiOnsiY3JlYXRlIjoxODAwMDAwMDAwMDAwLCJkZWxldGUiOjE4MDAwMDAwMDAwMDAsInJlYWQiOjMwMDAwMDAwMDAwMCwidXBkYXRlIjoxODAwMDAwMDAwMDAwfX0="
        }
      ]
    },
    {
      "module": "module.main[\"g\"]",
      "mode": "managed",
      "type": "azurerm_subnet",
      "name": "subnet",
      "provider": "provider[\"registry.terraform.io/hashicorp/azurerm\"]",
      "instances": [
        {
          "schema_version": 0,
          "attributes": {
            "address_prefix": "10.0.0.0/24",
            "address_prefixes": [
              "10.0.0.0/24"
            ],
            "delegation": [],
            "enforce_private_link_endpoint_network_policies": false,
            "enforce_private_link_service_network_policies": false,
            "id": "/subscriptions/6a1c9c00-ef6b-4bbf-a3f1-ca2c019f31e9/resourceGroups/krishangs_resource/providers/Microsoft.Network/virtualNetworks/pinetest-g-vnet/subnets/pinetest-g-subnet",
            "name": "pinetest-g-subnet",
            "resource_group_name": "krishangs_resource",
            "service_endpoint_policy_ids": null,
            "service_endpoints": null,
            "timeouts": null,
            "virtual_network_name": "pinetest-g-vnet"
          },
          "sensitive_attributes": [],
          "private": "eyJlMmJmYjczMC1lY2FhLTExZTYtOGY4OC0zNDM2M2JjN2M0YzAiOnsiY3JlYXRlIjoxODAwMDAwMDAwMDAwLCJkZWxldGUiOjE4MDAwMDAwMDAwMDAsInJlYWQiOjMwMDAwMDAwMDAwMCwidXBkYXRlIjoxODAwMDAwMDAwMDAwfX0=",
          "dependencies": [
            "module.main.azurerm_virtual_network.main"
          ]
        }
      ]
    },
    {
      "module": "module.main[\"g\"]",
      "mode": "managed",
      "type": "azurerm_virtual_machine",
      "name": "site",
      "provider": "provider[\"registry.terraform.io/hashicorp/azurerm\"]",
      "instances": [
        {
          "schema_version": 0,
          "attributes": {
            "additional_capabilities": [],
            "availability_set_id": null,
            "boot_diagnostics": [],
            "delete_data_disks_on_termination": false,
            "delete_os_disk_on_termination": true,
            "id": "/subscriptions/6a1c9c00-ef6b-4bbf-a3f1-ca2c019f31e9/resourceGroups/krishangs_resource/providers/Microsoft.Compute/virtualMachines/pinetest-g-site",
            "identity": [],
            "license_type": null,
            "location": "uksouth",
            "name": "pinetest-g-site",
            "network_interface_ids": [
              "/subscriptions/6a1c9c00-ef6b-4bbf-a3f1-ca2c019f31e9/resourceGroups/krishangs_resource/providers/Microsoft.Network/networkInterfaces/pinetest-g-network"
            ],
            "os_profile": [
              {
                "admin_password": "",
                "admin_username": "testuser",
                "computer_name": "pinetest",
                "custom_data": ""
              }
            ],
            "os_profile_linux_config": [
              {
                "disable_password_authentication": false,
                "ssh_keys": []
              }
            ],
            "os_profile_secrets": [],
            "os_profile_windows_config": [],
            "plan": [],
            "primary_network_interface_id": null,
            "proximity_placement_group_id": null,
            "resource_group_name": "krishangs_resource",
            "storage_data_disk": [],
            "storage_image_reference": [
              {
                "id": "",
                "offer": "UbuntuServer",
                "publisher": "Canonical",
                "sku": "18.04-LTS",
                "version": "latest"
              }
            ],
            "storage_os_disk": [
              {
                "caching": "ReadWrite",
                "create_option": "FromImage",
                "disk_size_gb": 30,
                "image_uri": "",
                "managed_disk_id": "/subscriptions/6a1c9c00-ef6b-4bbf-a3f1-ca2c019f31e9/resourceGroups/krishangs_resource/providers/Microsoft.Compute/disks/pinetest-g-osdisk",
                "managed_disk_type": "Standard_LRS",
                "name": "pinetest-g-osdisk",
                "os_type": "Linux",
                "vhd_uri": "",
                "write_accelerator_enabled": false
              }
            ],
            "tags": null,
            "timeouts": null,
            "vm_size": "Standard_A2_v2",
            "zones": null
          },
          "sensitive_attributes": [],
          "private": "eyJlMmJmYjczMC1lY2FhLTExZTYtOGY4OC0zNDM2M2JjN2M0YzAiOnsiY3JlYXRlIjozNjAwMDAwMDAwMDAwLCJkZWxldGUiOjM2MDAwMDAwMDAwMDAsInJlYWQiOjMwMDAwMDAwMDAwMCwidXBkYXRlIjozNjAwMDAwMDAwMDAwfX0=",
          "dependencies": [
            "module.main.azurerm_network_interface.main",
            "module.main.azurerm_public_ip.main",
            "module.main.azurerm_subnet.subnet",
            "module.main.azurerm_virtual_network.main"
          ]
        }
      ]
    },
    {
      "module": "module.main[\"g\"]",
      "mode": "managed",
      "type": "azurerm_virtual_network",
      "name": "main",
      "provider": "provider[\"registry.terraform.io/hashicorp/azurerm\"]",
      "instances": [
        {
          "schema_version": 0,
          "attributes": {
            "address_space": [
              "10.0.0.0/16"
            ],
            "bgp_community": "",
            "ddos_protection_plan": [],
            "dns_servers": [],
            "flow_timeout_in_minutes": 0,
            "guid": "c8edb7eb-4b76-4ee5-9589-b664382d55c5",
            "id": "/subscriptions/6a1c9c00-ef6b-4bbf-a3f1-ca2c019f31e9/resourceGroups/krishangs_resource/providers/Microsoft.Network/virtualNetworks/pinetest-g-vnet",
            "location": "uksouth",
            "name": "pinetest-g-vnet",
            "resource_group_name": "krishangs_resource",
            "subnet": [],
            "tags": null,
            "timeouts": null,
            "vm_protection_enabled": false
          },
          "sensitive_attributes": [],
          "private": "eyJlMmJmYjczMC1lY2FhLTExZTYtOGY4OC0zNDM2M2JjN2M0YzAiOnsiY3JlYXRlIjoxODAwMDAwMDAwMDAwLCJkZWxldGUiOjE4MDAwMDAwMDAwMDAsInJlYWQiOjMwMDAwMDAwMDAwMCwidXBkYXRlIjoxODAwMDAwMDAwMDAwfX0="
        }
      ]
    },
    {
      "module": "module.main[\"h\"]",
      "mode": "data",
      "type": "azurerm_resource_group",
      "name": "main",
      "provider": "provider[\"registry.terraform.io/hashicorp/azurerm\"]",
      "instances": [
        {
          "schema_version": 0,
          "attributes": {
            "id": "/subscriptions/6a1c9c00-ef6b-4bbf-a3f1-ca2c019f31e9/resourceGroups/krishangs_resource",
            "location": "uksouth",
            "name": "krishangs_resource",
            "tags": {},
            "timeouts": null
          },
          "sensitive_attributes": []
        }
      ]
    },
    {
      "module": "module.main[\"h\"]",
      "mode": "managed",
      "type": "azurerm_network_interface",
      "name": "main",
      "provider": "provider[\"registry.terraform.io/hashicorp/azurerm\"]",
      "instances": [
        {
          "schema_version": 0,
          "attributes": {
            "applied_dns_servers": [],
            "dns_servers": [],
            "enable_accelerated_networking": false,
            "enable_ip_forwarding": false,
            "id": "/subscriptions/6a1c9c00-ef6b-4bbf-a3f1-ca2c019f31e9/resourceGroups/krishangs_resource/providers/Microsoft.Network/networkInterfaces/pinetest-h-network",
            "internal_dns_name_label": "",
            "internal_domain_name_suffix": "44bpqdy4avtelokqp5fz3zkoyc.zx.internal.cloudapp.net",
            "ip_configuration": [
              {
                "gateway_load_balancer_frontend_ip_configuration_id": "",
                "name": "pinetest-h-ipconfig",
                "primary": true,
                "private_ip_address": "10.0.0.4",
                "private_ip_address_allocation": "Dynamic",
                "private_ip_address_version": "IPv4",
                "public_ip_address_id": "/subscriptions/6a1c9c00-ef6b-4bbf-a3f1-ca2c019f31e9/resourceGroups/krishangs_resource/providers/Microsoft.Network/publicIPAddresses/pinetest-h-ip",
                "subnet_id": "/subscriptions/6a1c9c00-ef6b-4bbf-a3f1-ca2c019f31e9/resourceGroups/krishangs_resource/providers/Microsoft.Network/virtualNetworks/pinetest-h-vnet/subnets/pinetest-h-subnet"
              }
            ],
            "location": "uksouth",
            "mac_address": "",
            "name": "pinetest-h-network",
            "private_ip_address": "10.0.0.4",
            "private_ip_addresses": [
              "10.0.0.4"
            ],
            "resource_group_name": "krishangs_resource",
            "tags": null,
            "timeouts": null,
            "virtual_machine_id": ""
          },
          "sensitive_attributes": [],
          "private": "eyJlMmJmYjczMC1lY2FhLTExZTYtOGY4OC0zNDM2M2JjN2M0YzAiOnsiY3JlYXRlIjoxODAwMDAwMDAwMDAwLCJkZWxldGUiOjE4MDAwMDAwMDAwMDAsInJlYWQiOjMwMDAwMDAwMDAwMCwidXBkYXRlIjoxODAwMDAwMDAwMDAwfX0=",
          "dependencies": [
            "module.main.azurerm_public_ip.main",
            "module.main.azurerm_subnet.subnet",
            "module.main.azurerm_virtual_network.main"
          ]
        }
      ]
    },
    {
      "module": "module.main[\"h\"]",
      "mode": "managed",
      "type": "azurerm_network_security_group",
      "name": "main",
      "provider": "provider[\"registry.terraform.io/hashicorp/azurerm\"]",
      "instances": [
        {
          "schema_version": 0,
          "attributes": {
            "id": "/subscriptions/6a1c9c00-ef6b-4bbf-a3f1-ca2c019f31e9/resourceGroups/krishangs_resource/providers/Microsoft.Network/networkSecurityGroups/pinetest-h",
            "location": "uksouth",
            "name": "pinetest-h",
            "resource_group_name": "krishangs_resource",
            "security_rule": [
              {
                "access": "Allow",
                "description": "",
                "destination_address_prefix": "*",
                "destination_address_prefixes": [],
                "destination_application_security_group_ids": [],
                "destination_port_range": "22",
                "destination_port_ranges": [],
                "direction": "Inbound",
                "name": "SSH",
                "priority": 101,
                "protocol": "Tcp",
                "source_address_prefix": "*",
                "source_address_prefixes": [],
                "source_application_security_group_ids": [],
                "source_port_range": "*",
                "source_port_ranges": []
              },
              {
                "access": "Allow",
                "description": "",
                "destination_address_prefix": "*",
                "destination_address_prefixes": [],
                "destination_application_security_group_ids": [],
                "destination_port_range": "80",
                "destination_port_ranges": [],
                "direction": "Inbound",
                "name": "HTTP",
                "priority": 100,
                "protocol": "Tcp",
                "source_address_prefix": "*",
                "source_address_prefixes": [],
                "source_application_security_group_ids": [],
                "source_port_range": "*",
                "source_port_ranges": []
              }
            ],
            "tags": null,
            "timeouts": null
          },
          "sensitive_attributes": [],
          "private": "eyJlMmJmYjczMC1lY2FhLTExZTYtOGY4OC0zNDM2M2JjN2M0YzAiOnsiY3JlYXRlIjoxODAwMDAwMDAwMDAwLCJkZWxldGUiOjE4MDAwMDAwMDAwMDAsInJlYWQiOjMwMDAwMDAwMDAwMCwidXBkYXRlIjoxODAwMDAwMDAwMDAwfX0="
        }
      ]
    },
    {
      "module": "module.main[\"h\"]",
      "mode": "managed",
      "type": "azurerm_public_ip",
      "name": "main",
      "provider": "provider[\"registry.terraform.io/hashicorp/azurerm\"]",
      "instances": [
        {
          "schema_version": 0,
          "attributes": {
            "allocation_method": "Static",
            "availability_zone": "No-Zone",
            "domain_name_label": "pinetest-h",
            "fqdn": "pinetest-h.uksouth.cloudapp.azure.com",
            "id": "/subscriptions/6a1c9c00-ef6b-4bbf-a3f1-ca2c019f31e9/resourceGroups/krishangs_resource/providers/Microsoft.Network/publicIPAddresses/pinetest-h-ip",
            "idle_timeout_in_minutes": 4,
            "ip_address": "20.117.85.125",
            "ip_tags": null,
            "ip_version": "IPv4",
            "location": "uksouth",
            "name": "pinetest-h-ip",
            "public_ip_prefix_id": null,
            "resource_group_name": "krishangs_resource",
            "reverse_fqdn": "",
            "sku": "Basic",
            "sku_tier": "Regional",
            "tags": null,
            "timeouts": null,
            "zones": []
          },
          "sensitive_attributes": [],
          "private": "eyJlMmJmYjczMC1lY2FhLTExZTYtOGY4OC0zNDM2M2JjN2M0YzAiOnsiY3JlYXRlIjoxODAwMDAwMDAwMDAwLCJkZWxldGUiOjE4MDAwMDAwMDAwMDAsInJlYWQiOjMwMDAwMDAwMDAwMCwidXBkYXRlIjoxODAwMDAwMDAwMDAwfX0="
        }
      ]
    },
    {
      "module": "module.main[\"h\"]",
      "mode": "managed",
      "type": "azurerm_subnet",
      "name": "subnet",
      "provider": "provider[\"registry.terraform.io/hashicorp/azurerm\"]",
      "instances": [
        {
          "schema_version": 0,
          "attributes": {
            "address_prefix": "10.0.0.0/24",
            "address_prefixes": [
              "10.0.0.0/24"
            ],
            "delegation": [],
            "enforce_private_link_endpoint_network_policies": false,
            "enforce_private_link_service_network_policies": false,
            "id": "/subscriptions/6a1c9c00-ef6b-4bbf-a3f1-ca2c019f31e9/resourceGroups/krishangs_resource/providers/Microsoft.Network/virtualNetworks/pinetest-h-vnet/subnets/pinetest-h-subnet",
            "name": "pinetest-h-subnet",
            "resource_group_name": "krishangs_resource",
            "service_endpoint_policy_ids": null,
            "service_endpoints": null,
            "timeouts": null,
            "virtual_network_name": "pinetest-h-vnet"
          },
          "sensitive_attributes": [],
          "private": "eyJlMmJmYjczMC1lY2FhLTExZTYtOGY4OC0zNDM2M2JjN2M0YzAiOnsiY3JlYXRlIjoxODAwMDAwMDAwMDAwLCJkZWxldGUiOjE4MDAwMDAwMDAwMDAsInJlYWQiOjMwMDAwMDAwMDAwMCwidXBkYXRlIjoxODAwMDAwMDAwMDAwfX0=",
          "dependencies": [
            "module.main.azurerm_virtual_network.main"
          ]
        }
      ]
    },
    {
      "module": "module.main[\"h\"]",
      "mode": "managed",
      "type": "azurerm_virtual_machine",
      "name": "site",
      "provider": "provider[\"registry.terraform.io/hashicorp/azurerm\"]",
      "instances": [
        {
          "schema_version": 0,
          "attributes": {
            "additional_capabilities": [],
            "availability_set_id": null,
            "boot_diagnostics": [],
            "delete_data_disks_on_termination": false,
            "delete_os_disk_on_termination": true,
            "id": "/subscriptions/6a1c9c00-ef6b-4bbf-a3f1-ca2c019f31e9/resourceGroups/krishangs_resource/providers/Microsoft.Compute/virtualMachines/pinetest-h-site",
            "identity": [],
            "license_type": null,
            "location": "uksouth",
            "name": "pinetest-h-site",
            "network_interface_ids": [
              "/subscriptions/6a1c9c00-ef6b-4bbf-a3f1-ca2c019f31e9/resourceGroups/krishangs_resource/providers/Microsoft.Network/networkInterfaces/pinetest-h-network"
            ],
            "os_profile": [
              {
                "admin_password": "",
                "admin_username": "testuser",
                "computer_name": "pinetest",
                "custom_data": ""
              }
            ],
            "os_profile_linux_config": [
              {
                "disable_password_authentication": false,
                "ssh_keys": []
              }
            ],
            "os_profile_secrets": [],
            "os_profile_windows_config": [],
            "plan": [],
            "primary_network_interface_id": null,
            "proximity_placement_group_id": null,
            "resource_group_name": "krishangs_resource",
            "storage_data_disk": [],
            "storage_image_reference": [
              {
                "id": "",
                "offer": "UbuntuServer",
                "publisher": "Canonical",
                "sku": "18.04-LTS",
                "version": "latest"
              }
            ],
            "storage_os_disk": [
              {
                "caching": "ReadWrite",
                "create_option": "FromImage",
                "disk_size_gb": 30,
                "image_uri": "",
                "managed_disk_id": "/subscriptions/6a1c9c00-ef6b-4bbf-a3f1-ca2c019f31e9/resourceGroups/krishangs_resource/providers/Microsoft.Compute/disks/pinetest-h-osdisk",
                "managed_disk_type": "Standard_LRS",
                "name": "pinetest-h-osdisk",
                "os_type": "Linux",
                "vhd_uri": "",
                "write_accelerator_enabled": false
              }
            ],
            "tags": null,
            "timeouts": null,
            "vm_size": "Standard_A2_v2",
            "zones": null
          },
          "sensitive_attributes": [],
          "private": "eyJlMmJmYjczMC1lY2FhLTExZTYtOGY4OC0zNDM2M2JjN2M0YzAiOnsiY3JlYXRlIjozNjAwMDAwMDAwMDAwLCJkZWxldGUiOjM2MDAwMDAwMDAwMDAsInJlYWQiOjMwMDAwMDAwMDAwMCwidXBkYXRlIjozNjAwMDAwMDAwMDAwfX0=",
          "dependencies": [
            "module.main.azurerm_network_interface.main",
            "module.main.azurerm_public_ip.main",
            "module.main.azurerm_subnet.subnet",
            "module.main.azurerm_virtual_network.main"
          ]
        }
      ]
    },
    {
      "module": "module.main[\"h\"]",
      "mode": "managed",
      "type": "azurerm_virtual_network",
      "name": "main",
      "provider": "provider[\"registry.terraform.io/hashicorp/azurerm\"]",
      "instances": [
        {
          "schema_version": 0,
          "attributes": {
            "address_space": [
              "10.0.0.0/16"
            ],
            "bgp_community": "",
            "ddos_protection_plan": [],
            "dns_servers": [],
            "flow_timeout_in_minutes": 0,
            "guid": "0ff882f7-051e-4566-b950-7fcb9ee54ec2",
            "id": "/subscriptions/6a1c9c00-ef6b-4bbf-a3f1-ca2c019f31e9/resourceGroups/krishangs_resource/providers/Microsoft.Network/virtualNetworks/pinetest-h-vnet",
            "location": "uksouth",
            "name": "pinetest-h-vnet",
            "resource_group_name": "krishangs_resource",
            "subnet": [],
            "tags": null,
            "timeouts": null,
            "vm_protection_enabled": false
          },
          "sensitive_attributes": [],
          "private": "eyJlMmJmYjczMC1lY2FhLTExZTYtOGY4OC0zNDM2M2JjN2M0YzAiOnsiY3JlYXRlIjoxODAwMDAwMDAwMDAwLCJkZWxldGUiOjE4MDAwMDAwMDAwMDAsInJlYWQiOjMwMDAwMDAwMDAwMCwidXBkYXRlIjoxODAwMDAwMDAwMDAwfX0="
        }
      ]
    },
    {
      "module": "module.main[\"i\"]",
      "mode": "data",
      "type": "azurerm_resource_group",
      "name": "main",
      "provider": "provider[\"registry.terraform.io/hashicorp/azurerm\"]",
      "instances": [
        {
          "schema_version": 0,
          "attributes": {
            "id": "/subscriptions/6a1c9c00-ef6b-4bbf-a3f1-ca2c019f31e9/resourceGroups/krishangs_resource",
            "location": "uksouth",
            "name": "krishangs_resource",
            "tags": {},
            "timeouts": null
          },
          "sensitive_attributes": []
        }
      ]
    },
    {
      "module": "module.main[\"i\"]",
      "mode": "managed",
      "type": "azurerm_network_interface",
      "name": "main",
      "provider": "provider[\"registry.terraform.io/hashicorp/azurerm\"]",
      "instances": [
        {
          "schema_version": 0,
          "attributes": {
            "applied_dns_servers": [],
            "dns_servers": [],
            "enable_accelerated_networking": false,
            "enable_ip_forwarding": false,
            "id": "/subscriptions/6a1c9c00-ef6b-4bbf-a3f1-ca2c019f31e9/resourceGroups/krishangs_resource/providers/Microsoft.Network/networkInterfaces/pinetest-i-network",
            "internal_dns_name_label": "",
            "internal_domain_name_suffix": "k2vrwkzcx3mevbm0izoccjdyrf.zx.internal.cloudapp.net",
            "ip_configuration": [
              {
                "gateway_load_balancer_frontend_ip_configuration_id": "",
                "name": "pinetest-i-ipconfig",
                "primary": true,
                "private_ip_address": "10.0.0.4",
                "private_ip_address_allocation": "Dynamic",
                "private_ip_address_version": "IPv4",
                "public_ip_address_id": "/subscriptions/6a1c9c00-ef6b-4bbf-a3f1-ca2c019f31e9/resourceGroups/krishangs_resource/providers/Microsoft.Network/publicIPAddresses/pinetest-i-ip",
                "subnet_id": "/subscriptions/6a1c9c00-ef6b-4bbf-a3f1-ca2c019f31e9/resourceGroups/krishangs_resource/providers/Microsoft.Network/virtualNetworks/pinetest-i-vnet/subnets/pinetest-i-subnet"
              }
            ],
            "location": "uksouth",
            "mac_address": "",
            "name": "pinetest-i-network",
            "private_ip_address": "10.0.0.4",
            "private_ip_addresses": [
              "10.0.0.4"
            ],
            "resource_group_name": "krishangs_resource",
            "tags": null,
            "timeouts": null,
            "virtual_machine_id": ""
          },
          "sensitive_attributes": [],
          "private": "eyJlMmJmYjczMC1lY2FhLTExZTYtOGY4OC0zNDM2M2JjN2M0YzAiOnsiY3JlYXRlIjoxODAwMDAwMDAwMDAwLCJkZWxldGUiOjE4MDAwMDAwMDAwMDAsInJlYWQiOjMwMDAwMDAwMDAwMCwidXBkYXRlIjoxODAwMDAwMDAwMDAwfX0=",
          "dependencies": [
            "module.main.azurerm_public_ip.main",
            "module.main.azurerm_subnet.subnet",
            "module.main.azurerm_virtual_network.main"
          ]
        }
      ]
    },
    {
      "module": "module.main[\"i\"]",
      "mode": "managed",
      "type": "azurerm_network_security_group",
      "name": "main",
      "provider": "provider[\"registry.terraform.io/hashicorp/azurerm\"]",
      "instances": [
        {
          "schema_version": 0,
          "attributes": {
            "id": "/subscriptions/6a1c9c00-ef6b-4bbf-a3f1-ca2c019f31e9/resourceGroups/krishangs_resource/providers/Microsoft.Network/networkSecurityGroups/pinetest-i",
            "location": "uksouth",
            "name": "pinetest-i",
            "resource_group_name": "krishangs_resource",
            "security_rule": [
              {
                "access": "Allow",
                "description": "",
                "destination_address_prefix": "*",
                "destination_address_prefixes": [],
                "destination_application_security_group_ids": [],
                "destination_port_range": "22",
                "destination_port_ranges": [],
                "direction": "Inbound",
                "name": "SSH",
                "priority": 101,
                "protocol": "Tcp",
                "source_address_prefix": "*",
                "source_address_prefixes": [],
                "source_application_security_group_ids": [],
                "source_port_range": "*",
                "source_port_ranges": []
              },
              {
                "access": "Allow",
                "description": "",
                "destination_address_prefix": "*",
                "destination_address_prefixes": [],
                "destination_application_security_group_ids": [],
                "destination_port_range": "80",
                "destination_port_ranges": [],
                "direction": "Inbound",
                "name": "HTTP",
                "priority": 100,
                "protocol": "Tcp",
                "source_address_prefix": "*",
                "source_address_prefixes": [],
                "source_application_security_group_ids": [],
                "source_port_range": "*",
                "source_port_ranges": []
              }
            ],
            "tags": null,
            "timeouts": null
          },
          "sensitive_attributes": [],
          "private": "eyJlMmJmYjczMC1lY2FhLTExZTYtOGY4OC0zNDM2M2JjN2M0YzAiOnsiY3JlYXRlIjoxODAwMDAwMDAwMDAwLCJkZWxldGUiOjE4MDAwMDAwMDAwMDAsInJlYWQiOjMwMDAwMDAwMDAwMCwidXBkYXRlIjoxODAwMDAwMDAwMDAwfX0="
        }
      ]
    },
    {
      "module": "module.main[\"i\"]",
      "mode": "managed",
      "type": "azurerm_public_ip",
      "name": "main",
      "provider": "provider[\"registry.terraform.io/hashicorp/azurerm\"]",
      "instances": [
        {
          "schema_version": 0,
          "attributes": {
            "allocation_method": "Static",
            "availability_zone": "No-Zone",
            "domain_name_label": "pinetest-i",
            "fqdn": "pinetest-i.uksouth.cloudapp.azure.com",
            "id": "/subscriptions/6a1c9c00-ef6b-4bbf-a3f1-ca2c019f31e9/resourceGroups/krishangs_resource/providers/Microsoft.Network/publicIPAddresses/pinetest-i-ip",
            "idle_timeout_in_minutes": 4,
            "ip_address": "20.117.85.141",
            "ip_tags": null,
            "ip_version": "IPv4",
            "location": "uksouth",
            "name": "pinetest-i-ip",
            "public_ip_prefix_id": null,
            "resource_group_name": "krishangs_resource",
            "reverse_fqdn": "",
            "sku": "Basic",
            "sku_tier": "Regional",
            "tags": null,
            "timeouts": null,
            "zones": []
          },
          "sensitive_attributes": [],
          "private": "eyJlMmJmYjczMC1lY2FhLTExZTYtOGY4OC0zNDM2M2JjN2M0YzAiOnsiY3JlYXRlIjoxODAwMDAwMDAwMDAwLCJkZWxldGUiOjE4MDAwMDAwMDAwMDAsInJlYWQiOjMwMDAwMDAwMDAwMCwidXBkYXRlIjoxODAwMDAwMDAwMDAwfX0="
        }
      ]
    },
    {
      "module": "module.main[\"i\"]",
      "mode": "managed",
      "type": "azurerm_subnet",
      "name": "subnet",
      "provider": "provider[\"registry.terraform.io/hashicorp/azurerm\"]",
      "instances": [
        {
          "schema_version": 0,
          "attributes": {
            "address_prefix": "10.0.0.0/24",
            "address_prefixes": [
              "10.0.0.0/24"
            ],
            "delegation": [],
            "enforce_private_link_endpoint_network_policies": false,
            "enforce_private_link_service_network_policies": false,
            "id": "/subscriptions/6a1c9c00-ef6b-4bbf-a3f1-ca2c019f31e9/resourceGroups/krishangs_resource/providers/Microsoft.Network/virtualNetworks/pinetest-i-vnet/subnets/pinetest-i-subnet",
            "name": "pinetest-i-subnet",
            "resource_group_name": "krishangs_resource",
            "service_endpoint_policy_ids": null,
            "service_endpoints": null,
            "timeouts": null,
            "virtual_network_name": "pinetest-i-vnet"
          },
          "sensitive_attributes": [],
          "private": "eyJlMmJmYjczMC1lY2FhLTExZTYtOGY4OC0zNDM2M2JjN2M0YzAiOnsiY3JlYXRlIjoxODAwMDAwMDAwMDAwLCJkZWxldGUiOjE4MDAwMDAwMDAwMDAsInJlYWQiOjMwMDAwMDAwMDAwMCwidXBkYXRlIjoxODAwMDAwMDAwMDAwfX0=",
          "dependencies": [
            "module.main.azurerm_virtual_network.main"
          ]
        }
      ]
    },
    {
      "module": "module.main[\"i\"]",
      "mode": "managed",
      "type": "azurerm_virtual_machine",
      "name": "site",
      "provider": "provider[\"registry.terraform.io/hashicorp/azurerm\"]",
      "instances": [
        {
          "schema_version": 0,
          "attributes": {
            "additional_capabilities": [],
            "availability_set_id": null,
            "boot_diagnostics": [],
            "delete_data_disks_on_termination": false,
            "delete_os_disk_on_termination": true,
            "id": "/subscriptions/6a1c9c00-ef6b-4bbf-a3f1-ca2c019f31e9/resourceGroups/krishangs_resource/providers/Microsoft.Compute/virtualMachines/pinetest-i-site",
            "identity": [],
            "license_type": null,
            "location": "uksouth",
            "name": "pinetest-i-site",
            "network_interface_ids": [
              "/subscriptions/6a1c9c00-ef6b-4bbf-a3f1-ca2c019f31e9/resourceGroups/krishangs_resource/providers/Microsoft.Network/networkInterfaces/pinetest-i-network"
            ],
            "os_profile": [
              {
                "admin_password": "",
                "admin_username": "testuser",
                "computer_name": "pinetest",
                "custom_data": ""
              }
            ],
            "os_profile_linux_config": [
              {
                "disable_password_authentication": false,
                "ssh_keys": []
              }
            ],
            "os_profile_secrets": [],
            "os_profile_windows_config": [],
            "plan": [],
            "primary_network_interface_id": null,
            "proximity_placement_group_id": null,
            "resource_group_name": "krishangs_resource",
            "storage_data_disk": [],
            "storage_image_reference": [
              {
                "id": "",
                "offer": "UbuntuServer",
                "publisher": "Canonical",
                "sku": "18.04-LTS",
                "version": "latest"
              }
            ],
            "storage_os_disk": [
              {
                "caching": "ReadWrite",
                "create_option": "FromImage",
                "disk_size_gb": 30,
                "image_uri": "",
                "managed_disk_id": "/subscriptions/6a1c9c00-ef6b-4bbf-a3f1-ca2c019f31e9/resourceGroups/krishangs_resource/providers/Microsoft.Compute/disks/pinetest-i-osdisk",
                "managed_disk_type": "Standard_LRS",
                "name": "pinetest-i-osdisk",
                "os_type": "Linux",
                "vhd_uri": "",
                "write_accelerator_enabled": false
              }
            ],
            "tags": null,
            "timeouts": null,
            "vm_size": "Standard_A2_v2",
            "zones": null
          },
          "sensitive_attributes": [],
          "private": "eyJlMmJmYjczMC1lY2FhLTExZTYtOGY4OC0zNDM2M2JjN2M0YzAiOnsiY3JlYXRlIjozNjAwMDAwMDAwMDAwLCJkZWxldGUiOjM2MDAwMDAwMDAwMDAsInJlYWQiOjMwMDAwMDAwMDAwMCwidXBkYXRlIjozNjAwMDAwMDAwMDAwfX0=",
          "dependencies": [
            "module.main.azurerm_network_interface.main",
            "module.main.azurerm_public_ip.main",
            "module.main.azurerm_subnet.subnet",
            "module.main.azurerm_virtual_network.main"
          ]
        }
      ]
    },
    {
      "module": "module.main[\"i\"]",
      "mode": "managed",
      "type": "azurerm_virtual_network",
      "name": "main",
      "provider": "provider[\"registry.terraform.io/hashicorp/azurerm\"]",
      "instances": [
        {
          "schema_version": 0,
          "attributes": {
            "address_space": [
              "10.0.0.0/16"
            ],
            "bgp_community": "",
            "ddos_protection_plan": [],
            "dns_servers": [],
            "flow_timeout_in_minutes": 0,
            "guid": "2b1b2b57-bf22-4a58-859a-465c2124788d",
            "id": "/subscriptions/6a1c9c00-ef6b-4bbf-a3f1-ca2c019f31e9/resourceGroups/krishangs_resource/providers/Microsoft.Network/virtualNetworks/pinetest-i-vnet",
            "location": "uksouth",
            "name": "pinetest-i-vnet",
            "resource_group_name": "krishangs_resource",
            "subnet": [],
            "tags": null,
            "timeouts": null,
            "vm_protection_enabled": false
          },
          "sensitive_attributes": [],
          "private": "eyJlMmJmYjczMC1lY2FhLTExZTYtOGY4OC0zNDM2M2JjN2M0YzAiOnsiY3JlYXRlIjoxODAwMDAwMDAwMDAwLCJkZWxldGUiOjE4MDAwMDAwMDAwMDAsInJlYWQiOjMwMDAwMDAwMDAwMCwidXBkYXRlIjoxODAwMDAwMDAwMDAwfX0="
        }
      ]
    },
    {
      "module": "module.main[\"j\"]",
      "mode": "data",
      "type": "azurerm_resource_group",
      "name": "main",
      "provider": "provider[\"registry.terraform.io/hashicorp/azurerm\"]",
      "instances": [
        {
          "schema_version": 0,
          "attributes": {
            "id": "/subscriptions/6a1c9c00-ef6b-4bbf-a3f1-ca2c019f31e9/resourceGroups/krishangs_resource",
            "location": "uksouth",
            "name": "krishangs_resource",
            "tags": {},
            "timeouts": null
          },
          "sensitive_attributes": []
        }
      ]
    },
    {
      "module": "module.main[\"j\"]",
      "mode": "managed",
      "type": "azurerm_network_interface",
      "name": "main",
      "provider": "provider[\"registry.terraform.io/hashicorp/azurerm\"]",
      "instances": [
        {
          "schema_version": 0,
          "attributes": {
            "applied_dns_servers": [],
            "dns_servers": [],
            "enable_accelerated_networking": false,
            "enable_ip_forwarding": false,
            "id": "/subscriptions/6a1c9c00-ef6b-4bbf-a3f1-ca2c019f31e9/resourceGroups/krishangs_resource/providers/Microsoft.Network/networkInterfaces/pinetest-j-network",
            "internal_dns_name_label": "",
            "internal_domain_name_suffix": "lwhwcq30s5ge5byw1110uct3oc.zx.internal.cloudapp.net",
            "ip_configuration": [
              {
                "gateway_load_balancer_frontend_ip_configuration_id": "",
                "name": "pinetest-j-ipconfig",
                "primary": true,
                "private_ip_address": "10.0.0.4",
                "private_ip_address_allocation": "Dynamic",
                "private_ip_address_version": "IPv4",
                "public_ip_address_id": "/subscriptions/6a1c9c00-ef6b-4bbf-a3f1-ca2c019f31e9/resourceGroups/krishangs_resource/providers/Microsoft.Network/publicIPAddresses/pinetest-j-ip",
                "subnet_id": "/subscriptions/6a1c9c00-ef6b-4bbf-a3f1-ca2c019f31e9/resourceGroups/krishangs_resource/providers/Microsoft.Network/virtualNetworks/pinetest-j-vnet/subnets/pinetest-j-subnet"
              }
            ],
            "location": "uksouth",
            "mac_address": "",
            "name": "pinetest-j-network",
            "private_ip_address": "10.0.0.4",
            "private_ip_addresses": [
              "10.0.0.4"
            ],
            "resource_group_name": "krishangs_resource",
            "tags": null,
            "timeouts": null,
            "virtual_machine_id": ""
          },
          "sensitive_attributes": [],
          "private": "eyJlMmJmYjczMC1lY2FhLTExZTYtOGY4OC0zNDM2M2JjN2M0YzAiOnsiY3JlYXRlIjoxODAwMDAwMDAwMDAwLCJkZWxldGUiOjE4MDAwMDAwMDAwMDAsInJlYWQiOjMwMDAwMDAwMDAwMCwidXBkYXRlIjoxODAwMDAwMDAwMDAwfX0=",
          "dependencies": [
            "module.main.azurerm_public_ip.main",
            "module.main.azurerm_subnet.subnet",
            "module.main.azurerm_virtual_network.main"
          ]
        }
      ]
    },
    {
      "module": "module.main[\"j\"]",
      "mode": "managed",
      "type": "azurerm_network_security_group",
      "name": "main",
      "provider": "provider[\"registry.terraform.io/hashicorp/azurerm\"]",
      "instances": [
        {
          "schema_version": 0,
          "attributes": {
            "id": "/subscriptions/6a1c9c00-ef6b-4bbf-a3f1-ca2c019f31e9/resourceGroups/krishangs_resource/providers/Microsoft.Network/networkSecurityGroups/pinetest-j",
            "location": "uksouth",
            "name": "pinetest-j",
            "resource_group_name": "krishangs_resource",
            "security_rule": [
              {
                "access": "Allow",
                "description": "",
                "destination_address_prefix": "*",
                "destination_address_prefixes": [],
                "destination_application_security_group_ids": [],
                "destination_port_range": "22",
                "destination_port_ranges": [],
                "direction": "Inbound",
                "name": "SSH",
                "priority": 101,
                "protocol": "Tcp",
                "source_address_prefix": "*",
                "source_address_prefixes": [],
                "source_application_security_group_ids": [],
                "source_port_range": "*",
                "source_port_ranges": []
              },
              {
                "access": "Allow",
                "description": "",
                "destination_address_prefix": "*",
                "destination_address_prefixes": [],
                "destination_application_security_group_ids": [],
                "destination_port_range": "80",
                "destination_port_ranges": [],
                "direction": "Inbound",
                "name": "HTTP",
                "priority": 100,
                "protocol": "Tcp",
                "source_address_prefix": "*",
                "source_address_prefixes": [],
                "source_application_security_group_ids": [],
                "source_port_range": "*",
                "source_port_ranges": []
              }
            ],
            "tags": null,
            "timeouts": null
          },
          "sensitive_attributes": [],
          "private": "eyJlMmJmYjczMC1lY2FhLTExZTYtOGY4OC0zNDM2M2JjN2M0YzAiOnsiY3JlYXRlIjoxODAwMDAwMDAwMDAwLCJkZWxldGUiOjE4MDAwMDAwMDAwMDAsInJlYWQiOjMwMDAwMDAwMDAwMCwidXBkYXRlIjoxODAwMDAwMDAwMDAwfX0="
        }
      ]
    },
    {
      "module": "module.main[\"j\"]",
      "mode": "managed",
      "type": "azurerm_public_ip",
      "name": "main",
      "provider": "provider[\"registry.terraform.io/hashicorp/azurerm\"]",
      "instances": [
        {
          "schema_version": 0,
          "attributes": {
            "allocation_method": "Static",
            "availability_zone": "No-Zone",
            "domain_name_label": "pinetest-j",
            "fqdn": "pinetest-j.uksouth.cloudapp.azure.com",
            "id": "/subscriptions/6a1c9c00-ef6b-4bbf-a3f1-ca2c019f31e9/resourceGroups/krishangs_resource/providers/Microsoft.Network/publicIPAddresses/pinetest-j-ip",
            "idle_timeout_in_minutes": 4,
            "ip_address": "20.117.83.103",
            "ip_tags": null,
            "ip_version": "IPv4",
            "location": "uksouth",
            "name": "pinetest-j-ip",
            "public_ip_prefix_id": null,
            "resource_group_name": "krishangs_resource",
            "reverse_fqdn": "",
            "sku": "Basic",
            "sku_tier": "Regional",
            "tags": null,
            "timeouts": null,
            "zones": []
          },
          "sensitive_attributes": [],
          "private": "eyJlMmJmYjczMC1lY2FhLTExZTYtOGY4OC0zNDM2M2JjN2M0YzAiOnsiY3JlYXRlIjoxODAwMDAwMDAwMDAwLCJkZWxldGUiOjE4MDAwMDAwMDAwMDAsInJlYWQiOjMwMDAwMDAwMDAwMCwidXBkYXRlIjoxODAwMDAwMDAwMDAwfX0="
        }
      ]
    },
    {
      "module": "module.main[\"j\"]",
      "mode": "managed",
      "type": "azurerm_subnet",
      "name": "subnet",
      "provider": "provider[\"registry.terraform.io/hashicorp/azurerm\"]",
      "instances": [
        {
          "schema_version": 0,
          "attributes": {
            "address_prefix": "10.0.0.0/24",
            "address_prefixes": [
              "10.0.0.0/24"
            ],
            "delegation": [],
            "enforce_private_link_endpoint_network_policies": false,
            "enforce_private_link_service_network_policies": false,
            "id": "/subscriptions/6a1c9c00-ef6b-4bbf-a3f1-ca2c019f31e9/resourceGroups/krishangs_resource/providers/Microsoft.Network/virtualNetworks/pinetest-j-vnet/subnets/pinetest-j-subnet",
            "name": "pinetest-j-subnet",
            "resource_group_name": "krishangs_resource",
            "service_endpoint_policy_ids": null,
            "service_endpoints": null,
            "timeouts": null,
            "virtual_network_name": "pinetest-j-vnet"
          },
          "sensitive_attributes": [],
          "private": "eyJlMmJmYjczMC1lY2FhLTExZTYtOGY4OC0zNDM2M2JjN2M0YzAiOnsiY3JlYXRlIjoxODAwMDAwMDAwMDAwLCJkZWxldGUiOjE4MDAwMDAwMDAwMDAsInJlYWQiOjMwMDAwMDAwMDAwMCwidXBkYXRlIjoxODAwMDAwMDAwMDAwfX0=",
          "dependencies": [
            "module.main.azurerm_virtual_network.main"
          ]
        }
      ]
    },
    {
      "module": "module.main[\"j\"]",
      "mode": "managed",
      "type": "azurerm_virtual_machine",
      "name": "site",
      "provider": "provider[\"registry.terraform.io/hashicorp/azurerm\"]",
      "instances": [
        {
          "schema_version": 0,
          "attributes": {
            "additional_capabilities": [],
            "availability_set_id": null,
            "boot_diagnostics": [],
            "delete_data_disks_on_termination": false,
            "delete_os_disk_on_termination": true,
            "id": "/subscriptions/6a1c9c00-ef6b-4bbf-a3f1-ca2c019f31e9/resourceGroups/krishangs_resource/providers/Microsoft.Compute/virtualMachines/pinetest-j-site",
            "identity": [],
            "license_type": null,
            "location": "uksouth",
            "name": "pinetest-j-site",
            "network_interface_ids": [
              "/subscriptions/6a1c9c00-ef6b-4bbf-a3f1-ca2c019f31e9/resourceGroups/krishangs_resource/providers/Microsoft.Network/networkInterfaces/pinetest-j-network"
            ],
            "os_profile": [
              {
                "admin_password": "",
                "admin_username": "testuser",
                "computer_name": "pinetest",
                "custom_data": ""
              }
            ],
            "os_profile_linux_config": [
              {
                "disable_password_authentication": false,
                "ssh_keys": []
              }
            ],
            "os_profile_secrets": [],
            "os_profile_windows_config": [],
            "plan": [],
            "primary_network_interface_id": null,
            "proximity_placement_group_id": null,
            "resource_group_name": "krishangs_resource",
            "storage_data_disk": [],
            "storage_image_reference": [
              {
                "id": "",
                "offer": "UbuntuServer",
                "publisher": "Canonical",
                "sku": "18.04-LTS",
                "version": "latest"
              }
            ],
            "storage_os_disk": [
              {
                "caching": "ReadWrite",
                "create_option": "FromImage",
                "disk_size_gb": 30,
                "image_uri": "",
                "managed_disk_id": "/subscriptions/6a1c9c00-ef6b-4bbf-a3f1-ca2c019f31e9/resourceGroups/krishangs_resource/providers/Microsoft.Compute/disks/pinetest-j-osdisk",
                "managed_disk_type": "Standard_LRS",
                "name": "pinetest-j-osdisk",
                "os_type": "Linux",
                "vhd_uri": "",
                "write_accelerator_enabled": false
              }
            ],
            "tags": null,
            "timeouts": null,
            "vm_size": "Standard_A2_v2",
            "zones": null
          },
          "sensitive_attributes": [],
          "private": "eyJlMmJmYjczMC1lY2FhLTExZTYtOGY4OC0zNDM2M2JjN2M0YzAiOnsiY3JlYXRlIjozNjAwMDAwMDAwMDAwLCJkZWxldGUiOjM2MDAwMDAwMDAwMDAsInJlYWQiOjMwMDAwMDAwMDAwMCwidXBkYXRlIjozNjAwMDAwMDAwMDAwfX0=",
          "dependencies": [
            "module.main.azurerm_network_interface.main",
            "module.main.azurerm_public_ip.main",
            "module.main.azurerm_subnet.subnet",
            "module.main.azurerm_virtual_network.main"
          ]
        }
      ]
    },
    {
      "module": "module.main[\"j\"]",
      "mode": "managed",
      "type": "azurerm_virtual_network",
      "name": "main",
      "provider": "provider[\"registry.terraform.io/hashicorp/azurerm\"]",
      "instances": [
        {
          "schema_version": 0,
          "attributes": {
            "address_space": [
              "10.0.0.0/16"
            ],
            "bgp_community": "",
            "ddos_protection_plan": [],
            "dns_servers": [],
            "flow_timeout_in_minutes": 0,
            "guid": "43618f5d-97ba-4fcc-8716-def7aa0a7d72",
            "id": "/subscriptions/6a1c9c00-ef6b-4bbf-a3f1-ca2c019f31e9/resourceGroups/krishangs_resource/providers/Microsoft.Network/virtualNetworks/pinetest-j-vnet",
            "location": "uksouth",
            "name": "pinetest-j-vnet",
            "resource_group_name": "krishangs_resource",
            "subnet": [],
            "tags": null,
            "timeouts": null,
            "vm_protection_enabled": false
          },
          "sensitive_attributes": [],
          "private": "eyJlMmJmYjczMC1lY2FhLTExZTYtOGY4OC0zNDM2M2JjN2M0YzAiOnsiY3JlYXRlIjoxODAwMDAwMDAwMDAwLCJkZWxldGUiOjE4MDAwMDAwMDAwMDAsInJlYWQiOjMwMDAwMDAwMDAwMCwidXBkYXRlIjoxODAwMDAwMDAwMDAwfX0="
        }
      ]
    }
  ]
}
