{
  "version": 4,
  "terraform_version": "1.0.9",
  "serial": 898,
  "lineage": "c2442024-3b2d-b65a-46e6-7836a0675fc3",
  "outputs": {
    "ip": {
      "value": {
        "a": {
          "public_ip_address": "20.108.247.140"
        },
        "b": {
          "public_ip_address": "20.108.242.129"
        },
        "c": {
          "public_ip_address": "20.108.247.86"
        },
        "d": {
          "public_ip_address": "20.108.241.163"
        },
        "e": {
          "public_ip_address": "20.108.247.100"
        },
        "f": {
          "public_ip_address": "20.108.247.151"
        },
        "g": {
          "public_ip_address": "20.108.247.91"
        },
        "h": {
          "public_ip_address": "20.108.247.136"
        },
        "i": {
          "public_ip_address": "20.108.247.111"
        },
        "j": {
          "public_ip_address": "20.108.247.96"
        }
      },
      "type": [
        "object",
        {
          "a": [
            "object",
            {
              "public_ip_address": "string"
            }
          ],
          "b": [
            "object",
            {
              "public_ip_address": "string"
            }
          ],
          "c": [
            "object",
            {
              "public_ip_address": "string"
            }
          ],
          "d": [
            "object",
            {
              "public_ip_address": "string"
            }
          ],
          "e": [
            "object",
            {
              "public_ip_address": "string"
            }
          ],
          "f": [
            "object",
            {
              "public_ip_address": "string"
            }
          ],
          "g": [
            "object",
            {
              "public_ip_address": "string"
            }
          ],
          "h": [
            "object",
            {
              "public_ip_address": "string"
            }
          ],
          "i": [
            "object",
            {
              "public_ip_address": "string"
            }
          ],
          "j": [
            "object",
            {
              "public_ip_address": "string"
            }
          ]
        }
      ]
    }
  },
  "resources": [
    {
      "module": "module.application_a[\"a\"]",
      "mode": "data",
      "type": "azurerm_resource_group",
      "name": "main",
      "provider": "provider[\"registry.terraform.io/hashicorp/azurerm\"]",
      "instances": [
        {
          "schema_version": 0,
          "attributes": {
            "id": "/subscriptions/6a1c9c00-ef6b-4bbf-a3f1-ca2c019f31e9/resourceGroups/krishangs_resource",
            "location": "uksouth",
            "name": "krishangs_resource",
            "tags": {},
            "timeouts": null
          },
          "sensitive_attributes": []
        }
      ]
    },
    {
      "module": "module.application_a[\"a\"]",
      "mode": "managed",
      "type": "azurerm_network_interface",
      "name": "main",
      "provider": "provider[\"registry.terraform.io/hashicorp/azurerm\"]",
      "instances": [
        {
          "schema_version": 0,
          "attributes": {
            "applied_dns_servers": [],
            "dns_servers": [],
            "enable_accelerated_networking": false,
            "enable_ip_forwarding": false,
            "id": "/subscriptions/6a1c9c00-ef6b-4bbf-a3f1-ca2c019f31e9/resourceGroups/krishangs_resource/providers/Microsoft.Network/networkInterfaces/pineapple-a-network",
            "internal_dns_name_label": "",
            "internal_domain_name_suffix": "ofrpf1vfkgeezczonuigseq2rg.zx.internal.cloudapp.net",
            "ip_configuration": [
              {
                "gateway_load_balancer_frontend_ip_configuration_id": "",
                "name": "pineapple-a-ipconfig",
                "primary": true,
                "private_ip_address": "10.0.0.4",
                "private_ip_address_allocation": "Dynamic",
                "private_ip_address_version": "IPv4",
                "public_ip_address_id": "/subscriptions/6a1c9c00-ef6b-4bbf-a3f1-ca2c019f31e9/resourceGroups/krishangs_resource/providers/Microsoft.Network/publicIPAddresses/pineapple-a-ip",
                "subnet_id": "/subscriptions/6a1c9c00-ef6b-4bbf-a3f1-ca2c019f31e9/resourceGroups/krishangs_resource/providers/Microsoft.Network/virtualNetworks/pineapplicaiton-vnet-a-vnet/subnets/pineapple-a-subnet"
              }
            ],
            "location": "uksouth",
            "mac_address": "",
            "name": "pineapple-a-network",
            "private_ip_address": "10.0.0.4",
            "private_ip_addresses": [
              "10.0.0.4"
            ],
            "resource_group_name": "krishangs_resource",
            "tags": null,
            "timeouts": null,
            "virtual_machine_id": ""
          },
          "sensitive_attributes": [],
          "private": "eyJlMmJmYjczMC1lY2FhLTExZTYtOGY4OC0zNDM2M2JjN2M0YzAiOnsiY3JlYXRlIjoxODAwMDAwMDAwMDAwLCJkZWxldGUiOjE4MDAwMDAwMDAwMDAsInJlYWQiOjMwMDAwMDAwMDAwMCwidXBkYXRlIjoxODAwMDAwMDAwMDAwfX0=",
          "dependencies": [
            "module.application_a.azurerm_public_ip.main",
            "module.application_a.azurerm_subnet.subnet",
            "module.application_a.azurerm_virtual_network.main"
          ]
        }
      ]
    },
    {
      "module": "module.application_a[\"a\"]",
      "mode": "managed",
      "type": "azurerm_network_security_group",
      "name": "main",
      "provider": "provider[\"registry.terraform.io/hashicorp/azurerm\"]",
      "instances": [
        {
          "schema_version": 0,
          "attributes": {
            "id": "/subscriptions/6a1c9c00-ef6b-4bbf-a3f1-ca2c019f31e9/resourceGroups/krishangs_resource/providers/Microsoft.Network/networkSecurityGroups/pineapple-a",
            "location": "uksouth",
            "name": "pineapple-a",
            "resource_group_name": "krishangs_resource",
            "security_rule": [
              {
                "access": "Allow",
                "description": "",
                "destination_address_prefix": "*",
                "destination_address_prefixes": [],
                "destination_application_security_group_ids": [],
                "destination_port_range": "22",
                "destination_port_ranges": [],
                "direction": "Inbound",
                "name": "SSH",
                "priority": 101,
                "protocol": "Tcp",
                "source_address_prefix": "*",
                "source_address_prefixes": [],
                "source_application_security_group_ids": [],
                "source_port_range": "*",
                "source_port_ranges": []
              },
              {
                "access": "Allow",
                "description": "",
                "destination_address_prefix": "*",
                "destination_address_prefixes": [],
                "destination_application_security_group_ids": [],
                "destination_port_range": "80",
                "destination_port_ranges": [],
                "direction": "Inbound",
                "name": "HTTP",
                "priority": 100,
                "protocol": "Tcp",
                "source_address_prefix": "*",
                "source_address_prefixes": [],
                "source_application_security_group_ids": [],
                "source_port_range": "*",
                "source_port_ranges": []
              }
            ],
            "tags": null,
            "timeouts": null
          },
          "sensitive_attributes": [],
          "private": "eyJlMmJmYjczMC1lY2FhLTExZTYtOGY4OC0zNDM2M2JjN2M0YzAiOnsiY3JlYXRlIjoxODAwMDAwMDAwMDAwLCJkZWxldGUiOjE4MDAwMDAwMDAwMDAsInJlYWQiOjMwMDAwMDAwMDAwMCwidXBkYXRlIjoxODAwMDAwMDAwMDAwfX0="
        }
      ]
    },
    {
      "module": "module.application_a[\"a\"]",
      "mode": "managed",
      "type": "azurerm_public_ip",
      "name": "main",
      "provider": "provider[\"registry.terraform.io/hashicorp/azurerm\"]",
      "instances": [
        {
          "schema_version": 0,
          "attributes": {
            "allocation_method": "Static",
            "availability_zone": "No-Zone",
            "domain_name_label": "pineapplication-a",
            "fqdn": "pineapplication-a.uksouth.cloudapp.azure.com",
            "id": "/subscriptions/6a1c9c00-ef6b-4bbf-a3f1-ca2c019f31e9/resourceGroups/krishangs_resource/providers/Microsoft.Network/publicIPAddresses/pineapple-a-ip",
            "idle_timeout_in_minutes": 4,
            "ip_address": "20.108.247.140",
            "ip_tags": null,
            "ip_version": "IPv4",
            "location": "uksouth",
            "name": "pineapple-a-ip",
            "public_ip_prefix_id": null,
            "resource_group_name": "krishangs_resource",
            "reverse_fqdn": "",
            "sku": "Basic",
            "sku_tier": "Regional",
            "tags": null,
            "timeouts": null,
            "zones": []
          },
          "sensitive_attributes": [],
          "private": "eyJlMmJmYjczMC1lY2FhLTExZTYtOGY4OC0zNDM2M2JjN2M0YzAiOnsiY3JlYXRlIjoxODAwMDAwMDAwMDAwLCJkZWxldGUiOjE4MDAwMDAwMDAwMDAsInJlYWQiOjMwMDAwMDAwMDAwMCwidXBkYXRlIjoxODAwMDAwMDAwMDAwfX0="
        }
      ]
    },
    {
      "module": "module.application_a[\"a\"]",
      "mode": "managed",
      "type": "azurerm_subnet",
      "name": "subnet",
      "provider": "provider[\"registry.terraform.io/hashicorp/azurerm\"]",
      "instances": [
        {
          "schema_version": 0,
          "attributes": {
            "address_prefix": "10.0.0.0/24",
            "address_prefixes": [
              "10.0.0.0/24"
            ],
            "delegation": [],
            "enforce_private_link_endpoint_network_policies": false,
            "enforce_private_link_service_network_policies": false,
            "id": "/subscriptions/6a1c9c00-ef6b-4bbf-a3f1-ca2c019f31e9/resourceGroups/krishangs_resource/providers/Microsoft.Network/virtualNetworks/pineapplicaiton-vnet-a-vnet/subnets/pineapple-a-subnet",
            "name": "pineapple-a-subnet",
            "resource_group_name": "krishangs_resource",
            "service_endpoint_policy_ids": null,
            "service_endpoints": null,
            "timeouts": null,
            "virtual_network_name": "pineapplicaiton-vnet-a-vnet"
          },
          "sensitive_attributes": [],
          "private": "eyJlMmJmYjczMC1lY2FhLTExZTYtOGY4OC0zNDM2M2JjN2M0YzAiOnsiY3JlYXRlIjoxODAwMDAwMDAwMDAwLCJkZWxldGUiOjE4MDAwMDAwMDAwMDAsInJlYWQiOjMwMDAwMDAwMDAwMCwidXBkYXRlIjoxODAwMDAwMDAwMDAwfX0=",
          "dependencies": [
            "module.application_a.azurerm_virtual_network.main"
          ]
        }
      ]
    },
    {
      "module": "module.application_a[\"a\"]",
      "mode": "managed",
      "type": "azurerm_virtual_machine",
      "name": "site",
      "provider": "provider[\"registry.terraform.io/hashicorp/azurerm\"]",
      "instances": [
        {
          "schema_version": 0,
          "attributes": {
            "additional_capabilities": [],
            "availability_set_id": null,
            "boot_diagnostics": [],
            "delete_data_disks_on_termination": false,
            "delete_os_disk_on_termination": true,
            "id": "/subscriptions/6a1c9c00-ef6b-4bbf-a3f1-ca2c019f31e9/resourceGroups/krishangs_resource/providers/Microsoft.Compute/virtualMachines/pineapplication-a-site",
            "identity": [],
            "license_type": null,
            "location": "uksouth",
            "name": "pineapplication-a-site",
            "network_interface_ids": [
              "/subscriptions/6a1c9c00-ef6b-4bbf-a3f1-ca2c019f31e9/resourceGroups/krishangs_resource/providers/Microsoft.Network/networkInterfaces/pineapple-a-network"
            ],
            "os_profile": [
              {
                "admin_password": "",
                "admin_username": "testuser",
                "computer_name": "pineapplication",
                "custom_data": ""
              }
            ],
            "os_profile_linux_config": [
              {
                "disable_password_authentication": false,
                "ssh_keys": []
              }
            ],
            "os_profile_secrets": [],
            "os_profile_windows_config": [],
            "plan": [],
            "primary_network_interface_id": null,
            "proximity_placement_group_id": null,
            "resource_group_name": "krishangs_resource",
            "storage_data_disk": [],
            "storage_image_reference": [
              {
                "id": "",
                "offer": "UbuntuServer",
                "publisher": "Canonical",
                "sku": "18.04-LTS",
                "version": "latest"
              }
            ],
            "storage_os_disk": [
              {
                "caching": "ReadWrite",
                "create_option": "FromImage",
                "disk_size_gb": 30,
                "image_uri": "",
                "managed_disk_id": "/subscriptions/6a1c9c00-ef6b-4bbf-a3f1-ca2c019f31e9/resourceGroups/krishangs_resource/providers/Microsoft.Compute/disks/pineapplication-a-osdisk",
                "managed_disk_type": "Standard_LRS",
                "name": "pineapplication-a-osdisk",
                "os_type": "Linux",
                "vhd_uri": "",
                "write_accelerator_enabled": false
              }
            ],
            "tags": null,
            "timeouts": null,
            "vm_size": "Standard_B16ms",
            "zones": null
          },
          "sensitive_attributes": [],
          "private": "eyJlMmJmYjczMC1lY2FhLTExZTYtOGY4OC0zNDM2M2JjN2M0YzAiOnsiY3JlYXRlIjozNjAwMDAwMDAwMDAwLCJkZWxldGUiOjM2MDAwMDAwMDAwMDAsInJlYWQiOjMwMDAwMDAwMDAwMCwidXBkYXRlIjozNjAwMDAwMDAwMDAwfX0=",
          "dependencies": [
            "module.application_a.azurerm_network_interface.main",
            "module.application_a.azurerm_public_ip.main",
            "module.application_a.azurerm_subnet.subnet",
            "module.application_a.azurerm_virtual_network.main"
          ]
        }
      ]
    },
    {
      "module": "module.application_a[\"a\"]",
      "mode": "managed",
      "type": "azurerm_virtual_network",
      "name": "main",
      "provider": "provider[\"registry.terraform.io/hashicorp/azurerm\"]",
      "instances": [
        {
          "schema_version": 0,
          "attributes": {
            "address_space": [
              "10.0.0.0/16"
            ],
            "bgp_community": "",
            "ddos_protection_plan": [],
            "dns_servers": [],
            "flow_timeout_in_minutes": 0,
            "guid": "eef26271-51a5-4c88-8b2e-6d1069121c8e",
            "id": "/subscriptions/6a1c9c00-ef6b-4bbf-a3f1-ca2c019f31e9/resourceGroups/krishangs_resource/providers/Microsoft.Network/virtualNetworks/pineapplicaiton-vnet-a-vnet",
            "location": "uksouth",
            "name": "pineapplicaiton-vnet-a-vnet",
            "resource_group_name": "krishangs_resource",
            "subnet": [],
            "tags": null,
            "timeouts": null,
            "vm_protection_enabled": false
          },
          "sensitive_attributes": [],
          "private": "eyJlMmJmYjczMC1lY2FhLTExZTYtOGY4OC0zNDM2M2JjN2M0YzAiOnsiY3JlYXRlIjoxODAwMDAwMDAwMDAwLCJkZWxldGUiOjE4MDAwMDAwMDAwMDAsInJlYWQiOjMwMDAwMDAwMDAwMCwidXBkYXRlIjoxODAwMDAwMDAwMDAwfX0="
        }
      ]
    },
    {
      "module": "module.application_a[\"b\"]",
      "mode": "data",
      "type": "azurerm_resource_group",
      "name": "main",
      "provider": "provider[\"registry.terraform.io/hashicorp/azurerm\"]",
      "instances": [
        {
          "schema_version": 0,
          "attributes": {
            "id": "/subscriptions/6a1c9c00-ef6b-4bbf-a3f1-ca2c019f31e9/resourceGroups/krishangs_resource",
            "location": "uksouth",
            "name": "krishangs_resource",
            "tags": {},
            "timeouts": null
          },
          "sensitive_attributes": []
        }
      ]
    },
    {
      "module": "module.application_a[\"b\"]",
      "mode": "managed",
      "type": "azurerm_network_interface",
      "name": "main",
      "provider": "provider[\"registry.terraform.io/hashicorp/azurerm\"]",
      "instances": [
        {
          "schema_version": 0,
          "attributes": {
            "applied_dns_servers": [],
            "dns_servers": [],
            "enable_accelerated_networking": false,
            "enable_ip_forwarding": false,
            "id": "/subscriptions/6a1c9c00-ef6b-4bbf-a3f1-ca2c019f31e9/resourceGroups/krishangs_resource/providers/Microsoft.Network/networkInterfaces/pineapple-b-network",
            "internal_dns_name_label": "",
            "internal_domain_name_suffix": "clhbzyty0eguxiejox5tdwnssb.zx.internal.cloudapp.net",
            "ip_configuration": [
              {
                "gateway_load_balancer_frontend_ip_configuration_id": "",
                "name": "pineapple-b-ipconfig",
                "primary": true,
                "private_ip_address": "10.0.0.4",
                "private_ip_address_allocation": "Dynamic",
                "private_ip_address_version": "IPv4",
                "public_ip_address_id": "/subscriptions/6a1c9c00-ef6b-4bbf-a3f1-ca2c019f31e9/resourceGroups/krishangs_resource/providers/Microsoft.Network/publicIPAddresses/pineapple-b-ip",
                "subnet_id": "/subscriptions/6a1c9c00-ef6b-4bbf-a3f1-ca2c019f31e9/resourceGroups/krishangs_resource/providers/Microsoft.Network/virtualNetworks/pineapplicaiton-vnet-b-vnet/subnets/pineapple-b-subnet"
              }
            ],
            "location": "uksouth",
            "mac_address": "",
            "name": "pineapple-b-network",
            "private_ip_address": "10.0.0.4",
            "private_ip_addresses": [
              "10.0.0.4"
            ],
            "resource_group_name": "krishangs_resource",
            "tags": null,
            "timeouts": null,
            "virtual_machine_id": ""
          },
          "sensitive_attributes": [],
          "private": "eyJlMmJmYjczMC1lY2FhLTExZTYtOGY4OC0zNDM2M2JjN2M0YzAiOnsiY3JlYXRlIjoxODAwMDAwMDAwMDAwLCJkZWxldGUiOjE4MDAwMDAwMDAwMDAsInJlYWQiOjMwMDAwMDAwMDAwMCwidXBkYXRlIjoxODAwMDAwMDAwMDAwfX0=",
          "dependencies": [
            "module.application_a.azurerm_public_ip.main",
            "module.application_a.azurerm_subnet.subnet",
            "module.application_a.azurerm_virtual_network.main"
          ]
        }
      ]
    },
    {
      "module": "module.application_a[\"b\"]",
      "mode": "managed",
      "type": "azurerm_network_security_group",
      "name": "main",
      "provider": "provider[\"registry.terraform.io/hashicorp/azurerm\"]",
      "instances": [
        {
          "schema_version": 0,
          "attributes": {
            "id": "/subscriptions/6a1c9c00-ef6b-4bbf-a3f1-ca2c019f31e9/resourceGroups/krishangs_resource/providers/Microsoft.Network/networkSecurityGroups/pineapple-b",
            "location": "uksouth",
            "name": "pineapple-b",
            "resource_group_name": "krishangs_resource",
            "security_rule": [
              {
                "access": "Allow",
                "description": "",
                "destination_address_prefix": "*",
                "destination_address_prefixes": [],
                "destination_application_security_group_ids": [],
                "destination_port_range": "22",
                "destination_port_ranges": [],
                "direction": "Inbound",
                "name": "SSH",
                "priority": 101,
                "protocol": "Tcp",
                "source_address_prefix": "*",
                "source_address_prefixes": [],
                "source_application_security_group_ids": [],
                "source_port_range": "*",
                "source_port_ranges": []
              },
              {
                "access": "Allow",
                "description": "",
                "destination_address_prefix": "*",
                "destination_address_prefixes": [],
                "destination_application_security_group_ids": [],
                "destination_port_range": "80",
                "destination_port_ranges": [],
                "direction": "Inbound",
                "name": "HTTP",
                "priority": 100,
                "protocol": "Tcp",
                "source_address_prefix": "*",
                "source_address_prefixes": [],
                "source_application_security_group_ids": [],
                "source_port_range": "*",
                "source_port_ranges": []
              }
            ],
            "tags": null,
            "timeouts": null
          },
          "sensitive_attributes": [],
          "private": "eyJlMmJmYjczMC1lY2FhLTExZTYtOGY4OC0zNDM2M2JjN2M0YzAiOnsiY3JlYXRlIjoxODAwMDAwMDAwMDAwLCJkZWxldGUiOjE4MDAwMDAwMDAwMDAsInJlYWQiOjMwMDAwMDAwMDAwMCwidXBkYXRlIjoxODAwMDAwMDAwMDAwfX0="
        }
      ]
    },
    {
      "module": "module.application_a[\"b\"]",
      "mode": "managed",
      "type": "azurerm_public_ip",
      "name": "main",
      "provider": "provider[\"registry.terraform.io/hashicorp/azurerm\"]",
      "instances": [
        {
          "schema_version": 0,
          "attributes": {
            "allocation_method": "Static",
            "availability_zone": "No-Zone",
            "domain_name_label": "pineapplication-b",
            "fqdn": "pineapplication-b.uksouth.cloudapp.azure.com",
            "id": "/subscriptions/6a1c9c00-ef6b-4bbf-a3f1-ca2c019f31e9/resourceGroups/krishangs_resource/providers/Microsoft.Network/publicIPAddresses/pineapple-b-ip",
            "idle_timeout_in_minutes": 4,
            "ip_address": "20.108.242.129",
            "ip_tags": null,
            "ip_version": "IPv4",
            "location": "uksouth",
            "name": "pineapple-b-ip",
            "public_ip_prefix_id": null,
            "resource_group_name": "krishangs_resource",
            "reverse_fqdn": "",
            "sku": "Basic",
            "sku_tier": "Regional",
            "tags": null,
            "timeouts": null,
            "zones": []
          },
          "sensitive_attributes": [],
          "private": "eyJlMmJmYjczMC1lY2FhLTExZTYtOGY4OC0zNDM2M2JjN2M0YzAiOnsiY3JlYXRlIjoxODAwMDAwMDAwMDAwLCJkZWxldGUiOjE4MDAwMDAwMDAwMDAsInJlYWQiOjMwMDAwMDAwMDAwMCwidXBkYXRlIjoxODAwMDAwMDAwMDAwfX0="
        }
      ]
    },
    {
      "module": "module.application_a[\"b\"]",
      "mode": "managed",
      "type": "azurerm_subnet",
      "name": "subnet",
      "provider": "provider[\"registry.terraform.io/hashicorp/azurerm\"]",
      "instances": [
        {
          "schema_version": 0,
          "attributes": {
            "address_prefix": "10.0.0.0/24",
            "address_prefixes": [
              "10.0.0.0/24"
            ],
            "delegation": [],
            "enforce_private_link_endpoint_network_policies": false,
            "enforce_private_link_service_network_policies": false,
            "id": "/subscriptions/6a1c9c00-ef6b-4bbf-a3f1-ca2c019f31e9/resourceGroups/krishangs_resource/providers/Microsoft.Network/virtualNetworks/pineapplicaiton-vnet-b-vnet/subnets/pineapple-b-subnet",
            "name": "pineapple-b-subnet",
            "resource_group_name": "krishangs_resource",
            "service_endpoint_policy_ids": null,
            "service_endpoints": null,
            "timeouts": null,
            "virtual_network_name": "pineapplicaiton-vnet-b-vnet"
          },
          "sensitive_attributes": [],
          "private": "eyJlMmJmYjczMC1lY2FhLTExZTYtOGY4OC0zNDM2M2JjN2M0YzAiOnsiY3JlYXRlIjoxODAwMDAwMDAwMDAwLCJkZWxldGUiOjE4MDAwMDAwMDAwMDAsInJlYWQiOjMwMDAwMDAwMDAwMCwidXBkYXRlIjoxODAwMDAwMDAwMDAwfX0=",
          "dependencies": [
            "module.application_a.azurerm_virtual_network.main"
          ]
        }
      ]
    },
    {
      "module": "module.application_a[\"b\"]",
      "mode": "managed",
      "type": "azurerm_virtual_machine",
      "name": "site",
      "provider": "provider[\"registry.terraform.io/hashicorp/azurerm\"]",
      "instances": [
        {
          "schema_version": 0,
          "attributes": {
            "additional_capabilities": [],
            "availability_set_id": null,
            "boot_diagnostics": [],
            "delete_data_disks_on_termination": false,
            "delete_os_disk_on_termination": true,
            "id": "/subscriptions/6a1c9c00-ef6b-4bbf-a3f1-ca2c019f31e9/resourceGroups/krishangs_resource/providers/Microsoft.Compute/virtualMachines/pineapplication-b-site",
            "identity": [],
            "license_type": null,
            "location": "uksouth",
            "name": "pineapplication-b-site",
            "network_interface_ids": [
              "/subscriptions/6a1c9c00-ef6b-4bbf-a3f1-ca2c019f31e9/resourceGroups/krishangs_resource/providers/Microsoft.Network/networkInterfaces/pineapple-b-network"
            ],
            "os_profile": [
              {
                "admin_password": "",
                "admin_username": "testuser",
                "computer_name": "pineapplication",
                "custom_data": ""
              }
            ],
            "os_profile_linux_config": [
              {
                "disable_password_authentication": false,
                "ssh_keys": []
              }
            ],
            "os_profile_secrets": [],
            "os_profile_windows_config": [],
            "plan": [],
            "primary_network_interface_id": null,
            "proximity_placement_group_id": null,
            "resource_group_name": "krishangs_resource",
            "storage_data_disk": [],
            "storage_image_reference": [
              {
                "id": "",
                "offer": "UbuntuServer",
                "publisher": "Canonical",
                "sku": "18.04-LTS",
                "version": "latest"
              }
            ],
            "storage_os_disk": [
              {
                "caching": "ReadWrite",
                "create_option": "FromImage",
                "disk_size_gb": 30,
                "image_uri": "",
                "managed_disk_id": "/subscriptions/6a1c9c00-ef6b-4bbf-a3f1-ca2c019f31e9/resourceGroups/krishangs_resource/providers/Microsoft.Compute/disks/pineapplication-b-osdisk",
                "managed_disk_type": "Standard_LRS",
                "name": "pineapplication-b-osdisk",
                "os_type": "Linux",
                "vhd_uri": "",
                "write_accelerator_enabled": false
              }
            ],
            "tags": null,
            "timeouts": null,
            "vm_size": "Standard_B16ms",
            "zones": null
          },
          "sensitive_attributes": [],
          "private": "eyJlMmJmYjczMC1lY2FhLTExZTYtOGY4OC0zNDM2M2JjN2M0YzAiOnsiY3JlYXRlIjozNjAwMDAwMDAwMDAwLCJkZWxldGUiOjM2MDAwMDAwMDAwMDAsInJlYWQiOjMwMDAwMDAwMDAwMCwidXBkYXRlIjozNjAwMDAwMDAwMDAwfX0=",
          "dependencies": [
            "module.application_a.azurerm_network_interface.main",
            "module.application_a.azurerm_public_ip.main",
            "module.application_a.azurerm_subnet.subnet",
            "module.application_a.azurerm_virtual_network.main"
          ]
        }
      ]
    },
    {
      "module": "module.application_a[\"b\"]",
      "mode": "managed",
      "type": "azurerm_virtual_network",
      "name": "main",
      "provider": "provider[\"registry.terraform.io/hashicorp/azurerm\"]",
      "instances": [
        {
          "schema_version": 0,
          "attributes": {
            "address_space": [
              "10.0.0.0/16"
            ],
            "bgp_community": "",
            "ddos_protection_plan": [],
            "dns_servers": [],
            "flow_timeout_in_minutes": 0,
            "guid": "e21cce12-d178-4b0d-a089-75ff31d9b291",
            "id": "/subscriptions/6a1c9c00-ef6b-4bbf-a3f1-ca2c019f31e9/resourceGroups/krishangs_resource/providers/Microsoft.Network/virtualNetworks/pineapplicaiton-vnet-b-vnet",
            "location": "uksouth",
            "name": "pineapplicaiton-vnet-b-vnet",
            "resource_group_name": "krishangs_resource",
            "subnet": [],
            "tags": null,
            "timeouts": null,
            "vm_protection_enabled": false
          },
          "sensitive_attributes": [],
          "private": "eyJlMmJmYjczMC1lY2FhLTExZTYtOGY4OC0zNDM2M2JjN2M0YzAiOnsiY3JlYXRlIjoxODAwMDAwMDAwMDAwLCJkZWxldGUiOjE4MDAwMDAwMDAwMDAsInJlYWQiOjMwMDAwMDAwMDAwMCwidXBkYXRlIjoxODAwMDAwMDAwMDAwfX0="
        }
      ]
    },
    {
      "module": "module.application_a[\"c\"]",
      "mode": "data",
      "type": "azurerm_resource_group",
      "name": "main",
      "provider": "provider[\"registry.terraform.io/hashicorp/azurerm\"]",
      "instances": [
        {
          "schema_version": 0,
          "attributes": {
            "id": "/subscriptions/6a1c9c00-ef6b-4bbf-a3f1-ca2c019f31e9/resourceGroups/krishangs_resource",
            "location": "uksouth",
            "name": "krishangs_resource",
            "tags": {},
            "timeouts": null
          },
          "sensitive_attributes": []
        }
      ]
    },
    {
      "module": "module.application_a[\"c\"]",
      "mode": "managed",
      "type": "azurerm_network_interface",
      "name": "main",
      "provider": "provider[\"registry.terraform.io/hashicorp/azurerm\"]",
      "instances": [
        {
          "schema_version": 0,
          "attributes": {
            "applied_dns_servers": [],
            "dns_servers": [],
            "enable_accelerated_networking": false,
            "enable_ip_forwarding": false,
            "id": "/subscriptions/6a1c9c00-ef6b-4bbf-a3f1-ca2c019f31e9/resourceGroups/krishangs_resource/providers/Microsoft.Network/networkInterfaces/pineapple-c-network",
            "internal_dns_name_label": "",
            "internal_domain_name_suffix": "jn4reri4ipmubkbwvz0stc3cgh.zx.internal.cloudapp.net",
            "ip_configuration": [
              {
                "gateway_load_balancer_frontend_ip_configuration_id": "",
                "name": "pineapple-c-ipconfig",
                "primary": true,
                "private_ip_address": "10.0.0.4",
                "private_ip_address_allocation": "Dynamic",
                "private_ip_address_version": "IPv4",
                "public_ip_address_id": "/subscriptions/6a1c9c00-ef6b-4bbf-a3f1-ca2c019f31e9/resourceGroups/krishangs_resource/providers/Microsoft.Network/publicIPAddresses/pineapple-c-ip",
                "subnet_id": "/subscriptions/6a1c9c00-ef6b-4bbf-a3f1-ca2c019f31e9/resourceGroups/krishangs_resource/providers/Microsoft.Network/virtualNetworks/pineapplicaiton-vnet-c-vnet/subnets/pineapple-c-subnet"
              }
            ],
            "location": "uksouth",
            "mac_address": "",
            "name": "pineapple-c-network",
            "private_ip_address": "10.0.0.4",
            "private_ip_addresses": [
              "10.0.0.4"
            ],
            "resource_group_name": "krishangs_resource",
            "tags": null,
            "timeouts": null,
            "virtual_machine_id": ""
          },
          "sensitive_attributes": [],
          "private": "eyJlMmJmYjczMC1lY2FhLTExZTYtOGY4OC0zNDM2M2JjN2M0YzAiOnsiY3JlYXRlIjoxODAwMDAwMDAwMDAwLCJkZWxldGUiOjE4MDAwMDAwMDAwMDAsInJlYWQiOjMwMDAwMDAwMDAwMCwidXBkYXRlIjoxODAwMDAwMDAwMDAwfX0=",
          "dependencies": [
            "module.application_a.azurerm_public_ip.main",
            "module.application_a.azurerm_subnet.subnet",
            "module.application_a.azurerm_virtual_network.main"
          ]
        }
      ]
    },
    {
      "module": "module.application_a[\"c\"]",
      "mode": "managed",
      "type": "azurerm_network_security_group",
      "name": "main",
      "provider": "provider[\"registry.terraform.io/hashicorp/azurerm\"]",
      "instances": [
        {
          "schema_version": 0,
          "attributes": {
            "id": "/subscriptions/6a1c9c00-ef6b-4bbf-a3f1-ca2c019f31e9/resourceGroups/krishangs_resource/providers/Microsoft.Network/networkSecurityGroups/pineapple-c",
            "location": "uksouth",
            "name": "pineapple-c",
            "resource_group_name": "krishangs_resource",
            "security_rule": [
              {
                "access": "Allow",
                "description": "",
                "destination_address_prefix": "*",
                "destination_address_prefixes": [],
                "destination_application_security_group_ids": [],
                "destination_port_range": "22",
                "destination_port_ranges": [],
                "direction": "Inbound",
                "name": "SSH",
                "priority": 101,
                "protocol": "Tcp",
                "source_address_prefix": "*",
                "source_address_prefixes": [],
                "source_application_security_group_ids": [],
                "source_port_range": "*",
                "source_port_ranges": []
              },
              {
                "access": "Allow",
                "description": "",
                "destination_address_prefix": "*",
                "destination_address_prefixes": [],
                "destination_application_security_group_ids": [],
                "destination_port_range": "80",
                "destination_port_ranges": [],
                "direction": "Inbound",
                "name": "HTTP",
                "priority": 100,
                "protocol": "Tcp",
                "source_address_prefix": "*",
                "source_address_prefixes": [],
                "source_application_security_group_ids": [],
                "source_port_range": "*",
                "source_port_ranges": []
              }
            ],
            "tags": null,
            "timeouts": null
          },
          "sensitive_attributes": [],
          "private": "eyJlMmJmYjczMC1lY2FhLTExZTYtOGY4OC0zNDM2M2JjN2M0YzAiOnsiY3JlYXRlIjoxODAwMDAwMDAwMDAwLCJkZWxldGUiOjE4MDAwMDAwMDAwMDAsInJlYWQiOjMwMDAwMDAwMDAwMCwidXBkYXRlIjoxODAwMDAwMDAwMDAwfX0="
        }
      ]
    },
    {
      "module": "module.application_a[\"c\"]",
      "mode": "managed",
      "type": "azurerm_public_ip",
      "name": "main",
      "provider": "provider[\"registry.terraform.io/hashicorp/azurerm\"]",
      "instances": [
        {
          "schema_version": 0,
          "attributes": {
            "allocation_method": "Static",
            "availability_zone": "No-Zone",
            "domain_name_label": "pineapplication-c",
            "fqdn": "pineapplication-c.uksouth.cloudapp.azure.com",
            "id": "/subscriptions/6a1c9c00-ef6b-4bbf-a3f1-ca2c019f31e9/resourceGroups/krishangs_resource/providers/Microsoft.Network/publicIPAddresses/pineapple-c-ip",
            "idle_timeout_in_minutes": 4,
            "ip_address": "20.108.247.86",
            "ip_tags": null,
            "ip_version": "IPv4",
            "location": "uksouth",
            "name": "pineapple-c-ip",
            "public_ip_prefix_id": null,
            "resource_group_name": "krishangs_resource",
            "reverse_fqdn": "",
            "sku": "Basic",
            "sku_tier": "Regional",
            "tags": null,
            "timeouts": null,
            "zones": []
          },
          "sensitive_attributes": [],
          "private": "eyJlMmJmYjczMC1lY2FhLTExZTYtOGY4OC0zNDM2M2JjN2M0YzAiOnsiY3JlYXRlIjoxODAwMDAwMDAwMDAwLCJkZWxldGUiOjE4MDAwMDAwMDAwMDAsInJlYWQiOjMwMDAwMDAwMDAwMCwidXBkYXRlIjoxODAwMDAwMDAwMDAwfX0="
        }
      ]
    },
    {
      "module": "module.application_a[\"c\"]",
      "mode": "managed",
      "type": "azurerm_subnet",
      "name": "subnet",
      "provider": "provider[\"registry.terraform.io/hashicorp/azurerm\"]",
      "instances": [
        {
          "schema_version": 0,
          "attributes": {
            "address_prefix": "10.0.0.0/24",
            "address_prefixes": [
              "10.0.0.0/24"
            ],
            "delegation": [],
            "enforce_private_link_endpoint_network_policies": false,
            "enforce_private_link_service_network_policies": false,
            "id": "/subscriptions/6a1c9c00-ef6b-4bbf-a3f1-ca2c019f31e9/resourceGroups/krishangs_resource/providers/Microsoft.Network/virtualNetworks/pineapplicaiton-vnet-c-vnet/subnets/pineapple-c-subnet",
            "name": "pineapple-c-subnet",
            "resource_group_name": "krishangs_resource",
            "service_endpoint_policy_ids": null,
            "service_endpoints": null,
            "timeouts": null,
            "virtual_network_name": "pineapplicaiton-vnet-c-vnet"
          },
          "sensitive_attributes": [],
          "private": "eyJlMmJmYjczMC1lY2FhLTExZTYtOGY4OC0zNDM2M2JjN2M0YzAiOnsiY3JlYXRlIjoxODAwMDAwMDAwMDAwLCJkZWxldGUiOjE4MDAwMDAwMDAwMDAsInJlYWQiOjMwMDAwMDAwMDAwMCwidXBkYXRlIjoxODAwMDAwMDAwMDAwfX0=",
          "dependencies": [
            "module.application_a.azurerm_virtual_network.main"
          ]
        }
      ]
    },
    {
      "module": "module.application_a[\"c\"]",
      "mode": "managed",
      "type": "azurerm_virtual_machine",
      "name": "site",
      "provider": "provider[\"registry.terraform.io/hashicorp/azurerm\"]",
      "instances": [
        {
          "schema_version": 0,
          "attributes": {
            "additional_capabilities": [],
            "availability_set_id": null,
            "boot_diagnostics": [],
            "delete_data_disks_on_termination": false,
            "delete_os_disk_on_termination": true,
            "id": "/subscriptions/6a1c9c00-ef6b-4bbf-a3f1-ca2c019f31e9/resourceGroups/krishangs_resource/providers/Microsoft.Compute/virtualMachines/pineapplication-c-site",
            "identity": [],
            "license_type": null,
            "location": "uksouth",
            "name": "pineapplication-c-site",
            "network_interface_ids": [
              "/subscriptions/6a1c9c00-ef6b-4bbf-a3f1-ca2c019f31e9/resourceGroups/krishangs_resource/providers/Microsoft.Network/networkInterfaces/pineapple-c-network"
            ],
            "os_profile": [
              {
                "admin_password": "",
                "admin_username": "testuser",
                "computer_name": "pineapplication",
                "custom_data": ""
              }
            ],
            "os_profile_linux_config": [
              {
                "disable_password_authentication": false,
                "ssh_keys": []
              }
            ],
            "os_profile_secrets": [],
            "os_profile_windows_config": [],
            "plan": [],
            "primary_network_interface_id": null,
            "proximity_placement_group_id": null,
            "resource_group_name": "krishangs_resource",
            "storage_data_disk": [],
            "storage_image_reference": [
              {
                "id": "",
                "offer": "UbuntuServer",
                "publisher": "Canonical",
                "sku": "18.04-LTS",
                "version": "latest"
              }
            ],
            "storage_os_disk": [
              {
                "caching": "ReadWrite",
                "create_option": "FromImage",
                "disk_size_gb": 30,
                "image_uri": "",
                "managed_disk_id": "/subscriptions/6a1c9c00-ef6b-4bbf-a3f1-ca2c019f31e9/resourceGroups/krishangs_resource/providers/Microsoft.Compute/disks/pineapplication-c-osdisk",
                "managed_disk_type": "Standard_LRS",
                "name": "pineapplication-c-osdisk",
                "os_type": "Linux",
                "vhd_uri": "",
                "write_accelerator_enabled": false
              }
            ],
            "tags": null,
            "timeouts": null,
            "vm_size": "Standard_B16ms",
            "zones": null
          },
          "sensitive_attributes": [],
          "private": "eyJlMmJmYjczMC1lY2FhLTExZTYtOGY4OC0zNDM2M2JjN2M0YzAiOnsiY3JlYXRlIjozNjAwMDAwMDAwMDAwLCJkZWxldGUiOjM2MDAwMDAwMDAwMDAsInJlYWQiOjMwMDAwMDAwMDAwMCwidXBkYXRlIjozNjAwMDAwMDAwMDAwfX0=",
          "dependencies": [
            "module.application_a.azurerm_network_interface.main",
            "module.application_a.azurerm_public_ip.main",
            "module.application_a.azurerm_subnet.subnet",
            "module.application_a.azurerm_virtual_network.main"
          ]
        }
      ]
    },
    {
      "module": "module.application_a[\"c\"]",
      "mode": "managed",
      "type": "azurerm_virtual_network",
      "name": "main",
      "provider": "provider[\"registry.terraform.io/hashicorp/azurerm\"]",
      "instances": [
        {
          "schema_version": 0,
          "attributes": {
            "address_space": [
              "10.0.0.0/16"
            ],
            "bgp_community": "",
            "ddos_protection_plan": [],
            "dns_servers": [],
            "flow_timeout_in_minutes": 0,
            "guid": "45127d4b-431e-40d9-a836-ae75298ba237",
            "id": "/subscriptions/6a1c9c00-ef6b-4bbf-a3f1-ca2c019f31e9/resourceGroups/krishangs_resource/providers/Microsoft.Network/virtualNetworks/pineapplicaiton-vnet-c-vnet",
            "location": "uksouth",
            "name": "pineapplicaiton-vnet-c-vnet",
            "resource_group_name": "krishangs_resource",
            "subnet": [],
            "tags": null,
            "timeouts": null,
            "vm_protection_enabled": false
          },
          "sensitive_attributes": [],
          "private": "eyJlMmJmYjczMC1lY2FhLTExZTYtOGY4OC0zNDM2M2JjN2M0YzAiOnsiY3JlYXRlIjoxODAwMDAwMDAwMDAwLCJkZWxldGUiOjE4MDAwMDAwMDAwMDAsInJlYWQiOjMwMDAwMDAwMDAwMCwidXBkYXRlIjoxODAwMDAwMDAwMDAwfX0="
        }
      ]
    },
    {
      "module": "module.application_a[\"d\"]",
      "mode": "data",
      "type": "azurerm_resource_group",
      "name": "main",
      "provider": "provider[\"registry.terraform.io/hashicorp/azurerm\"]",
      "instances": [
        {
          "schema_version": 0,
          "attributes": {
            "id": "/subscriptions/6a1c9c00-ef6b-4bbf-a3f1-ca2c019f31e9/resourceGroups/krishangs_resource",
            "location": "uksouth",
            "name": "krishangs_resource",
            "tags": {},
            "timeouts": null
          },
          "sensitive_attributes": []
        }
      ]
    },
    {
      "module": "module.application_a[\"d\"]",
      "mode": "managed",
      "type": "azurerm_network_interface",
      "name": "main",
      "provider": "provider[\"registry.terraform.io/hashicorp/azurerm\"]",
      "instances": [
        {
          "schema_version": 0,
          "attributes": {
            "applied_dns_servers": [],
            "dns_servers": [],
            "enable_accelerated_networking": false,
            "enable_ip_forwarding": false,
            "id": "/subscriptions/6a1c9c00-ef6b-4bbf-a3f1-ca2c019f31e9/resourceGroups/krishangs_resource/providers/Microsoft.Network/networkInterfaces/pineapple-d-network",
            "internal_dns_name_label": "",
            "internal_domain_name_suffix": "1pooioit13lehelwqpj1otw4lg.zx.internal.cloudapp.net",
            "ip_configuration": [
              {
                "gateway_load_balancer_frontend_ip_configuration_id": "",
                "name": "pineapple-d-ipconfig",
                "primary": true,
                "private_ip_address": "10.0.0.4",
                "private_ip_address_allocation": "Dynamic",
                "private_ip_address_version": "IPv4",
                "public_ip_address_id": "/subscriptions/6a1c9c00-ef6b-4bbf-a3f1-ca2c019f31e9/resourceGroups/krishangs_resource/providers/Microsoft.Network/publicIPAddresses/pineapple-d-ip",
                "subnet_id": "/subscriptions/6a1c9c00-ef6b-4bbf-a3f1-ca2c019f31e9/resourceGroups/krishangs_resource/providers/Microsoft.Network/virtualNetworks/pineapplicaiton-vnet-d-vnet/subnets/pineapple-d-subnet"
              }
            ],
            "location": "uksouth",
            "mac_address": "",
            "name": "pineapple-d-network",
            "private_ip_address": "10.0.0.4",
            "private_ip_addresses": [
              "10.0.0.4"
            ],
            "resource_group_name": "krishangs_resource",
            "tags": null,
            "timeouts": null,
            "virtual_machine_id": ""
          },
          "sensitive_attributes": [],
          "private": "eyJlMmJmYjczMC1lY2FhLTExZTYtOGY4OC0zNDM2M2JjN2M0YzAiOnsiY3JlYXRlIjoxODAwMDAwMDAwMDAwLCJkZWxldGUiOjE4MDAwMDAwMDAwMDAsInJlYWQiOjMwMDAwMDAwMDAwMCwidXBkYXRlIjoxODAwMDAwMDAwMDAwfX0=",
          "dependencies": [
            "module.application_a.azurerm_public_ip.main",
            "module.application_a.azurerm_subnet.subnet",
            "module.application_a.azurerm_virtual_network.main"
          ]
        }
      ]
    },
    {
      "module": "module.application_a[\"d\"]",
      "mode": "managed",
      "type": "azurerm_network_security_group",
      "name": "main",
      "provider": "provider[\"registry.terraform.io/hashicorp/azurerm\"]",
      "instances": [
        {
          "schema_version": 0,
          "attributes": {
            "id": "/subscriptions/6a1c9c00-ef6b-4bbf-a3f1-ca2c019f31e9/resourceGroups/krishangs_resource/providers/Microsoft.Network/networkSecurityGroups/pineapple-d",
            "location": "uksouth",
            "name": "pineapple-d",
            "resource_group_name": "krishangs_resource",
            "security_rule": [
              {
                "access": "Allow",
                "description": "",
                "destination_address_prefix": "*",
                "destination_address_prefixes": [],
                "destination_application_security_group_ids": [],
                "destination_port_range": "22",
                "destination_port_ranges": [],
                "direction": "Inbound",
                "name": "SSH",
                "priority": 101,
                "protocol": "Tcp",
                "source_address_prefix": "*",
                "source_address_prefixes": [],
                "source_application_security_group_ids": [],
                "source_port_range": "*",
                "source_port_ranges": []
              },
              {
                "access": "Allow",
                "description": "",
                "destination_address_prefix": "*",
                "destination_address_prefixes": [],
                "destination_application_security_group_ids": [],
                "destination_port_range": "80",
                "destination_port_ranges": [],
                "direction": "Inbound",
                "name": "HTTP",
                "priority": 100,
                "protocol": "Tcp",
                "source_address_prefix": "*",
                "source_address_prefixes": [],
                "source_application_security_group_ids": [],
                "source_port_range": "*",
                "source_port_ranges": []
              }
            ],
            "tags": null,
            "timeouts": null
          },
          "sensitive_attributes": [],
          "private": "eyJlMmJmYjczMC1lY2FhLTExZTYtOGY4OC0zNDM2M2JjN2M0YzAiOnsiY3JlYXRlIjoxODAwMDAwMDAwMDAwLCJkZWxldGUiOjE4MDAwMDAwMDAwMDAsInJlYWQiOjMwMDAwMDAwMDAwMCwidXBkYXRlIjoxODAwMDAwMDAwMDAwfX0="
        }
      ]
    },
    {
      "module": "module.application_a[\"d\"]",
      "mode": "managed",
      "type": "azurerm_public_ip",
      "name": "main",
      "provider": "provider[\"registry.terraform.io/hashicorp/azurerm\"]",
      "instances": [
        {
          "schema_version": 0,
          "attributes": {
            "allocation_method": "Static",
            "availability_zone": "No-Zone",
            "domain_name_label": "pineapplication-d",
            "fqdn": "pineapplication-d.uksouth.cloudapp.azure.com",
            "id": "/subscriptions/6a1c9c00-ef6b-4bbf-a3f1-ca2c019f31e9/resourceGroups/krishangs_resource/providers/Microsoft.Network/publicIPAddresses/pineapple-d-ip",
            "idle_timeout_in_minutes": 4,
            "ip_address": "20.108.241.163",
            "ip_tags": null,
            "ip_version": "IPv4",
            "location": "uksouth",
            "name": "pineapple-d-ip",
            "public_ip_prefix_id": null,
            "resource_group_name": "krishangs_resource",
            "reverse_fqdn": "",
            "sku": "Basic",
            "sku_tier": "Regional",
            "tags": null,
            "timeouts": null,
            "zones": []
          },
          "sensitive_attributes": [],
          "private": "eyJlMmJmYjczMC1lY2FhLTExZTYtOGY4OC0zNDM2M2JjN2M0YzAiOnsiY3JlYXRlIjoxODAwMDAwMDAwMDAwLCJkZWxldGUiOjE4MDAwMDAwMDAwMDAsInJlYWQiOjMwMDAwMDAwMDAwMCwidXBkYXRlIjoxODAwMDAwMDAwMDAwfX0="
        }
      ]
    },
    {
      "module": "module.application_a[\"d\"]",
      "mode": "managed",
      "type": "azurerm_subnet",
      "name": "subnet",
      "provider": "provider[\"registry.terraform.io/hashicorp/azurerm\"]",
      "instances": [
        {
          "schema_version": 0,
          "attributes": {
            "address_prefix": "10.0.0.0/24",
            "address_prefixes": [
              "10.0.0.0/24"
            ],
            "delegation": [],
            "enforce_private_link_endpoint_network_policies": false,
            "enforce_private_link_service_network_policies": false,
            "id": "/subscriptions/6a1c9c00-ef6b-4bbf-a3f1-ca2c019f31e9/resourceGroups/krishangs_resource/providers/Microsoft.Network/virtualNetworks/pineapplicaiton-vnet-d-vnet/subnets/pineapple-d-subnet",
            "name": "pineapple-d-subnet",
            "resource_group_name": "krishangs_resource",
            "service_endpoint_policy_ids": null,
            "service_endpoints": null,
            "timeouts": null,
            "virtual_network_name": "pineapplicaiton-vnet-d-vnet"
          },
          "sensitive_attributes": [],
          "private": "eyJlMmJmYjczMC1lY2FhLTExZTYtOGY4OC0zNDM2M2JjN2M0YzAiOnsiY3JlYXRlIjoxODAwMDAwMDAwMDAwLCJkZWxldGUiOjE4MDAwMDAwMDAwMDAsInJlYWQiOjMwMDAwMDAwMDAwMCwidXBkYXRlIjoxODAwMDAwMDAwMDAwfX0=",
          "dependencies": [
            "module.application_a.azurerm_virtual_network.main"
          ]
        }
      ]
    },
    {
      "module": "module.application_a[\"d\"]",
      "mode": "managed",
      "type": "azurerm_virtual_machine",
      "name": "site",
      "provider": "provider[\"registry.terraform.io/hashicorp/azurerm\"]",
      "instances": [
        {
          "schema_version": 0,
          "attributes": {
            "additional_capabilities": [],
            "availability_set_id": null,
            "boot_diagnostics": [],
            "delete_data_disks_on_termination": false,
            "delete_os_disk_on_termination": true,
            "id": "/subscriptions/6a1c9c00-ef6b-4bbf-a3f1-ca2c019f31e9/resourceGroups/krishangs_resource/providers/Microsoft.Compute/virtualMachines/pineapplication-d-site",
            "identity": [],
            "license_type": null,
            "location": "uksouth",
            "name": "pineapplication-d-site",
            "network_interface_ids": [
              "/subscriptions/6a1c9c00-ef6b-4bbf-a3f1-ca2c019f31e9/resourceGroups/krishangs_resource/providers/Microsoft.Network/networkInterfaces/pineapple-d-network"
            ],
            "os_profile": [
              {
                "admin_password": "",
                "admin_username": "testuser",
                "computer_name": "pineapplication",
                "custom_data": ""
              }
            ],
            "os_profile_linux_config": [
              {
                "disable_password_authentication": false,
                "ssh_keys": []
              }
            ],
            "os_profile_secrets": [],
            "os_profile_windows_config": [],
            "plan": [],
            "primary_network_interface_id": null,
            "proximity_placement_group_id": null,
            "resource_group_name": "krishangs_resource",
            "storage_data_disk": [],
            "storage_image_reference": [
              {
                "id": "",
                "offer": "UbuntuServer",
                "publisher": "Canonical",
                "sku": "18.04-LTS",
                "version": "latest"
              }
            ],
            "storage_os_disk": [
              {
                "caching": "ReadWrite",
                "create_option": "FromImage",
                "disk_size_gb": 30,
                "image_uri": "",
                "managed_disk_id": "/subscriptions/6a1c9c00-ef6b-4bbf-a3f1-ca2c019f31e9/resourceGroups/krishangs_resource/providers/Microsoft.Compute/disks/pineapplication-d-osdisk",
                "managed_disk_type": "Standard_LRS",
                "name": "pineapplication-d-osdisk",
                "os_type": "Linux",
                "vhd_uri": "",
                "write_accelerator_enabled": false
              }
            ],
            "tags": null,
            "timeouts": null,
            "vm_size": "Standard_B16ms",
            "zones": null
          },
          "sensitive_attributes": [],
          "private": "eyJlMmJmYjczMC1lY2FhLTExZTYtOGY4OC0zNDM2M2JjN2M0YzAiOnsiY3JlYXRlIjozNjAwMDAwMDAwMDAwLCJkZWxldGUiOjM2MDAwMDAwMDAwMDAsInJlYWQiOjMwMDAwMDAwMDAwMCwidXBkYXRlIjozNjAwMDAwMDAwMDAwfX0=",
          "dependencies": [
            "module.application_a.azurerm_network_interface.main",
            "module.application_a.azurerm_public_ip.main",
            "module.application_a.azurerm_subnet.subnet",
            "module.application_a.azurerm_virtual_network.main"
          ]
        }
      ]
    },
    {
      "module": "module.application_a[\"d\"]",
      "mode": "managed",
      "type": "azurerm_virtual_network",
      "name": "main",
      "provider": "provider[\"registry.terraform.io/hashicorp/azurerm\"]",
      "instances": [
        {
          "schema_version": 0,
          "attributes": {
            "address_space": [
              "10.0.0.0/16"
            ],
            "bgp_community": "",
            "ddos_protection_plan": [],
            "dns_servers": [],
            "flow_timeout_in_minutes": 0,
            "guid": "39e4dcdb-df13-4356-9176-83d3b74ede5e",
            "id": "/subscriptions/6a1c9c00-ef6b-4bbf-a3f1-ca2c019f31e9/resourceGroups/krishangs_resource/providers/Microsoft.Network/virtualNetworks/pineapplicaiton-vnet-d-vnet",
            "location": "uksouth",
            "name": "pineapplicaiton-vnet-d-vnet",
            "resource_group_name": "krishangs_resource",
            "subnet": [],
            "tags": null,
            "timeouts": null,
            "vm_protection_enabled": false
          },
          "sensitive_attributes": [],
          "private": "eyJlMmJmYjczMC1lY2FhLTExZTYtOGY4OC0zNDM2M2JjN2M0YzAiOnsiY3JlYXRlIjoxODAwMDAwMDAwMDAwLCJkZWxldGUiOjE4MDAwMDAwMDAwMDAsInJlYWQiOjMwMDAwMDAwMDAwMCwidXBkYXRlIjoxODAwMDAwMDAwMDAwfX0="
        }
      ]
    },
    {
      "module": "module.application_a[\"e\"]",
      "mode": "data",
      "type": "azurerm_resource_group",
      "name": "main",
      "provider": "provider[\"registry.terraform.io/hashicorp/azurerm\"]",
      "instances": [
        {
          "schema_version": 0,
          "attributes": {
            "id": "/subscriptions/6a1c9c00-ef6b-4bbf-a3f1-ca2c019f31e9/resourceGroups/krishangs_resource",
            "location": "uksouth",
            "name": "krishangs_resource",
            "tags": {},
            "timeouts": null
          },
          "sensitive_attributes": []
        }
      ]
    },
    {
      "module": "module.application_a[\"e\"]",
      "mode": "managed",
      "type": "azurerm_network_interface",
      "name": "main",
      "provider": "provider[\"registry.terraform.io/hashicorp/azurerm\"]",
      "instances": [
        {
          "schema_version": 0,
          "attributes": {
            "applied_dns_servers": [],
            "dns_servers": [],
            "enable_accelerated_networking": false,
            "enable_ip_forwarding": false,
            "id": "/subscriptions/6a1c9c00-ef6b-4bbf-a3f1-ca2c019f31e9/resourceGroups/krishangs_resource/providers/Microsoft.Network/networkInterfaces/pineapple-e-network",
            "internal_dns_name_label": "",
            "internal_domain_name_suffix": "lt4cc1otpiye3orowiwe4ysddb.zx.internal.cloudapp.net",
            "ip_configuration": [
              {
                "gateway_load_balancer_frontend_ip_configuration_id": "",
                "name": "pineapple-e-ipconfig",
                "primary": true,
                "private_ip_address": "10.0.0.4",
                "private_ip_address_allocation": "Dynamic",
                "private_ip_address_version": "IPv4",
                "public_ip_address_id": "/subscriptions/6a1c9c00-ef6b-4bbf-a3f1-ca2c019f31e9/resourceGroups/krishangs_resource/providers/Microsoft.Network/publicIPAddresses/pineapple-e-ip",
                "subnet_id": "/subscriptions/6a1c9c00-ef6b-4bbf-a3f1-ca2c019f31e9/resourceGroups/krishangs_resource/providers/Microsoft.Network/virtualNetworks/pineapplicaiton-vnet-e-vnet/subnets/pineapple-e-subnet"
              }
            ],
            "location": "uksouth",
            "mac_address": "",
            "name": "pineapple-e-network",
            "private_ip_address": "10.0.0.4",
            "private_ip_addresses": [
              "10.0.0.4"
            ],
            "resource_group_name": "krishangs_resource",
            "tags": null,
            "timeouts": null,
            "virtual_machine_id": ""
          },
          "sensitive_attributes": [],
          "private": "eyJlMmJmYjczMC1lY2FhLTExZTYtOGY4OC0zNDM2M2JjN2M0YzAiOnsiY3JlYXRlIjoxODAwMDAwMDAwMDAwLCJkZWxldGUiOjE4MDAwMDAwMDAwMDAsInJlYWQiOjMwMDAwMDAwMDAwMCwidXBkYXRlIjoxODAwMDAwMDAwMDAwfX0=",
          "dependencies": [
            "module.application_a.azurerm_public_ip.main",
            "module.application_a.azurerm_subnet.subnet",
            "module.application_a.azurerm_virtual_network.main"
          ]
        }
      ]
    },
    {
      "module": "module.application_a[\"e\"]",
      "mode": "managed",
      "type": "azurerm_network_security_group",
      "name": "main",
      "provider": "provider[\"registry.terraform.io/hashicorp/azurerm\"]",
      "instances": [
        {
          "schema_version": 0,
          "attributes": {
            "id": "/subscriptions/6a1c9c00-ef6b-4bbf-a3f1-ca2c019f31e9/resourceGroups/krishangs_resource/providers/Microsoft.Network/networkSecurityGroups/pineapple-e",
            "location": "uksouth",
            "name": "pineapple-e",
            "resource_group_name": "krishangs_resource",
            "security_rule": [
              {
                "access": "Allow",
                "description": "",
                "destination_address_prefix": "*",
                "destination_address_prefixes": [],
                "destination_application_security_group_ids": [],
                "destination_port_range": "22",
                "destination_port_ranges": [],
                "direction": "Inbound",
                "name": "SSH",
                "priority": 101,
                "protocol": "Tcp",
                "source_address_prefix": "*",
                "source_address_prefixes": [],
                "source_application_security_group_ids": [],
                "source_port_range": "*",
                "source_port_ranges": []
              },
              {
                "access": "Allow",
                "description": "",
                "destination_address_prefix": "*",
                "destination_address_prefixes": [],
                "destination_application_security_group_ids": [],
                "destination_port_range": "80",
                "destination_port_ranges": [],
                "direction": "Inbound",
                "name": "HTTP",
                "priority": 100,
                "protocol": "Tcp",
                "source_address_prefix": "*",
                "source_address_prefixes": [],
                "source_application_security_group_ids": [],
                "source_port_range": "*",
                "source_port_ranges": []
              }
            ],
            "tags": null,
            "timeouts": null
          },
          "sensitive_attributes": [],
          "private": "eyJlMmJmYjczMC1lY2FhLTExZTYtOGY4OC0zNDM2M2JjN2M0YzAiOnsiY3JlYXRlIjoxODAwMDAwMDAwMDAwLCJkZWxldGUiOjE4MDAwMDAwMDAwMDAsInJlYWQiOjMwMDAwMDAwMDAwMCwidXBkYXRlIjoxODAwMDAwMDAwMDAwfX0="
        }
      ]
    },
    {
      "module": "module.application_a[\"e\"]",
      "mode": "managed",
      "type": "azurerm_public_ip",
      "name": "main",
      "provider": "provider[\"registry.terraform.io/hashicorp/azurerm\"]",
      "instances": [
        {
          "schema_version": 0,
          "attributes": {
            "allocation_method": "Static",
            "availability_zone": "No-Zone",
            "domain_name_label": "pineapplication-e",
            "fqdn": "pineapplication-e.uksouth.cloudapp.azure.com",
            "id": "/subscriptions/6a1c9c00-ef6b-4bbf-a3f1-ca2c019f31e9/resourceGroups/krishangs_resource/providers/Microsoft.Network/publicIPAddresses/pineapple-e-ip",
            "idle_timeout_in_minutes": 4,
            "ip_address": "20.108.247.100",
            "ip_tags": null,
            "ip_version": "IPv4",
            "location": "uksouth",
            "name": "pineapple-e-ip",
            "public_ip_prefix_id": null,
            "resource_group_name": "krishangs_resource",
            "reverse_fqdn": "",
            "sku": "Basic",
            "sku_tier": "Regional",
            "tags": null,
            "timeouts": null,
            "zones": []
          },
          "sensitive_attributes": [],
          "private": "eyJlMmJmYjczMC1lY2FhLTExZTYtOGY4OC0zNDM2M2JjN2M0YzAiOnsiY3JlYXRlIjoxODAwMDAwMDAwMDAwLCJkZWxldGUiOjE4MDAwMDAwMDAwMDAsInJlYWQiOjMwMDAwMDAwMDAwMCwidXBkYXRlIjoxODAwMDAwMDAwMDAwfX0="
        }
      ]
    },
    {
      "module": "module.application_a[\"e\"]",
      "mode": "managed",
      "type": "azurerm_subnet",
      "name": "subnet",
      "provider": "provider[\"registry.terraform.io/hashicorp/azurerm\"]",
      "instances": [
        {
          "schema_version": 0,
          "attributes": {
            "address_prefix": "10.0.0.0/24",
            "address_prefixes": [
              "10.0.0.0/24"
            ],
            "delegation": [],
            "enforce_private_link_endpoint_network_policies": false,
            "enforce_private_link_service_network_policies": false,
            "id": "/subscriptions/6a1c9c00-ef6b-4bbf-a3f1-ca2c019f31e9/resourceGroups/krishangs_resource/providers/Microsoft.Network/virtualNetworks/pineapplicaiton-vnet-e-vnet/subnets/pineapple-e-subnet",
            "name": "pineapple-e-subnet",
            "resource_group_name": "krishangs_resource",
            "service_endpoint_policy_ids": null,
            "service_endpoints": null,
            "timeouts": null,
            "virtual_network_name": "pineapplicaiton-vnet-e-vnet"
          },
          "sensitive_attributes": [],
          "private": "eyJlMmJmYjczMC1lY2FhLTExZTYtOGY4OC0zNDM2M2JjN2M0YzAiOnsiY3JlYXRlIjoxODAwMDAwMDAwMDAwLCJkZWxldGUiOjE4MDAwMDAwMDAwMDAsInJlYWQiOjMwMDAwMDAwMDAwMCwidXBkYXRlIjoxODAwMDAwMDAwMDAwfX0=",
          "dependencies": [
            "module.application_a.azurerm_virtual_network.main"
          ]
        }
      ]
    },
    {
      "module": "module.application_a[\"e\"]",
      "mode": "managed",
      "type": "azurerm_virtual_machine",
      "name": "site",
      "provider": "provider[\"registry.terraform.io/hashicorp/azurerm\"]",
      "instances": [
        {
          "schema_version": 0,
          "attributes": {
            "additional_capabilities": [],
            "availability_set_id": null,
            "boot_diagnostics": [],
            "delete_data_disks_on_termination": false,
            "delete_os_disk_on_termination": true,
            "id": "/subscriptions/6a1c9c00-ef6b-4bbf-a3f1-ca2c019f31e9/resourceGroups/krishangs_resource/providers/Microsoft.Compute/virtualMachines/pineapplication-e-site",
            "identity": [],
            "license_type": null,
            "location": "uksouth",
            "name": "pineapplication-e-site",
            "network_interface_ids": [
              "/subscriptions/6a1c9c00-ef6b-4bbf-a3f1-ca2c019f31e9/resourceGroups/krishangs_resource/providers/Microsoft.Network/networkInterfaces/pineapple-e-network"
            ],
            "os_profile": [
              {
                "admin_password": "",
                "admin_username": "testuser",
                "computer_name": "pineapplication",
                "custom_data": ""
              }
            ],
            "os_profile_linux_config": [
              {
                "disable_password_authentication": false,
                "ssh_keys": []
              }
            ],
            "os_profile_secrets": [],
            "os_profile_windows_config": [],
            "plan": [],
            "primary_network_interface_id": null,
            "proximity_placement_group_id": null,
            "resource_group_name": "krishangs_resource",
            "storage_data_disk": [],
            "storage_image_reference": [
              {
                "id": "",
                "offer": "UbuntuServer",
                "publisher": "Canonical",
                "sku": "18.04-LTS",
                "version": "latest"
              }
            ],
            "storage_os_disk": [
              {
                "caching": "ReadWrite",
                "create_option": "FromImage",
                "disk_size_gb": 30,
                "image_uri": "",
                "managed_disk_id": "/subscriptions/6a1c9c00-ef6b-4bbf-a3f1-ca2c019f31e9/resourceGroups/krishangs_resource/providers/Microsoft.Compute/disks/pineapplication-e-osdisk",
                "managed_disk_type": "Standard_LRS",
                "name": "pineapplication-e-osdisk",
                "os_type": "Linux",
                "vhd_uri": "",
                "write_accelerator_enabled": false
              }
            ],
            "tags": null,
            "timeouts": null,
            "vm_size": "Standard_B16ms",
            "zones": null
          },
          "sensitive_attributes": [],
          "private": "eyJlMmJmYjczMC1lY2FhLTExZTYtOGY4OC0zNDM2M2JjN2M0YzAiOnsiY3JlYXRlIjozNjAwMDAwMDAwMDAwLCJkZWxldGUiOjM2MDAwMDAwMDAwMDAsInJlYWQiOjMwMDAwMDAwMDAwMCwidXBkYXRlIjozNjAwMDAwMDAwMDAwfX0=",
          "dependencies": [
            "module.application_a.azurerm_network_interface.main",
            "module.application_a.azurerm_public_ip.main",
            "module.application_a.azurerm_subnet.subnet",
            "module.application_a.azurerm_virtual_network.main"
          ]
        }
      ]
    },
    {
      "module": "module.application_a[\"e\"]",
      "mode": "managed",
      "type": "azurerm_virtual_network",
      "name": "main",
      "provider": "provider[\"registry.terraform.io/hashicorp/azurerm\"]",
      "instances": [
        {
          "schema_version": 0,
          "attributes": {
            "address_space": [
              "10.0.0.0/16"
            ],
            "bgp_community": "",
            "ddos_protection_plan": [],
            "dns_servers": [],
            "flow_timeout_in_minutes": 0,
            "guid": "6d21fc5c-7ad3-4e30-ba2e-b22c4f624319",
            "id": "/subscriptions/6a1c9c00-ef6b-4bbf-a3f1-ca2c019f31e9/resourceGroups/krishangs_resource/providers/Microsoft.Network/virtualNetworks/pineapplicaiton-vnet-e-vnet",
            "location": "uksouth",
            "name": "pineapplicaiton-vnet-e-vnet",
            "resource_group_name": "krishangs_resource",
            "subnet": [],
            "tags": null,
            "timeouts": null,
            "vm_protection_enabled": false
          },
          "sensitive_attributes": [],
          "private": "eyJlMmJmYjczMC1lY2FhLTExZTYtOGY4OC0zNDM2M2JjN2M0YzAiOnsiY3JlYXRlIjoxODAwMDAwMDAwMDAwLCJkZWxldGUiOjE4MDAwMDAwMDAwMDAsInJlYWQiOjMwMDAwMDAwMDAwMCwidXBkYXRlIjoxODAwMDAwMDAwMDAwfX0="
        }
      ]
    },
    {
      "module": "module.application_a[\"f\"]",
      "mode": "data",
      "type": "azurerm_resource_group",
      "name": "main",
      "provider": "provider[\"registry.terraform.io/hashicorp/azurerm\"]",
      "instances": [
        {
          "schema_version": 0,
          "attributes": {
            "id": "/subscriptions/6a1c9c00-ef6b-4bbf-a3f1-ca2c019f31e9/resourceGroups/krishangs_resource",
            "location": "uksouth",
            "name": "krishangs_resource",
            "tags": {},
            "timeouts": null
          },
          "sensitive_attributes": []
        }
      ]
    },
    {
      "module": "module.application_a[\"f\"]",
      "mode": "managed",
      "type": "azurerm_network_interface",
      "name": "main",
      "provider": "provider[\"registry.terraform.io/hashicorp/azurerm\"]",
      "instances": [
        {
          "schema_version": 0,
          "attributes": {
            "applied_dns_servers": [],
            "dns_servers": [],
            "enable_accelerated_networking": false,
            "enable_ip_forwarding": false,
            "id": "/subscriptions/6a1c9c00-ef6b-4bbf-a3f1-ca2c019f31e9/resourceGroups/krishangs_resource/providers/Microsoft.Network/networkInterfaces/pineapple-f-network",
            "internal_dns_name_label": "",
            "internal_domain_name_suffix": "pf1wwbs3w50ufo33xmnxofofyg.zx.internal.cloudapp.net",
            "ip_configuration": [
              {
                "gateway_load_balancer_frontend_ip_configuration_id": "",
                "name": "pineapple-f-ipconfig",
                "primary": true,
                "private_ip_address": "10.0.0.4",
                "private_ip_address_allocation": "Dynamic",
                "private_ip_address_version": "IPv4",
                "public_ip_address_id": "/subscriptions/6a1c9c00-ef6b-4bbf-a3f1-ca2c019f31e9/resourceGroups/krishangs_resource/providers/Microsoft.Network/publicIPAddresses/pineapple-f-ip",
                "subnet_id": "/subscriptions/6a1c9c00-ef6b-4bbf-a3f1-ca2c019f31e9/resourceGroups/krishangs_resource/providers/Microsoft.Network/virtualNetworks/pineapplicaiton-vnet-f-vnet/subnets/pineapple-f-subnet"
              }
            ],
            "location": "uksouth",
            "mac_address": "",
            "name": "pineapple-f-network",
            "private_ip_address": "10.0.0.4",
            "private_ip_addresses": [
              "10.0.0.4"
            ],
            "resource_group_name": "krishangs_resource",
            "tags": null,
            "timeouts": null,
            "virtual_machine_id": ""
          },
          "sensitive_attributes": [],
          "private": "eyJlMmJmYjczMC1lY2FhLTExZTYtOGY4OC0zNDM2M2JjN2M0YzAiOnsiY3JlYXRlIjoxODAwMDAwMDAwMDAwLCJkZWxldGUiOjE4MDAwMDAwMDAwMDAsInJlYWQiOjMwMDAwMDAwMDAwMCwidXBkYXRlIjoxODAwMDAwMDAwMDAwfX0=",
          "dependencies": [
            "module.application_a.azurerm_public_ip.main",
            "module.application_a.azurerm_subnet.subnet",
            "module.application_a.azurerm_virtual_network.main"
          ]
        }
      ]
    },
    {
      "module": "module.application_a[\"f\"]",
      "mode": "managed",
      "type": "azurerm_network_security_group",
      "name": "main",
      "provider": "provider[\"registry.terraform.io/hashicorp/azurerm\"]",
      "instances": [
        {
          "schema_version": 0,
          "attributes": {
            "id": "/subscriptions/6a1c9c00-ef6b-4bbf-a3f1-ca2c019f31e9/resourceGroups/krishangs_resource/providers/Microsoft.Network/networkSecurityGroups/pineapple-f",
            "location": "uksouth",
            "name": "pineapple-f",
            "resource_group_name": "krishangs_resource",
            "security_rule": [
              {
                "access": "Allow",
                "description": "",
                "destination_address_prefix": "*",
                "destination_address_prefixes": [],
                "destination_application_security_group_ids": [],
                "destination_port_range": "22",
                "destination_port_ranges": [],
                "direction": "Inbound",
                "name": "SSH",
                "priority": 101,
                "protocol": "Tcp",
                "source_address_prefix": "*",
                "source_address_prefixes": [],
                "source_application_security_group_ids": [],
                "source_port_range": "*",
                "source_port_ranges": []
              },
              {
                "access": "Allow",
                "description": "",
                "destination_address_prefix": "*",
                "destination_address_prefixes": [],
                "destination_application_security_group_ids": [],
                "destination_port_range": "80",
                "destination_port_ranges": [],
                "direction": "Inbound",
                "name": "HTTP",
                "priority": 100,
                "protocol": "Tcp",
                "source_address_prefix": "*",
                "source_address_prefixes": [],
                "source_application_security_group_ids": [],
                "source_port_range": "*",
                "source_port_ranges": []
              }
            ],
            "tags": null,
            "timeouts": null
          },
          "sensitive_attributes": [],
          "private": "eyJlMmJmYjczMC1lY2FhLTExZTYtOGY4OC0zNDM2M2JjN2M0YzAiOnsiY3JlYXRlIjoxODAwMDAwMDAwMDAwLCJkZWxldGUiOjE4MDAwMDAwMDAwMDAsInJlYWQiOjMwMDAwMDAwMDAwMCwidXBkYXRlIjoxODAwMDAwMDAwMDAwfX0="
        }
      ]
    },
    {
      "module": "module.application_a[\"f\"]",
      "mode": "managed",
      "type": "azurerm_public_ip",
      "name": "main",
      "provider": "provider[\"registry.terraform.io/hashicorp/azurerm\"]",
      "instances": [
        {
          "schema_version": 0,
          "attributes": {
            "allocation_method": "Static",
            "availability_zone": "No-Zone",
            "domain_name_label": "pineapplication-f",
            "fqdn": "pineapplication-f.uksouth.cloudapp.azure.com",
            "id": "/subscriptions/6a1c9c00-ef6b-4bbf-a3f1-ca2c019f31e9/resourceGroups/krishangs_resource/providers/Microsoft.Network/publicIPAddresses/pineapple-f-ip",
            "idle_timeout_in_minutes": 4,
            "ip_address": "20.108.247.151",
            "ip_tags": null,
            "ip_version": "IPv4",
            "location": "uksouth",
            "name": "pineapple-f-ip",
            "public_ip_prefix_id": null,
            "resource_group_name": "krishangs_resource",
            "reverse_fqdn": "",
            "sku": "Basic",
            "sku_tier": "Regional",
            "tags": null,
            "timeouts": null,
            "zones": []
          },
          "sensitive_attributes": [],
          "private": "eyJlMmJmYjczMC1lY2FhLTExZTYtOGY4OC0zNDM2M2JjN2M0YzAiOnsiY3JlYXRlIjoxODAwMDAwMDAwMDAwLCJkZWxldGUiOjE4MDAwMDAwMDAwMDAsInJlYWQiOjMwMDAwMDAwMDAwMCwidXBkYXRlIjoxODAwMDAwMDAwMDAwfX0="
        }
      ]
    },
    {
      "module": "module.application_a[\"f\"]",
      "mode": "managed",
      "type": "azurerm_subnet",
      "name": "subnet",
      "provider": "provider[\"registry.terraform.io/hashicorp/azurerm\"]",
      "instances": [
        {
          "schema_version": 0,
          "attributes": {
            "address_prefix": "10.0.0.0/24",
            "address_prefixes": [
              "10.0.0.0/24"
            ],
            "delegation": [],
            "enforce_private_link_endpoint_network_policies": false,
            "enforce_private_link_service_network_policies": false,
            "id": "/subscriptions/6a1c9c00-ef6b-4bbf-a3f1-ca2c019f31e9/resourceGroups/krishangs_resource/providers/Microsoft.Network/virtualNetworks/pineapplicaiton-vnet-f-vnet/subnets/pineapple-f-subnet",
            "name": "pineapple-f-subnet",
            "resource_group_name": "krishangs_resource",
            "service_endpoint_policy_ids": null,
            "service_endpoints": null,
            "timeouts": null,
            "virtual_network_name": "pineapplicaiton-vnet-f-vnet"
          },
          "sensitive_attributes": [],
          "private": "eyJlMmJmYjczMC1lY2FhLTExZTYtOGY4OC0zNDM2M2JjN2M0YzAiOnsiY3JlYXRlIjoxODAwMDAwMDAwMDAwLCJkZWxldGUiOjE4MDAwMDAwMDAwMDAsInJlYWQiOjMwMDAwMDAwMDAwMCwidXBkYXRlIjoxODAwMDAwMDAwMDAwfX0=",
          "dependencies": [
            "module.application_a.azurerm_virtual_network.main"
          ]
        }
      ]
    },
    {
      "module": "module.application_a[\"f\"]",
      "mode": "managed",
      "type": "azurerm_virtual_machine",
      "name": "site",
      "provider": "provider[\"registry.terraform.io/hashicorp/azurerm\"]",
      "instances": [
        {
          "schema_version": 0,
          "attributes": {
            "additional_capabilities": [],
            "availability_set_id": null,
            "boot_diagnostics": [],
            "delete_data_disks_on_termination": false,
            "delete_os_disk_on_termination": true,
            "id": "/subscriptions/6a1c9c00-ef6b-4bbf-a3f1-ca2c019f31e9/resourceGroups/krishangs_resource/providers/Microsoft.Compute/virtualMachines/pineapplication-f-site",
            "identity": [],
            "license_type": null,
            "location": "uksouth",
            "name": "pineapplication-f-site",
            "network_interface_ids": [
              "/subscriptions/6a1c9c00-ef6b-4bbf-a3f1-ca2c019f31e9/resourceGroups/krishangs_resource/providers/Microsoft.Network/networkInterfaces/pineapple-f-network"
            ],
            "os_profile": [
              {
                "admin_password": "",
                "admin_username": "testuser",
                "computer_name": "pineapplication",
                "custom_data": ""
              }
            ],
            "os_profile_linux_config": [
              {
                "disable_password_authentication": false,
                "ssh_keys": []
              }
            ],
            "os_profile_secrets": [],
            "os_profile_windows_config": [],
            "plan": [],
            "primary_network_interface_id": null,
            "proximity_placement_group_id": null,
            "resource_group_name": "krishangs_resource",
            "storage_data_disk": [],
            "storage_image_reference": [
              {
                "id": "",
                "offer": "UbuntuServer",
                "publisher": "Canonical",
                "sku": "18.04-LTS",
                "version": "latest"
              }
            ],
            "storage_os_disk": [
              {
                "caching": "ReadWrite",
                "create_option": "FromImage",
                "disk_size_gb": 30,
                "image_uri": "",
                "managed_disk_id": "/subscriptions/6a1c9c00-ef6b-4bbf-a3f1-ca2c019f31e9/resourceGroups/krishangs_resource/providers/Microsoft.Compute/disks/pineapplication-f-osdisk",
                "managed_disk_type": "Standard_LRS",
                "name": "pineapplication-f-osdisk",
                "os_type": "Linux",
                "vhd_uri": "",
                "write_accelerator_enabled": false
              }
            ],
            "tags": null,
            "timeouts": null,
            "vm_size": "Standard_B16ms",
            "zones": null
          },
          "sensitive_attributes": [],
          "private": "eyJlMmJmYjczMC1lY2FhLTExZTYtOGY4OC0zNDM2M2JjN2M0YzAiOnsiY3JlYXRlIjozNjAwMDAwMDAwMDAwLCJkZWxldGUiOjM2MDAwMDAwMDAwMDAsInJlYWQiOjMwMDAwMDAwMDAwMCwidXBkYXRlIjozNjAwMDAwMDAwMDAwfX0=",
          "dependencies": [
            "module.application_a.azurerm_network_interface.main",
            "module.application_a.azurerm_public_ip.main",
            "module.application_a.azurerm_subnet.subnet",
            "module.application_a.azurerm_virtual_network.main"
          ]
        }
      ]
    },
    {
      "module": "module.application_a[\"f\"]",
      "mode": "managed",
      "type": "azurerm_virtual_network",
      "name": "main",
      "provider": "provider[\"registry.terraform.io/hashicorp/azurerm\"]",
      "instances": [
        {
          "schema_version": 0,
          "attributes": {
            "address_space": [
              "10.0.0.0/16"
            ],
            "bgp_community": "",
            "ddos_protection_plan": [],
            "dns_servers": [],
            "flow_timeout_in_minutes": 0,
            "guid": "066b7779-b75d-42f5-bbbd-bb1b7715c5c6",
            "id": "/subscriptions/6a1c9c00-ef6b-4bbf-a3f1-ca2c019f31e9/resourceGroups/krishangs_resource/providers/Microsoft.Network/virtualNetworks/pineapplicaiton-vnet-f-vnet",
            "location": "uksouth",
            "name": "pineapplicaiton-vnet-f-vnet",
            "resource_group_name": "krishangs_resource",
            "subnet": [],
            "tags": null,
            "timeouts": null,
            "vm_protection_enabled": false
          },
          "sensitive_attributes": [],
          "private": "eyJlMmJmYjczMC1lY2FhLTExZTYtOGY4OC0zNDM2M2JjN2M0YzAiOnsiY3JlYXRlIjoxODAwMDAwMDAwMDAwLCJkZWxldGUiOjE4MDAwMDAwMDAwMDAsInJlYWQiOjMwMDAwMDAwMDAwMCwidXBkYXRlIjoxODAwMDAwMDAwMDAwfX0="
        }
      ]
    },
    {
      "module": "module.application_a[\"g\"]",
      "mode": "data",
      "type": "azurerm_resource_group",
      "name": "main",
      "provider": "provider[\"registry.terraform.io/hashicorp/azurerm\"]",
      "instances": [
        {
          "schema_version": 0,
          "attributes": {
            "id": "/subscriptions/6a1c9c00-ef6b-4bbf-a3f1-ca2c019f31e9/resourceGroups/krishangs_resource",
            "location": "uksouth",
            "name": "krishangs_resource",
            "tags": {},
            "timeouts": null
          },
          "sensitive_attributes": []
        }
      ]
    },
    {
      "module": "module.application_a[\"g\"]",
      "mode": "managed",
      "type": "azurerm_network_interface",
      "name": "main",
      "provider": "provider[\"registry.terraform.io/hashicorp/azurerm\"]",
      "instances": [
        {
          "schema_version": 0,
          "attributes": {
            "applied_dns_servers": [],
            "dns_servers": [],
            "enable_accelerated_networking": false,
            "enable_ip_forwarding": false,
            "id": "/subscriptions/6a1c9c00-ef6b-4bbf-a3f1-ca2c019f31e9/resourceGroups/krishangs_resource/providers/Microsoft.Network/networkInterfaces/pineapple-g-network",
            "internal_dns_name_label": "",
            "internal_domain_name_suffix": "ybuoi1zcaomubmznljgzyxas2a.zx.internal.cloudapp.net",
            "ip_configuration": [
              {
                "gateway_load_balancer_frontend_ip_configuration_id": "",
                "name": "pineapple-g-ipconfig",
                "primary": true,
                "private_ip_address": "10.0.0.4",
                "private_ip_address_allocation": "Dynamic",
                "private_ip_address_version": "IPv4",
                "public_ip_address_id": "/subscriptions/6a1c9c00-ef6b-4bbf-a3f1-ca2c019f31e9/resourceGroups/krishangs_resource/providers/Microsoft.Network/publicIPAddresses/pineapple-g-ip",
                "subnet_id": "/subscriptions/6a1c9c00-ef6b-4bbf-a3f1-ca2c019f31e9/resourceGroups/krishangs_resource/providers/Microsoft.Network/virtualNetworks/pineapplicaiton-vnet-g-vnet/subnets/pineapple-g-subnet"
              }
            ],
            "location": "uksouth",
            "mac_address": "",
            "name": "pineapple-g-network",
            "private_ip_address": "10.0.0.4",
            "private_ip_addresses": [
              "10.0.0.4"
            ],
            "resource_group_name": "krishangs_resource",
            "tags": null,
            "timeouts": null,
            "virtual_machine_id": ""
          },
          "sensitive_attributes": [],
          "private": "eyJlMmJmYjczMC1lY2FhLTExZTYtOGY4OC0zNDM2M2JjN2M0YzAiOnsiY3JlYXRlIjoxODAwMDAwMDAwMDAwLCJkZWxldGUiOjE4MDAwMDAwMDAwMDAsInJlYWQiOjMwMDAwMDAwMDAwMCwidXBkYXRlIjoxODAwMDAwMDAwMDAwfX0=",
          "dependencies": [
            "module.application_a.azurerm_public_ip.main",
            "module.application_a.azurerm_subnet.subnet",
            "module.application_a.azurerm_virtual_network.main"
          ]
        }
      ]
    },
    {
      "module": "module.application_a[\"g\"]",
      "mode": "managed",
      "type": "azurerm_network_security_group",
      "name": "main",
      "provider": "provider[\"registry.terraform.io/hashicorp/azurerm\"]",
      "instances": [
        {
          "schema_version": 0,
          "attributes": {
            "id": "/subscriptions/6a1c9c00-ef6b-4bbf-a3f1-ca2c019f31e9/resourceGroups/krishangs_resource/providers/Microsoft.Network/networkSecurityGroups/pineapple-g",
            "location": "uksouth",
            "name": "pineapple-g",
            "resource_group_name": "krishangs_resource",
            "security_rule": [
              {
                "access": "Allow",
                "description": "",
                "destination_address_prefix": "*",
                "destination_address_prefixes": [],
                "destination_application_security_group_ids": [],
                "destination_port_range": "22",
                "destination_port_ranges": [],
                "direction": "Inbound",
                "name": "SSH",
                "priority": 101,
                "protocol": "Tcp",
                "source_address_prefix": "*",
                "source_address_prefixes": [],
                "source_application_security_group_ids": [],
                "source_port_range": "*",
                "source_port_ranges": []
              },
              {
                "access": "Allow",
                "description": "",
                "destination_address_prefix": "*",
                "destination_address_prefixes": [],
                "destination_application_security_group_ids": [],
                "destination_port_range": "80",
                "destination_port_ranges": [],
                "direction": "Inbound",
                "name": "HTTP",
                "priority": 100,
                "protocol": "Tcp",
                "source_address_prefix": "*",
                "source_address_prefixes": [],
                "source_application_security_group_ids": [],
                "source_port_range": "*",
                "source_port_ranges": []
              }
            ],
            "tags": null,
            "timeouts": null
          },
          "sensitive_attributes": [],
          "private": "eyJlMmJmYjczMC1lY2FhLTExZTYtOGY4OC0zNDM2M2JjN2M0YzAiOnsiY3JlYXRlIjoxODAwMDAwMDAwMDAwLCJkZWxldGUiOjE4MDAwMDAwMDAwMDAsInJlYWQiOjMwMDAwMDAwMDAwMCwidXBkYXRlIjoxODAwMDAwMDAwMDAwfX0="
        }
      ]
    },
    {
      "module": "module.application_a[\"g\"]",
      "mode": "managed",
      "type": "azurerm_public_ip",
      "name": "main",
      "provider": "provider[\"registry.terraform.io/hashicorp/azurerm\"]",
      "instances": [
        {
          "schema_version": 0,
          "attributes": {
            "allocation_method": "Static",
            "availability_zone": "No-Zone",
            "domain_name_label": "pineapplication-g",
            "fqdn": "pineapplication-g.uksouth.cloudapp.azure.com",
            "id": "/subscriptions/6a1c9c00-ef6b-4bbf-a3f1-ca2c019f31e9/resourceGroups/krishangs_resource/providers/Microsoft.Network/publicIPAddresses/pineapple-g-ip",
            "idle_timeout_in_minutes": 4,
            "ip_address": "20.108.247.91",
            "ip_tags": null,
            "ip_version": "IPv4",
            "location": "uksouth",
            "name": "pineapple-g-ip",
            "public_ip_prefix_id": null,
            "resource_group_name": "krishangs_resource",
            "reverse_fqdn": "",
            "sku": "Basic",
            "sku_tier": "Regional",
            "tags": null,
            "timeouts": null,
            "zones": []
          },
          "sensitive_attributes": [],
          "private": "eyJlMmJmYjczMC1lY2FhLTExZTYtOGY4OC0zNDM2M2JjN2M0YzAiOnsiY3JlYXRlIjoxODAwMDAwMDAwMDAwLCJkZWxldGUiOjE4MDAwMDAwMDAwMDAsInJlYWQiOjMwMDAwMDAwMDAwMCwidXBkYXRlIjoxODAwMDAwMDAwMDAwfX0="
        }
      ]
    },
    {
      "module": "module.application_a[\"g\"]",
      "mode": "managed",
      "type": "azurerm_subnet",
      "name": "subnet",
      "provider": "provider[\"registry.terraform.io/hashicorp/azurerm\"]",
      "instances": [
        {
          "schema_version": 0,
          "attributes": {
            "address_prefix": "10.0.0.0/24",
            "address_prefixes": [
              "10.0.0.0/24"
            ],
            "delegation": [],
            "enforce_private_link_endpoint_network_policies": false,
            "enforce_private_link_service_network_policies": false,
            "id": "/subscriptions/6a1c9c00-ef6b-4bbf-a3f1-ca2c019f31e9/resourceGroups/krishangs_resource/providers/Microsoft.Network/virtualNetworks/pineapplicaiton-vnet-g-vnet/subnets/pineapple-g-subnet",
            "name": "pineapple-g-subnet",
            "resource_group_name": "krishangs_resource",
            "service_endpoint_policy_ids": null,
            "service_endpoints": null,
            "timeouts": null,
            "virtual_network_name": "pineapplicaiton-vnet-g-vnet"
          },
          "sensitive_attributes": [],
          "private": "eyJlMmJmYjczMC1lY2FhLTExZTYtOGY4OC0zNDM2M2JjN2M0YzAiOnsiY3JlYXRlIjoxODAwMDAwMDAwMDAwLCJkZWxldGUiOjE4MDAwMDAwMDAwMDAsInJlYWQiOjMwMDAwMDAwMDAwMCwidXBkYXRlIjoxODAwMDAwMDAwMDAwfX0=",
          "dependencies": [
            "module.application_a.azurerm_virtual_network.main"
          ]
        }
      ]
    },
    {
      "module": "module.application_a[\"g\"]",
      "mode": "managed",
      "type": "azurerm_virtual_machine",
      "name": "site",
      "provider": "provider[\"registry.terraform.io/hashicorp/azurerm\"]",
      "instances": [
        {
          "schema_version": 0,
          "attributes": {
            "additional_capabilities": [],
            "availability_set_id": null,
            "boot_diagnostics": [],
            "delete_data_disks_on_termination": false,
            "delete_os_disk_on_termination": true,
            "id": "/subscriptions/6a1c9c00-ef6b-4bbf-a3f1-ca2c019f31e9/resourceGroups/krishangs_resource/providers/Microsoft.Compute/virtualMachines/pineapplication-g-site",
            "identity": [],
            "license_type": null,
            "location": "uksouth",
            "name": "pineapplication-g-site",
            "network_interface_ids": [
              "/subscriptions/6a1c9c00-ef6b-4bbf-a3f1-ca2c019f31e9/resourceGroups/krishangs_resource/providers/Microsoft.Network/networkInterfaces/pineapple-g-network"
            ],
            "os_profile": [
              {
                "admin_password": "",
                "admin_username": "testuser",
                "computer_name": "pineapplication",
                "custom_data": ""
              }
            ],
            "os_profile_linux_config": [
              {
                "disable_password_authentication": false,
                "ssh_keys": []
              }
            ],
            "os_profile_secrets": [],
            "os_profile_windows_config": [],
            "plan": [],
            "primary_network_interface_id": null,
            "proximity_placement_group_id": null,
            "resource_group_name": "krishangs_resource",
            "storage_data_disk": [],
            "storage_image_reference": [
              {
                "id": "",
                "offer": "UbuntuServer",
                "publisher": "Canonical",
                "sku": "18.04-LTS",
                "version": "latest"
              }
            ],
            "storage_os_disk": [
              {
                "caching": "ReadWrite",
                "create_option": "FromImage",
                "disk_size_gb": 30,
                "image_uri": "",
                "managed_disk_id": "/subscriptions/6a1c9c00-ef6b-4bbf-a3f1-ca2c019f31e9/resourceGroups/krishangs_resource/providers/Microsoft.Compute/disks/pineapplication-g-osdisk",
                "managed_disk_type": "Standard_LRS",
                "name": "pineapplication-g-osdisk",
                "os_type": "Linux",
                "vhd_uri": "",
                "write_accelerator_enabled": false
              }
            ],
            "tags": null,
            "timeouts": null,
            "vm_size": "Standard_B16ms",
            "zones": null
          },
          "sensitive_attributes": [],
          "private": "eyJlMmJmYjczMC1lY2FhLTExZTYtOGY4OC0zNDM2M2JjN2M0YzAiOnsiY3JlYXRlIjozNjAwMDAwMDAwMDAwLCJkZWxldGUiOjM2MDAwMDAwMDAwMDAsInJlYWQiOjMwMDAwMDAwMDAwMCwidXBkYXRlIjozNjAwMDAwMDAwMDAwfX0=",
          "dependencies": [
            "module.application_a.azurerm_network_interface.main",
            "module.application_a.azurerm_public_ip.main",
            "module.application_a.azurerm_subnet.subnet",
            "module.application_a.azurerm_virtual_network.main"
          ]
        }
      ]
    },
    {
      "module": "module.application_a[\"g\"]",
      "mode": "managed",
      "type": "azurerm_virtual_network",
      "name": "main",
      "provider": "provider[\"registry.terraform.io/hashicorp/azurerm\"]",
      "instances": [
        {
          "schema_version": 0,
          "attributes": {
            "address_space": [
              "10.0.0.0/16"
            ],
            "bgp_community": "",
            "ddos_protection_plan": [],
            "dns_servers": [],
            "flow_timeout_in_minutes": 0,
            "guid": "6fe468c0-0322-4099-b32d-5a4d9c5c12e0",
            "id": "/subscriptions/6a1c9c00-ef6b-4bbf-a3f1-ca2c019f31e9/resourceGroups/krishangs_resource/providers/Microsoft.Network/virtualNetworks/pineapplicaiton-vnet-g-vnet",
            "location": "uksouth",
            "name": "pineapplicaiton-vnet-g-vnet",
            "resource_group_name": "krishangs_resource",
            "subnet": [],
            "tags": null,
            "timeouts": null,
            "vm_protection_enabled": false
          },
          "sensitive_attributes": [],
          "private": "eyJlMmJmYjczMC1lY2FhLTExZTYtOGY4OC0zNDM2M2JjN2M0YzAiOnsiY3JlYXRlIjoxODAwMDAwMDAwMDAwLCJkZWxldGUiOjE4MDAwMDAwMDAwMDAsInJlYWQiOjMwMDAwMDAwMDAwMCwidXBkYXRlIjoxODAwMDAwMDAwMDAwfX0="
        }
      ]
    },
    {
      "module": "module.application_a[\"h\"]",
      "mode": "data",
      "type": "azurerm_resource_group",
      "name": "main",
      "provider": "provider[\"registry.terraform.io/hashicorp/azurerm\"]",
      "instances": [
        {
          "schema_version": 0,
          "attributes": {
            "id": "/subscriptions/6a1c9c00-ef6b-4bbf-a3f1-ca2c019f31e9/resourceGroups/krishangs_resource",
            "location": "uksouth",
            "name": "krishangs_resource",
            "tags": {},
            "timeouts": null
          },
          "sensitive_attributes": []
        }
      ]
    },
    {
      "module": "module.application_a[\"h\"]",
      "mode": "managed",
      "type": "azurerm_network_interface",
      "name": "main",
      "provider": "provider[\"registry.terraform.io/hashicorp/azurerm\"]",
      "instances": [
        {
          "schema_version": 0,
          "attributes": {
            "applied_dns_servers": [],
            "dns_servers": [],
            "enable_accelerated_networking": false,
            "enable_ip_forwarding": false,
            "id": "/subscriptions/6a1c9c00-ef6b-4bbf-a3f1-ca2c019f31e9/resourceGroups/krishangs_resource/providers/Microsoft.Network/networkInterfaces/pineapple-h-network",
            "internal_dns_name_label": "",
            "internal_domain_name_suffix": "pkjkeqniidkelamxg0yw1syr3g.zx.internal.cloudapp.net",
            "ip_configuration": [
              {
                "gateway_load_balancer_frontend_ip_configuration_id": "",
                "name": "pineapple-h-ipconfig",
                "primary": true,
                "private_ip_address": "10.0.0.4",
                "private_ip_address_allocation": "Dynamic",
                "private_ip_address_version": "IPv4",
                "public_ip_address_id": "/subscriptions/6a1c9c00-ef6b-4bbf-a3f1-ca2c019f31e9/resourceGroups/krishangs_resource/providers/Microsoft.Network/publicIPAddresses/pineapple-h-ip",
                "subnet_id": "/subscriptions/6a1c9c00-ef6b-4bbf-a3f1-ca2c019f31e9/resourceGroups/krishangs_resource/providers/Microsoft.Network/virtualNetworks/pineapplicaiton-vnet-h-vnet/subnets/pineapple-h-subnet"
              }
            ],
            "location": "uksouth",
            "mac_address": "",
            "name": "pineapple-h-network",
            "private_ip_address": "10.0.0.4",
            "private_ip_addresses": [
              "10.0.0.4"
            ],
            "resource_group_name": "krishangs_resource",
            "tags": null,
            "timeouts": null,
            "virtual_machine_id": ""
          },
          "sensitive_attributes": [],
          "private": "eyJlMmJmYjczMC1lY2FhLTExZTYtOGY4OC0zNDM2M2JjN2M0YzAiOnsiY3JlYXRlIjoxODAwMDAwMDAwMDAwLCJkZWxldGUiOjE4MDAwMDAwMDAwMDAsInJlYWQiOjMwMDAwMDAwMDAwMCwidXBkYXRlIjoxODAwMDAwMDAwMDAwfX0=",
          "dependencies": [
            "module.application_a.azurerm_public_ip.main",
            "module.application_a.azurerm_subnet.subnet",
            "module.application_a.azurerm_virtual_network.main"
          ]
        }
      ]
    },
    {
      "module": "module.application_a[\"h\"]",
      "mode": "managed",
      "type": "azurerm_network_security_group",
      "name": "main",
      "provider": "provider[\"registry.terraform.io/hashicorp/azurerm\"]",
      "instances": [
        {
          "schema_version": 0,
          "attributes": {
            "id": "/subscriptions/6a1c9c00-ef6b-4bbf-a3f1-ca2c019f31e9/resourceGroups/krishangs_resource/providers/Microsoft.Network/networkSecurityGroups/pineapple-h",
            "location": "uksouth",
            "name": "pineapple-h",
            "resource_group_name": "krishangs_resource",
            "security_rule": [
              {
                "access": "Allow",
                "description": "",
                "destination_address_prefix": "*",
                "destination_address_prefixes": [],
                "destination_application_security_group_ids": [],
                "destination_port_range": "22",
                "destination_port_ranges": [],
                "direction": "Inbound",
                "name": "SSH",
                "priority": 101,
                "protocol": "Tcp",
                "source_address_prefix": "*",
                "source_address_prefixes": [],
                "source_application_security_group_ids": [],
                "source_port_range": "*",
                "source_port_ranges": []
              },
              {
                "access": "Allow",
                "description": "",
                "destination_address_prefix": "*",
                "destination_address_prefixes": [],
                "destination_application_security_group_ids": [],
                "destination_port_range": "80",
                "destination_port_ranges": [],
                "direction": "Inbound",
                "name": "HTTP",
                "priority": 100,
                "protocol": "Tcp",
                "source_address_prefix": "*",
                "source_address_prefixes": [],
                "source_application_security_group_ids": [],
                "source_port_range": "*",
                "source_port_ranges": []
              }
            ],
            "tags": null,
            "timeouts": null
          },
          "sensitive_attributes": [],
          "private": "eyJlMmJmYjczMC1lY2FhLTExZTYtOGY4OC0zNDM2M2JjN2M0YzAiOnsiY3JlYXRlIjoxODAwMDAwMDAwMDAwLCJkZWxldGUiOjE4MDAwMDAwMDAwMDAsInJlYWQiOjMwMDAwMDAwMDAwMCwidXBkYXRlIjoxODAwMDAwMDAwMDAwfX0="
        }
      ]
    },
    {
      "module": "module.application_a[\"h\"]",
      "mode": "managed",
      "type": "azurerm_public_ip",
      "name": "main",
      "provider": "provider[\"registry.terraform.io/hashicorp/azurerm\"]",
      "instances": [
        {
          "schema_version": 0,
          "attributes": {
            "allocation_method": "Static",
            "availability_zone": "No-Zone",
            "domain_name_label": "pineapplication-h",
            "fqdn": "pineapplication-h.uksouth.cloudapp.azure.com",
            "id": "/subscriptions/6a1c9c00-ef6b-4bbf-a3f1-ca2c019f31e9/resourceGroups/krishangs_resource/providers/Microsoft.Network/publicIPAddresses/pineapple-h-ip",
            "idle_timeout_in_minutes": 4,
            "ip_address": "20.108.247.136",
            "ip_tags": null,
            "ip_version": "IPv4",
            "location": "uksouth",
            "name": "pineapple-h-ip",
            "public_ip_prefix_id": null,
            "resource_group_name": "krishangs_resource",
            "reverse_fqdn": "",
            "sku": "Basic",
            "sku_tier": "Regional",
            "tags": null,
            "timeouts": null,
            "zones": []
          },
          "sensitive_attributes": [],
          "private": "eyJlMmJmYjczMC1lY2FhLTExZTYtOGY4OC0zNDM2M2JjN2M0YzAiOnsiY3JlYXRlIjoxODAwMDAwMDAwMDAwLCJkZWxldGUiOjE4MDAwMDAwMDAwMDAsInJlYWQiOjMwMDAwMDAwMDAwMCwidXBkYXRlIjoxODAwMDAwMDAwMDAwfX0="
        }
      ]
    },
    {
      "module": "module.application_a[\"h\"]",
      "mode": "managed",
      "type": "azurerm_subnet",
      "name": "subnet",
      "provider": "provider[\"registry.terraform.io/hashicorp/azurerm\"]",
      "instances": [
        {
          "schema_version": 0,
          "attributes": {
            "address_prefix": "10.0.0.0/24",
            "address_prefixes": [
              "10.0.0.0/24"
            ],
            "delegation": [],
            "enforce_private_link_endpoint_network_policies": false,
            "enforce_private_link_service_network_policies": false,
            "id": "/subscriptions/6a1c9c00-ef6b-4bbf-a3f1-ca2c019f31e9/resourceGroups/krishangs_resource/providers/Microsoft.Network/virtualNetworks/pineapplicaiton-vnet-h-vnet/subnets/pineapple-h-subnet",
            "name": "pineapple-h-subnet",
            "resource_group_name": "krishangs_resource",
            "service_endpoint_policy_ids": null,
            "service_endpoints": null,
            "timeouts": null,
            "virtual_network_name": "pineapplicaiton-vnet-h-vnet"
          },
          "sensitive_attributes": [],
          "private": "eyJlMmJmYjczMC1lY2FhLTExZTYtOGY4OC0zNDM2M2JjN2M0YzAiOnsiY3JlYXRlIjoxODAwMDAwMDAwMDAwLCJkZWxldGUiOjE4MDAwMDAwMDAwMDAsInJlYWQiOjMwMDAwMDAwMDAwMCwidXBkYXRlIjoxODAwMDAwMDAwMDAwfX0=",
          "dependencies": [
            "module.application_a.azurerm_virtual_network.main"
          ]
        }
      ]
    },
    {
      "module": "module.application_a[\"h\"]",
      "mode": "managed",
      "type": "azurerm_virtual_machine",
      "name": "site",
      "provider": "provider[\"registry.terraform.io/hashicorp/azurerm\"]",
      "instances": [
        {
          "schema_version": 0,
          "attributes": {
            "additional_capabilities": [],
            "availability_set_id": null,
            "boot_diagnostics": [],
            "delete_data_disks_on_termination": false,
            "delete_os_disk_on_termination": true,
            "id": "/subscriptions/6a1c9c00-ef6b-4bbf-a3f1-ca2c019f31e9/resourceGroups/krishangs_resource/providers/Microsoft.Compute/virtualMachines/pineapplication-h-site",
            "identity": [],
            "license_type": null,
            "location": "uksouth",
            "name": "pineapplication-h-site",
            "network_interface_ids": [
              "/subscriptions/6a1c9c00-ef6b-4bbf-a3f1-ca2c019f31e9/resourceGroups/krishangs_resource/providers/Microsoft.Network/networkInterfaces/pineapple-h-network"
            ],
            "os_profile": [
              {
                "admin_password": "",
                "admin_username": "testuser",
                "computer_name": "pineapplication",
                "custom_data": ""
              }
            ],
            "os_profile_linux_config": [
              {
                "disable_password_authentication": false,
                "ssh_keys": []
              }
            ],
            "os_profile_secrets": [],
            "os_profile_windows_config": [],
            "plan": [],
            "primary_network_interface_id": null,
            "proximity_placement_group_id": null,
            "resource_group_name": "krishangs_resource",
            "storage_data_disk": [],
            "storage_image_reference": [
              {
                "id": "",
                "offer": "UbuntuServer",
                "publisher": "Canonical",
                "sku": "18.04-LTS",
                "version": "latest"
              }
            ],
            "storage_os_disk": [
              {
                "caching": "ReadWrite",
                "create_option": "FromImage",
                "disk_size_gb": 30,
                "image_uri": "",
                "managed_disk_id": "/subscriptions/6a1c9c00-ef6b-4bbf-a3f1-ca2c019f31e9/resourceGroups/krishangs_resource/providers/Microsoft.Compute/disks/pineapplication-h-osdisk",
                "managed_disk_type": "Standard_LRS",
                "name": "pineapplication-h-osdisk",
                "os_type": "Linux",
                "vhd_uri": "",
                "write_accelerator_enabled": false
              }
            ],
            "tags": null,
            "timeouts": null,
            "vm_size": "Standard_B16ms",
            "zones": null
          },
          "sensitive_attributes": [],
          "private": "eyJlMmJmYjczMC1lY2FhLTExZTYtOGY4OC0zNDM2M2JjN2M0YzAiOnsiY3JlYXRlIjozNjAwMDAwMDAwMDAwLCJkZWxldGUiOjM2MDAwMDAwMDAwMDAsInJlYWQiOjMwMDAwMDAwMDAwMCwidXBkYXRlIjozNjAwMDAwMDAwMDAwfX0=",
          "dependencies": [
            "module.application_a.azurerm_network_interface.main",
            "module.application_a.azurerm_public_ip.main",
            "module.application_a.azurerm_subnet.subnet",
            "module.application_a.azurerm_virtual_network.main"
          ]
        }
      ]
    },
    {
      "module": "module.application_a[\"h\"]",
      "mode": "managed",
      "type": "azurerm_virtual_network",
      "name": "main",
      "provider": "provider[\"registry.terraform.io/hashicorp/azurerm\"]",
      "instances": [
        {
          "schema_version": 0,
          "attributes": {
            "address_space": [
              "10.0.0.0/16"
            ],
            "bgp_community": "",
            "ddos_protection_plan": [],
            "dns_servers": [],
            "flow_timeout_in_minutes": 0,
            "guid": "41a2927a-40a8-45d4-8197-36b16dcb11ee",
            "id": "/subscriptions/6a1c9c00-ef6b-4bbf-a3f1-ca2c019f31e9/resourceGroups/krishangs_resource/providers/Microsoft.Network/virtualNetworks/pineapplicaiton-vnet-h-vnet",
            "location": "uksouth",
            "name": "pineapplicaiton-vnet-h-vnet",
            "resource_group_name": "krishangs_resource",
            "subnet": [],
            "tags": null,
            "timeouts": null,
            "vm_protection_enabled": false
          },
          "sensitive_attributes": [],
          "private": "eyJlMmJmYjczMC1lY2FhLTExZTYtOGY4OC0zNDM2M2JjN2M0YzAiOnsiY3JlYXRlIjoxODAwMDAwMDAwMDAwLCJkZWxldGUiOjE4MDAwMDAwMDAwMDAsInJlYWQiOjMwMDAwMDAwMDAwMCwidXBkYXRlIjoxODAwMDAwMDAwMDAwfX0="
        }
      ]
    },
    {
      "module": "module.application_a[\"i\"]",
      "mode": "data",
      "type": "azurerm_resource_group",
      "name": "main",
      "provider": "provider[\"registry.terraform.io/hashicorp/azurerm\"]",
      "instances": [
        {
          "schema_version": 0,
          "attributes": {
            "id": "/subscriptions/6a1c9c00-ef6b-4bbf-a3f1-ca2c019f31e9/resourceGroups/krishangs_resource",
            "location": "uksouth",
            "name": "krishangs_resource",
            "tags": {},
            "timeouts": null
          },
          "sensitive_attributes": []
        }
      ]
    },
    {
      "module": "module.application_a[\"i\"]",
      "mode": "managed",
      "type": "azurerm_network_interface",
      "name": "main",
      "provider": "provider[\"registry.terraform.io/hashicorp/azurerm\"]",
      "instances": [
        {
          "schema_version": 0,
          "attributes": {
            "applied_dns_servers": [],
            "dns_servers": [],
            "enable_accelerated_networking": false,
            "enable_ip_forwarding": false,
            "id": "/subscriptions/6a1c9c00-ef6b-4bbf-a3f1-ca2c019f31e9/resourceGroups/krishangs_resource/providers/Microsoft.Network/networkInterfaces/pineapple-i-network",
            "internal_dns_name_label": "",
            "internal_domain_name_suffix": "h2kuwbviifxunifvpgt1sr2oaa.zx.internal.cloudapp.net",
            "ip_configuration": [
              {
                "gateway_load_balancer_frontend_ip_configuration_id": "",
                "name": "pineapple-i-ipconfig",
                "primary": true,
                "private_ip_address": "10.0.0.4",
                "private_ip_address_allocation": "Dynamic",
                "private_ip_address_version": "IPv4",
                "public_ip_address_id": "/subscriptions/6a1c9c00-ef6b-4bbf-a3f1-ca2c019f31e9/resourceGroups/krishangs_resource/providers/Microsoft.Network/publicIPAddresses/pineapple-i-ip",
                "subnet_id": "/subscriptions/6a1c9c00-ef6b-4bbf-a3f1-ca2c019f31e9/resourceGroups/krishangs_resource/providers/Microsoft.Network/virtualNetworks/pineapplicaiton-vnet-i-vnet/subnets/pineapple-i-subnet"
              }
            ],
            "location": "uksouth",
            "mac_address": "",
            "name": "pineapple-i-network",
            "private_ip_address": "10.0.0.4",
            "private_ip_addresses": [
              "10.0.0.4"
            ],
            "resource_group_name": "krishangs_resource",
            "tags": null,
            "timeouts": null,
            "virtual_machine_id": ""
          },
          "sensitive_attributes": [],
          "private": "eyJlMmJmYjczMC1lY2FhLTExZTYtOGY4OC0zNDM2M2JjN2M0YzAiOnsiY3JlYXRlIjoxODAwMDAwMDAwMDAwLCJkZWxldGUiOjE4MDAwMDAwMDAwMDAsInJlYWQiOjMwMDAwMDAwMDAwMCwidXBkYXRlIjoxODAwMDAwMDAwMDAwfX0=",
          "dependencies": [
            "module.application_a.azurerm_public_ip.main",
            "module.application_a.azurerm_subnet.subnet",
            "module.application_a.azurerm_virtual_network.main"
          ]
        }
      ]
    },
    {
      "module": "module.application_a[\"i\"]",
      "mode": "managed",
      "type": "azurerm_network_security_group",
      "name": "main",
      "provider": "provider[\"registry.terraform.io/hashicorp/azurerm\"]",
      "instances": [
        {
          "schema_version": 0,
          "attributes": {
            "id": "/subscriptions/6a1c9c00-ef6b-4bbf-a3f1-ca2c019f31e9/resourceGroups/krishangs_resource/providers/Microsoft.Network/networkSecurityGroups/pineapple-i",
            "location": "uksouth",
            "name": "pineapple-i",
            "resource_group_name": "krishangs_resource",
            "security_rule": [
              {
                "access": "Allow",
                "description": "",
                "destination_address_prefix": "*",
                "destination_address_prefixes": [],
                "destination_application_security_group_ids": [],
                "destination_port_range": "22",
                "destination_port_ranges": [],
                "direction": "Inbound",
                "name": "SSH",
                "priority": 101,
                "protocol": "Tcp",
                "source_address_prefix": "*",
                "source_address_prefixes": [],
                "source_application_security_group_ids": [],
                "source_port_range": "*",
                "source_port_ranges": []
              },
              {
                "access": "Allow",
                "description": "",
                "destination_address_prefix": "*",
                "destination_address_prefixes": [],
                "destination_application_security_group_ids": [],
                "destination_port_range": "80",
                "destination_port_ranges": [],
                "direction": "Inbound",
                "name": "HTTP",
                "priority": 100,
                "protocol": "Tcp",
                "source_address_prefix": "*",
                "source_address_prefixes": [],
                "source_application_security_group_ids": [],
                "source_port_range": "*",
                "source_port_ranges": []
              }
            ],
            "tags": null,
            "timeouts": null
          },
          "sensitive_attributes": [],
          "private": "eyJlMmJmYjczMC1lY2FhLTExZTYtOGY4OC0zNDM2M2JjN2M0YzAiOnsiY3JlYXRlIjoxODAwMDAwMDAwMDAwLCJkZWxldGUiOjE4MDAwMDAwMDAwMDAsInJlYWQiOjMwMDAwMDAwMDAwMCwidXBkYXRlIjoxODAwMDAwMDAwMDAwfX0="
        }
      ]
    },
    {
      "module": "module.application_a[\"i\"]",
      "mode": "managed",
      "type": "azurerm_public_ip",
      "name": "main",
      "provider": "provider[\"registry.terraform.io/hashicorp/azurerm\"]",
      "instances": [
        {
          "schema_version": 0,
          "attributes": {
            "allocation_method": "Static",
            "availability_zone": "No-Zone",
            "domain_name_label": "pineapplication-i",
            "fqdn": "pineapplication-i.uksouth.cloudapp.azure.com",
            "id": "/subscriptions/6a1c9c00-ef6b-4bbf-a3f1-ca2c019f31e9/resourceGroups/krishangs_resource/providers/Microsoft.Network/publicIPAddresses/pineapple-i-ip",
            "idle_timeout_in_minutes": 4,
            "ip_address": "20.108.247.111",
            "ip_tags": null,
            "ip_version": "IPv4",
            "location": "uksouth",
            "name": "pineapple-i-ip",
            "public_ip_prefix_id": null,
            "resource_group_name": "krishangs_resource",
            "reverse_fqdn": "",
            "sku": "Basic",
            "sku_tier": "Regional",
            "tags": null,
            "timeouts": null,
            "zones": []
          },
          "sensitive_attributes": [],
          "private": "eyJlMmJmYjczMC1lY2FhLTExZTYtOGY4OC0zNDM2M2JjN2M0YzAiOnsiY3JlYXRlIjoxODAwMDAwMDAwMDAwLCJkZWxldGUiOjE4MDAwMDAwMDAwMDAsInJlYWQiOjMwMDAwMDAwMDAwMCwidXBkYXRlIjoxODAwMDAwMDAwMDAwfX0="
        }
      ]
    },
    {
      "module": "module.application_a[\"i\"]",
      "mode": "managed",
      "type": "azurerm_subnet",
      "name": "subnet",
      "provider": "provider[\"registry.terraform.io/hashicorp/azurerm\"]",
      "instances": [
        {
          "schema_version": 0,
          "attributes": {
            "address_prefix": "10.0.0.0/24",
            "address_prefixes": [
              "10.0.0.0/24"
            ],
            "delegation": [],
            "enforce_private_link_endpoint_network_policies": false,
            "enforce_private_link_service_network_policies": false,
            "id": "/subscriptions/6a1c9c00-ef6b-4bbf-a3f1-ca2c019f31e9/resourceGroups/krishangs_resource/providers/Microsoft.Network/virtualNetworks/pineapplicaiton-vnet-i-vnet/subnets/pineapple-i-subnet",
            "name": "pineapple-i-subnet",
            "resource_group_name": "krishangs_resource",
            "service_endpoint_policy_ids": null,
            "service_endpoints": null,
            "timeouts": null,
            "virtual_network_name": "pineapplicaiton-vnet-i-vnet"
          },
          "sensitive_attributes": [],
          "private": "eyJlMmJmYjczMC1lY2FhLTExZTYtOGY4OC0zNDM2M2JjN2M0YzAiOnsiY3JlYXRlIjoxODAwMDAwMDAwMDAwLCJkZWxldGUiOjE4MDAwMDAwMDAwMDAsInJlYWQiOjMwMDAwMDAwMDAwMCwidXBkYXRlIjoxODAwMDAwMDAwMDAwfX0=",
          "dependencies": [
            "module.application_a.azurerm_virtual_network.main"
          ]
        }
      ]
    },
    {
      "module": "module.application_a[\"i\"]",
      "mode": "managed",
      "type": "azurerm_virtual_machine",
      "name": "site",
      "provider": "provider[\"registry.terraform.io/hashicorp/azurerm\"]",
      "instances": [
        {
          "schema_version": 0,
          "attributes": {
            "additional_capabilities": [],
            "availability_set_id": null,
            "boot_diagnostics": [],
            "delete_data_disks_on_termination": false,
            "delete_os_disk_on_termination": true,
            "id": "/subscriptions/6a1c9c00-ef6b-4bbf-a3f1-ca2c019f31e9/resourceGroups/krishangs_resource/providers/Microsoft.Compute/virtualMachines/pineapplication-i-site",
            "identity": [],
            "license_type": null,
            "location": "uksouth",
            "name": "pineapplication-i-site",
            "network_interface_ids": [
              "/subscriptions/6a1c9c00-ef6b-4bbf-a3f1-ca2c019f31e9/resourceGroups/krishangs_resource/providers/Microsoft.Network/networkInterfaces/pineapple-i-network"
            ],
            "os_profile": [
              {
                "admin_password": "",
                "admin_username": "testuser",
                "computer_name": "pineapplication",
                "custom_data": ""
              }
            ],
            "os_profile_linux_config": [
              {
                "disable_password_authentication": false,
                "ssh_keys": []
              }
            ],
            "os_profile_secrets": [],
            "os_profile_windows_config": [],
            "plan": [],
            "primary_network_interface_id": null,
            "proximity_placement_group_id": null,
            "resource_group_name": "krishangs_resource",
            "storage_data_disk": [],
            "storage_image_reference": [
              {
                "id": "",
                "offer": "UbuntuServer",
                "publisher": "Canonical",
                "sku": "18.04-LTS",
                "version": "latest"
              }
            ],
            "storage_os_disk": [
              {
                "caching": "ReadWrite",
                "create_option": "FromImage",
                "disk_size_gb": 30,
                "image_uri": "",
                "managed_disk_id": "/subscriptions/6a1c9c00-ef6b-4bbf-a3f1-ca2c019f31e9/resourceGroups/krishangs_resource/providers/Microsoft.Compute/disks/pineapplication-i-osdisk",
                "managed_disk_type": "Standard_LRS",
                "name": "pineapplication-i-osdisk",
                "os_type": "Linux",
                "vhd_uri": "",
                "write_accelerator_enabled": false
              }
            ],
            "tags": null,
            "timeouts": null,
            "vm_size": "Standard_B16ms",
            "zones": null
          },
          "sensitive_attributes": [],
          "private": "eyJlMmJmYjczMC1lY2FhLTExZTYtOGY4OC0zNDM2M2JjN2M0YzAiOnsiY3JlYXRlIjozNjAwMDAwMDAwMDAwLCJkZWxldGUiOjM2MDAwMDAwMDAwMDAsInJlYWQiOjMwMDAwMDAwMDAwMCwidXBkYXRlIjozNjAwMDAwMDAwMDAwfX0=",
          "dependencies": [
            "module.application_a.azurerm_network_interface.main",
            "module.application_a.azurerm_public_ip.main",
            "module.application_a.azurerm_subnet.subnet",
            "module.application_a.azurerm_virtual_network.main"
          ]
        }
      ]
    },
    {
      "module": "module.application_a[\"i\"]",
      "mode": "managed",
      "type": "azurerm_virtual_network",
      "name": "main",
      "provider": "provider[\"registry.terraform.io/hashicorp/azurerm\"]",
      "instances": [
        {
          "schema_version": 0,
          "attributes": {
            "address_space": [
              "10.0.0.0/16"
            ],
            "bgp_community": "",
            "ddos_protection_plan": [],
            "dns_servers": [],
            "flow_timeout_in_minutes": 0,
            "guid": "064b153f-41a8-466f-a0b5-79a7b9478e00",
            "id": "/subscriptions/6a1c9c00-ef6b-4bbf-a3f1-ca2c019f31e9/resourceGroups/krishangs_resource/providers/Microsoft.Network/virtualNetworks/pineapplicaiton-vnet-i-vnet",
            "location": "uksouth",
            "name": "pineapplicaiton-vnet-i-vnet",
            "resource_group_name": "krishangs_resource",
            "subnet": [],
            "tags": null,
            "timeouts": null,
            "vm_protection_enabled": false
          },
          "sensitive_attributes": [],
          "private": "eyJlMmJmYjczMC1lY2FhLTExZTYtOGY4OC0zNDM2M2JjN2M0YzAiOnsiY3JlYXRlIjoxODAwMDAwMDAwMDAwLCJkZWxldGUiOjE4MDAwMDAwMDAwMDAsInJlYWQiOjMwMDAwMDAwMDAwMCwidXBkYXRlIjoxODAwMDAwMDAwMDAwfX0="
        }
      ]
    },
    {
      "module": "module.application_a[\"j\"]",
      "mode": "data",
      "type": "azurerm_resource_group",
      "name": "main",
      "provider": "provider[\"registry.terraform.io/hashicorp/azurerm\"]",
      "instances": [
        {
          "schema_version": 0,
          "attributes": {
            "id": "/subscriptions/6a1c9c00-ef6b-4bbf-a3f1-ca2c019f31e9/resourceGroups/krishangs_resource",
            "location": "uksouth",
            "name": "krishangs_resource",
            "tags": {},
            "timeouts": null
          },
          "sensitive_attributes": []
        }
      ]
    },
    {
      "module": "module.application_a[\"j\"]",
      "mode": "managed",
      "type": "azurerm_network_interface",
      "name": "main",
      "provider": "provider[\"registry.terraform.io/hashicorp/azurerm\"]",
      "instances": [
        {
          "schema_version": 0,
          "attributes": {
            "applied_dns_servers": [],
            "dns_servers": [],
            "enable_accelerated_networking": false,
            "enable_ip_forwarding": false,
            "id": "/subscriptions/6a1c9c00-ef6b-4bbf-a3f1-ca2c019f31e9/resourceGroups/krishangs_resource/providers/Microsoft.Network/networkInterfaces/pineapple-j-network",
            "internal_dns_name_label": "",
            "internal_domain_name_suffix": "pnvmx4b2u04eld0mzmzqpr1kzc.zx.internal.cloudapp.net",
            "ip_configuration": [
              {
                "gateway_load_balancer_frontend_ip_configuration_id": "",
                "name": "pineapple-j-ipconfig",
                "primary": true,
                "private_ip_address": "10.0.0.4",
                "private_ip_address_allocation": "Dynamic",
                "private_ip_address_version": "IPv4",
                "public_ip_address_id": "/subscriptions/6a1c9c00-ef6b-4bbf-a3f1-ca2c019f31e9/resourceGroups/krishangs_resource/providers/Microsoft.Network/publicIPAddresses/pineapple-j-ip",
                "subnet_id": "/subscriptions/6a1c9c00-ef6b-4bbf-a3f1-ca2c019f31e9/resourceGroups/krishangs_resource/providers/Microsoft.Network/virtualNetworks/pineapplicaiton-vnet-j-vnet/subnets/pineapple-j-subnet"
              }
            ],
            "location": "uksouth",
            "mac_address": "",
            "name": "pineapple-j-network",
            "private_ip_address": "10.0.0.4",
            "private_ip_addresses": [
              "10.0.0.4"
            ],
            "resource_group_name": "krishangs_resource",
            "tags": null,
            "timeouts": null,
            "virtual_machine_id": ""
          },
          "sensitive_attributes": [],
          "private": "eyJlMmJmYjczMC1lY2FhLTExZTYtOGY4OC0zNDM2M2JjN2M0YzAiOnsiY3JlYXRlIjoxODAwMDAwMDAwMDAwLCJkZWxldGUiOjE4MDAwMDAwMDAwMDAsInJlYWQiOjMwMDAwMDAwMDAwMCwidXBkYXRlIjoxODAwMDAwMDAwMDAwfX0=",
          "dependencies": [
            "module.application_a.azurerm_public_ip.main",
            "module.application_a.azurerm_subnet.subnet",
            "module.application_a.azurerm_virtual_network.main"
          ]
        }
      ]
    },
    {
      "module": "module.application_a[\"j\"]",
      "mode": "managed",
      "type": "azurerm_network_security_group",
      "name": "main",
      "provider": "provider[\"registry.terraform.io/hashicorp/azurerm\"]",
      "instances": [
        {
          "schema_version": 0,
          "attributes": {
            "id": "/subscriptions/6a1c9c00-ef6b-4bbf-a3f1-ca2c019f31e9/resourceGroups/krishangs_resource/providers/Microsoft.Network/networkSecurityGroups/pineapple-j",
            "location": "uksouth",
            "name": "pineapple-j",
            "resource_group_name": "krishangs_resource",
            "security_rule": [
              {
                "access": "Allow",
                "description": "",
                "destination_address_prefix": "*",
                "destination_address_prefixes": [],
                "destination_application_security_group_ids": [],
                "destination_port_range": "22",
                "destination_port_ranges": [],
                "direction": "Inbound",
                "name": "SSH",
                "priority": 101,
                "protocol": "Tcp",
                "source_address_prefix": "*",
                "source_address_prefixes": [],
                "source_application_security_group_ids": [],
                "source_port_range": "*",
                "source_port_ranges": []
              },
              {
                "access": "Allow",
                "description": "",
                "destination_address_prefix": "*",
                "destination_address_prefixes": [],
                "destination_application_security_group_ids": [],
                "destination_port_range": "80",
                "destination_port_ranges": [],
                "direction": "Inbound",
                "name": "HTTP",
                "priority": 100,
                "protocol": "Tcp",
                "source_address_prefix": "*",
                "source_address_prefixes": [],
                "source_application_security_group_ids": [],
                "source_port_range": "*",
                "source_port_ranges": []
              }
            ],
            "tags": null,
            "timeouts": null
          },
          "sensitive_attributes": [],
          "private": "eyJlMmJmYjczMC1lY2FhLTExZTYtOGY4OC0zNDM2M2JjN2M0YzAiOnsiY3JlYXRlIjoxODAwMDAwMDAwMDAwLCJkZWxldGUiOjE4MDAwMDAwMDAwMDAsInJlYWQiOjMwMDAwMDAwMDAwMCwidXBkYXRlIjoxODAwMDAwMDAwMDAwfX0="
        }
      ]
    },
    {
      "module": "module.application_a[\"j\"]",
      "mode": "managed",
      "type": "azurerm_public_ip",
      "name": "main",
      "provider": "provider[\"registry.terraform.io/hashicorp/azurerm\"]",
      "instances": [
        {
          "schema_version": 0,
          "attributes": {
            "allocation_method": "Static",
            "availability_zone": "No-Zone",
            "domain_name_label": "pineapplication-j",
            "fqdn": "pineapplication-j.uksouth.cloudapp.azure.com",
            "id": "/subscriptions/6a1c9c00-ef6b-4bbf-a3f1-ca2c019f31e9/resourceGroups/krishangs_resource/providers/Microsoft.Network/publicIPAddresses/pineapple-j-ip",
            "idle_timeout_in_minutes": 4,
            "ip_address": "20.108.247.96",
            "ip_tags": null,
            "ip_version": "IPv4",
            "location": "uksouth",
            "name": "pineapple-j-ip",
            "public_ip_prefix_id": null,
            "resource_group_name": "krishangs_resource",
            "reverse_fqdn": "",
            "sku": "Basic",
            "sku_tier": "Regional",
            "tags": null,
            "timeouts": null,
            "zones": []
          },
          "sensitive_attributes": [],
          "private": "eyJlMmJmYjczMC1lY2FhLTExZTYtOGY4OC0zNDM2M2JjN2M0YzAiOnsiY3JlYXRlIjoxODAwMDAwMDAwMDAwLCJkZWxldGUiOjE4MDAwMDAwMDAwMDAsInJlYWQiOjMwMDAwMDAwMDAwMCwidXBkYXRlIjoxODAwMDAwMDAwMDAwfX0="
        }
      ]
    },
    {
      "module": "module.application_a[\"j\"]",
      "mode": "managed",
      "type": "azurerm_subnet",
      "name": "subnet",
      "provider": "provider[\"registry.terraform.io/hashicorp/azurerm\"]",
      "instances": [
        {
          "schema_version": 0,
          "attributes": {
            "address_prefix": "10.0.0.0/24",
            "address_prefixes": [
              "10.0.0.0/24"
            ],
            "delegation": [],
            "enforce_private_link_endpoint_network_policies": false,
            "enforce_private_link_service_network_policies": false,
            "id": "/subscriptions/6a1c9c00-ef6b-4bbf-a3f1-ca2c019f31e9/resourceGroups/krishangs_resource/providers/Microsoft.Network/virtualNetworks/pineapplicaiton-vnet-j-vnet/subnets/pineapple-j-subnet",
            "name": "pineapple-j-subnet",
            "resource_group_name": "krishangs_resource",
            "service_endpoint_policy_ids": null,
            "service_endpoints": null,
            "timeouts": null,
            "virtual_network_name": "pineapplicaiton-vnet-j-vnet"
          },
          "sensitive_attributes": [],
          "private": "eyJlMmJmYjczMC1lY2FhLTExZTYtOGY4OC0zNDM2M2JjN2M0YzAiOnsiY3JlYXRlIjoxODAwMDAwMDAwMDAwLCJkZWxldGUiOjE4MDAwMDAwMDAwMDAsInJlYWQiOjMwMDAwMDAwMDAwMCwidXBkYXRlIjoxODAwMDAwMDAwMDAwfX0=",
          "dependencies": [
            "module.application_a.azurerm_virtual_network.main"
          ]
        }
      ]
    },
    {
      "module": "module.application_a[\"j\"]",
      "mode": "managed",
      "type": "azurerm_virtual_machine",
      "name": "site",
      "provider": "provider[\"registry.terraform.io/hashicorp/azurerm\"]",
      "instances": [
        {
          "schema_version": 0,
          "attributes": {
            "additional_capabilities": [],
            "availability_set_id": null,
            "boot_diagnostics": [],
            "delete_data_disks_on_termination": false,
            "delete_os_disk_on_termination": true,
            "id": "/subscriptions/6a1c9c00-ef6b-4bbf-a3f1-ca2c019f31e9/resourceGroups/krishangs_resource/providers/Microsoft.Compute/virtualMachines/pineapplication-j-site",
            "identity": [],
            "license_type": null,
            "location": "uksouth",
            "name": "pineapplication-j-site",
            "network_interface_ids": [
              "/subscriptions/6a1c9c00-ef6b-4bbf-a3f1-ca2c019f31e9/resourceGroups/krishangs_resource/providers/Microsoft.Network/networkInterfaces/pineapple-j-network"
            ],
            "os_profile": [
              {
                "admin_password": "",
                "admin_username": "testuser",
                "computer_name": "pineapplication",
                "custom_data": ""
              }
            ],
            "os_profile_linux_config": [
              {
                "disable_password_authentication": false,
                "ssh_keys": []
              }
            ],
            "os_profile_secrets": [],
            "os_profile_windows_config": [],
            "plan": [],
            "primary_network_interface_id": null,
            "proximity_placement_group_id": null,
            "resource_group_name": "krishangs_resource",
            "storage_data_disk": [],
            "storage_image_reference": [
              {
                "id": "",
                "offer": "UbuntuServer",
                "publisher": "Canonical",
                "sku": "18.04-LTS",
                "version": "latest"
              }
            ],
            "storage_os_disk": [
              {
                "caching": "ReadWrite",
                "create_option": "FromImage",
                "disk_size_gb": 30,
                "image_uri": "",
                "managed_disk_id": "/subscriptions/6a1c9c00-ef6b-4bbf-a3f1-ca2c019f31e9/resourceGroups/krishangs_resource/providers/Microsoft.Compute/disks/pineapplication-j-osdisk",
                "managed_disk_type": "Standard_LRS",
                "name": "pineapplication-j-osdisk",
                "os_type": "Linux",
                "vhd_uri": "",
                "write_accelerator_enabled": false
              }
            ],
            "tags": null,
            "timeouts": null,
            "vm_size": "Standard_B16ms",
            "zones": null
          },
          "sensitive_attributes": [],
          "private": "eyJlMmJmYjczMC1lY2FhLTExZTYtOGY4OC0zNDM2M2JjN2M0YzAiOnsiY3JlYXRlIjozNjAwMDAwMDAwMDAwLCJkZWxldGUiOjM2MDAwMDAwMDAwMDAsInJlYWQiOjMwMDAwMDAwMDAwMCwidXBkYXRlIjozNjAwMDAwMDAwMDAwfX0=",
          "dependencies": [
            "module.application_a.azurerm_network_interface.main",
            "module.application_a.azurerm_public_ip.main",
            "module.application_a.azurerm_subnet.subnet",
            "module.application_a.azurerm_virtual_network.main"
          ]
        }
      ]
    },
    {
      "module": "module.application_a[\"j\"]",
      "mode": "managed",
      "type": "azurerm_virtual_network",
      "name": "main",
      "provider": "provider[\"registry.terraform.io/hashicorp/azurerm\"]",
      "instances": [
        {
          "schema_version": 0,
          "attributes": {
            "address_space": [
              "10.0.0.0/16"
            ],
            "bgp_community": "",
            "ddos_protection_plan": [],
            "dns_servers": [],
            "flow_timeout_in_minutes": 0,
            "guid": "f8cb6a7b-a63c-45bc-8f4c-cb3307c76aca",
            "id": "/subscriptions/6a1c9c00-ef6b-4bbf-a3f1-ca2c019f31e9/resourceGroups/krishangs_resource/providers/Microsoft.Network/virtualNetworks/pineapplicaiton-vnet-j-vnet",
            "location": "uksouth",
            "name": "pineapplicaiton-vnet-j-vnet",
            "resource_group_name": "krishangs_resource",
            "subnet": [],
            "tags": null,
            "timeouts": null,
            "vm_protection_enabled": false
          },
          "sensitive_attributes": [],
          "private": "eyJlMmJmYjczMC1lY2FhLTExZTYtOGY4OC0zNDM2M2JjN2M0YzAiOnsiY3JlYXRlIjoxODAwMDAwMDAwMDAwLCJkZWxldGUiOjE4MDAwMDAwMDAwMDAsInJlYWQiOjMwMDAwMDAwMDAwMCwidXBkYXRlIjoxODAwMDAwMDAwMDAwfX0="
        }
      ]
    }
  ]
}
